
Microsoft Visual Studio Solution File, Format Version 12.00
# Visual Studio 2012
Project("{FAE04EC0-301F-11D3-BF4B-00C04F79EFBC}") = "OpenXml4Net vs2010", "..\..\ooxml\openxml4Net\OpenXml4Net vs2010.csproj", "{C9F265B7-ECE3-4755-B0B1-79536575C2A9}"
EndProject
Project("{FAE04EC0-301F-11D3-BF4B-00C04F79EFBC}") = "OOXML4Net.Testcases vs2010", "..\..\testcases\openxml4net\OOXML4Net.Testcases vs2010.csproj", "{F5A6FF78-2C51-44E8-9E31-CD1B3EF784E9}"
EndProject
Global
	GlobalSection(SolutionConfigurationPlatforms) = preSolution
		Debug|Any CPU = Debug|Any CPU
		Release|Any CPU = Release|Any CPU
	EndGlobalSection
	GlobalSection(ProjectConfigurationPlatforms) = postSolution
		{C9F265B7-ECE3-4755-B0B1-79536575C2A9}.Debug|Any CPU.ActiveCfg = Debug|Any CPU
		{C9F265B7-ECE3-4755-B0B1-79536575C2A9}.Debug|Any CPU.Build.0 = Debug|Any CPU
		{C9F265B7-ECE3-4755-B0B1-79536575C2A9}.Release|Any CPU.ActiveCfg = Release|Any CPU
		{C9F265B7-ECE3-4755-B0B1-79536575C2A9}.Release|Any CPU.Build.0 = Release|Any CPU
		{F5A6FF78-2C51-44E8-9E31-CD1B3EF784E9}.Debug|Any CPU.ActiveCfg = Debug|Any CPU
		{F5A6FF78-2C51-44E8-9E31-CD1B3EF784E9}.Debug|Any CPU.Build.0 = Debug|Any CPU
		{F5A6FF78-2C51-44E8-9E31-CD1B3EF784E9}.Release|Any CPU.ActiveCfg = Release|Any CPU
		{F5A6FF78-2C51-44E8-9E31-CD1B3EF784E9}.Release|Any CPU.Build.0 = Release|Any CPU
	EndGlobalSection
	GlobalSection(SolutionProperties) = preSolution
		HideSolutionNode = FALSE
	EndGlobalSection
EndGlobal
