
Microsoft Visual Studio Solution File, Format Version 12.00
# Visual Studio Version 16
VisualStudioVersion = 16.0.32630.194
MinimumVisualStudioVersion = 10.0.40219.1
Project("{FAE04EC0-301F-11D3-BF4B-00C04F79EFBC}") = "NPOI", "..\main\NPOI.csproj", "{10FA8538-157A-4380-A4F6-8E2C3EE92CAE}"
EndProject
Project("{FAE04EC0-301F-11D3-BF4B-00C04F79EFBC}") = "NPOI.OOXML", "..\ooxml\NPOI.OOXML.csproj", "{6BEED965-B9A0-4FFA-B96D-0F380A97331A}"
EndProject
Project("{FAE04EC0-301F-11D3-BF4B-00C04F79EFBC}") = "NPOI.OpenXml4Net", "..\openxml4Net\NPOI.OpenXml4Net.csproj", "{C9F265B7-ECE3-4755-B0B1-79536575C2A9}"
EndProject
Project("{FAE04EC0-301F-11D3-BF4B-00C04F79EFBC}") = "NPOI.OpenXmlFormats", "..\OpenXmlFormats\NPOI.OpenXmlFormats.csproj", "{A6874784-2875-4F40-9E8F-8385A640F5D6}"
EndProject
Project("{FAE04EC0-301F-11D3-BF4B-00C04F79EFBC}") = "NPOI.TestCases", "..\testcases\main\NPOI.TestCases.csproj", "{A920C2BA-8BFD-4F54-8401-7D1C0730F1F0}"
EndProject
Project("{FAE04EC0-301F-11D3-BF4B-00C04F79EFBC}") = "NPOI.OOXML.TestCases", "..\testcases\ooxml\NPOI.OOXML.TestCases.csproj", "{0BF8C464-8779-43CF-AD7A-B1109A86EAAE}"
EndProject
Project("{FAE04EC0-301F-11D3-BF4B-00C04F79EFBC}") = "NPOI.OOXML4Net.Testcases", "..\testcases\openxml4net\NPOI.OOXML4Net.Testcases.csproj", "{F5A6FF78-2C51-44E8-9E31-CD1B3EF784E9}"
EndProject
Project("{2150E333-8FDC-42A3-9474-1A3956D46DE8}") = "TestCases", "TestCases", "{FF9A0E21-3F67-4CB3-AA85-FC80E4D223D6}"
	ProjectSection(SolutionItems) = preProject
		..\testcases\test.dotnet.runsettings = ..\testcases\test.dotnet.runsettings
	EndProjectSection
EndProject
Global
	GlobalSection(SolutionConfigurationPlatforms) = preSolution
		.net 2 Release|Any CPU = .net 2 Release|Any CPU
		.net 4 Release|Any CPU = .net 4 Release|Any CPU
		.net 4.5 release|Any CPU = .net 4.5 release|Any CPU
		Debug|Any CPU = Debug|Any CPU
		NPOI.Tools|Any CPU = NPOI.Tools|Any CPU
		Release|Any CPU = Release|Any CPU
	EndGlobalSection
	GlobalSection(ProjectConfigurationPlatforms) = postSolution
		{10FA8538-157A-4380-A4F6-8E2C3EE92CAE}..net 2 Release|Any CPU.ActiveCfg = .net 4 Release|Any CPU
		{10FA8538-157A-4380-A4F6-8E2C3EE92CAE}..net 2 Release|Any CPU.Build.0 = .net 4 Release|Any CPU
		{10FA8538-157A-4380-A4F6-8E2C3EE92CAE}..net 4 Release|Any CPU.ActiveCfg = .net 4 Release|Any CPU
		{10FA8538-157A-4380-A4F6-8E2C3EE92CAE}..net 4 Release|Any CPU.Build.0 = .net 4 Release|Any CPU
		{10FA8538-157A-4380-A4F6-8E2C3EE92CAE}..net 4.5 release|Any CPU.ActiveCfg = .net 4.5 release|Any CPU
		{10FA8538-157A-4380-A4F6-8E2C3EE92CAE}..net 4.5 release|Any CPU.Build.0 = .net 4.5 release|Any CPU
		{10FA8538-157A-4380-A4F6-8E2C3EE92CAE}.Debug|Any CPU.ActiveCfg = Debug|Any CPU
		{10FA8538-157A-4380-A4F6-8E2C3EE92CAE}.Debug|Any CPU.Build.0 = Debug|Any CPU
		{10FA8538-157A-4380-A4F6-8E2C3EE92CAE}.NPOI.Tools|Any CPU.ActiveCfg = Debug|Any CPU
		{10FA8538-157A-4380-A4F6-8E2C3EE92CAE}.NPOI.Tools|Any CPU.Build.0 = Debug|Any CPU
		{10FA8538-157A-4380-A4F6-8E2C3EE92CAE}.Release|Any CPU.ActiveCfg = .net 4 Release|Any CPU
		{10FA8538-157A-4380-A4F6-8E2C3EE92CAE}.Release|Any CPU.Build.0 = .net 4 Release|Any CPU
		{6BEED965-B9A0-4FFA-B96D-0F380A97331A}..net 2 Release|Any CPU.ActiveCfg = .net 4 Release|Any CPU
		{6BEED965-B9A0-4FFA-B96D-0F380A97331A}..net 2 Release|Any CPU.Build.0 = .net 4 Release|Any CPU
		{6BEED965-B9A0-4FFA-B96D-0F380A97331A}..net 4 Release|Any CPU.ActiveCfg = .net 4 Release|Any CPU
		{6BEED965-B9A0-4FFA-B96D-0F380A97331A}..net 4 Release|Any CPU.Build.0 = .net 4 Release|Any CPU
		{6BEED965-B9A0-4FFA-B96D-0F380A97331A}..net 4.5 release|Any CPU.ActiveCfg = .net 4.5 release|Any CPU
		{6BEED965-B9A0-4FFA-B96D-0F380A97331A}..net 4.5 release|Any CPU.Build.0 = .net 4.5 release|Any CPU
		{6BEED965-B9A0-4FFA-B96D-0F380A97331A}.Debug|Any CPU.ActiveCfg = Debug|Any CPU
		{6BEED965-B9A0-4FFA-B96D-0F380A97331A}.Debug|Any CPU.Build.0 = Debug|Any CPU
		{6BEED965-B9A0-4FFA-B96D-0F380A97331A}.NPOI.Tools|Any CPU.ActiveCfg = Debug|Any CPU
		{6BEED965-B9A0-4FFA-B96D-0F380A97331A}.NPOI.Tools|Any CPU.Build.0 = Debug|Any CPU
		{6BEED965-B9A0-4FFA-B96D-0F380A97331A}.Release|Any CPU.ActiveCfg = .net 4 Release|Any CPU
		{6BEED965-B9A0-4FFA-B96D-0F380A97331A}.Release|Any CPU.Build.0 = .net 4 Release|Any CPU
		{C9F265B7-ECE3-4755-B0B1-79536575C2A9}..net 2 Release|Any CPU.ActiveCfg = .net 4 Release|Any CPU
		{C9F265B7-ECE3-4755-B0B1-79536575C2A9}..net 2 Release|Any CPU.Build.0 = .net 4 Release|Any CPU
		{C9F265B7-ECE3-4755-B0B1-79536575C2A9}..net 4 Release|Any CPU.ActiveCfg = .net 4 Release|Any CPU
		{C9F265B7-ECE3-4755-B0B1-79536575C2A9}..net 4 Release|Any CPU.Build.0 = .net 4 Release|Any CPU
		{C9F265B7-ECE3-4755-B0B1-79536575C2A9}..net 4.5 release|Any CPU.ActiveCfg = .net 4.5 release|Any CPU
		{C9F265B7-ECE3-4755-B0B1-79536575C2A9}..net 4.5 release|Any CPU.Build.0 = .net 4.5 release|Any CPU
		{C9F265B7-ECE3-4755-B0B1-79536575C2A9}.Debug|Any CPU.ActiveCfg = Debug|Any CPU
		{C9F265B7-ECE3-4755-B0B1-79536575C2A9}.Debug|Any CPU.Build.0 = Debug|Any CPU
		{C9F265B7-ECE3-4755-B0B1-79536575C2A9}.NPOI.Tools|Any CPU.ActiveCfg = Debug|Any CPU
		{C9F265B7-ECE3-4755-B0B1-79536575C2A9}.NPOI.Tools|Any CPU.Build.0 = Debug|Any CPU
		{C9F265B7-ECE3-4755-B0B1-79536575C2A9}.Release|Any CPU.ActiveCfg = .net 4 Release|Any CPU
		{C9F265B7-ECE3-4755-B0B1-79536575C2A9}.Release|Any CPU.Build.0 = .net 4 Release|Any CPU
		{A6874784-2875-4F40-9E8F-8385A640F5D6}..net 2 Release|Any CPU.ActiveCfg = .net 4 Release|Any CPU
		{A6874784-2875-4F40-9E8F-8385A640F5D6}..net 2 Release|Any CPU.Build.0 = .net 4 Release|Any CPU
		{A6874784-2875-4F40-9E8F-8385A640F5D6}..net 4 Release|Any CPU.ActiveCfg = .net 4 Release|Any CPU
		{A6874784-2875-4F40-9E8F-8385A640F5D6}..net 4 Release|Any CPU.Build.0 = .net 4 Release|Any CPU
		{A6874784-2875-4F40-9E8F-8385A640F5D6}..net 4.5 release|Any CPU.ActiveCfg = .net 4.5 release|Any CPU
		{A6874784-2875-4F40-9E8F-8385A640F5D6}..net 4.5 release|Any CPU.Build.0 = .net 4.5 release|Any CPU
		{A6874784-2875-4F40-9E8F-8385A640F5D6}.Debug|Any CPU.ActiveCfg = Debug|Any CPU
		{A6874784-2875-4F40-9E8F-8385A640F5D6}.Debug|Any CPU.Build.0 = Debug|Any CPU
		{A6874784-2875-4F40-9E8F-8385A640F5D6}.NPOI.Tools|Any CPU.ActiveCfg = Debug|Any CPU
		{A6874784-2875-4F40-9E8F-8385A640F5D6}.NPOI.Tools|Any CPU.Build.0 = Debug|Any CPU
		{A6874784-2875-4F40-9E8F-8385A640F5D6}.Release|Any CPU.ActiveCfg = .net 4 Release|Any CPU
		{A6874784-2875-4F40-9E8F-8385A640F5D6}.Release|Any CPU.Build.0 = .net 4 Release|Any CPU
		{A920C2BA-8BFD-4F54-8401-7D1C0730F1F0}..net 2 Release|Any CPU.ActiveCfg = .net 2 Release|Any CPU
		{A920C2BA-8BFD-4F54-8401-7D1C0730F1F0}..net 2 Release|Any CPU.Build.0 = .net 2 Release|Any CPU
		{A920C2BA-8BFD-4F54-8401-7D1C0730F1F0}..net 4 Release|Any CPU.ActiveCfg = .net 4 Release|Any CPU
		{A920C2BA-8BFD-4F54-8401-7D1C0730F1F0}..net 4 Release|Any CPU.Build.0 = .net 4 Release|Any CPU
		{A920C2BA-8BFD-4F54-8401-7D1C0730F1F0}..net 4.5 release|Any CPU.ActiveCfg = .net 4 Release|Any CPU
		{A920C2BA-8BFD-4F54-8401-7D1C0730F1F0}..net 4.5 release|Any CPU.Build.0 = .net 4 Release|Any CPU
		{A920C2BA-8BFD-4F54-8401-7D1C0730F1F0}.Debug|Any CPU.ActiveCfg = Debug|Any CPU
		{A920C2BA-8BFD-4F54-8401-7D1C0730F1F0}.Debug|Any CPU.Build.0 = Debug|Any CPU
		{A920C2BA-8BFD-4F54-8401-7D1C0730F1F0}.NPOI.Tools|Any CPU.ActiveCfg = NPOI.Tools|Any CPU
		{A920C2BA-8BFD-4F54-8401-7D1C0730F1F0}.NPOI.Tools|Any CPU.Build.0 = NPOI.Tools|Any CPU
		{A920C2BA-8BFD-4F54-8401-7D1C0730F1F0}.Release|Any CPU.ActiveCfg = Release|Any CPU
		{A920C2BA-8BFD-4F54-8401-7D1C0730F1F0}.Release|Any CPU.Build.0 = Release|Any CPU
		{0BF8C464-8779-43CF-AD7A-B1109A86EAAE}..net 2 Release|Any CPU.ActiveCfg = .net 2 Release|Any CPU
		{0BF8C464-8779-43CF-AD7A-B1109A86EAAE}..net 2 Release|Any CPU.Build.0 = .net 2 Release|Any CPU
		{0BF8C464-8779-43CF-AD7A-B1109A86EAAE}..net 4 Release|Any CPU.ActiveCfg = .net 4 Release|Any CPU
		{0BF8C464-8779-43CF-AD7A-B1109A86EAAE}..net 4 Release|Any CPU.Build.0 = .net 4 Release|Any CPU
		{0BF8C464-8779-43CF-AD7A-B1109A86EAAE}..net 4.5 release|Any CPU.ActiveCfg = .net 4 Release|Any CPU
		{0BF8C464-8779-43CF-AD7A-B1109A86EAAE}..net 4.5 release|Any CPU.Build.0 = .net 4 Release|Any CPU
		{0BF8C464-8779-43CF-AD7A-B1109A86EAAE}.Debug|Any CPU.ActiveCfg = Debug|Any CPU
		{0BF8C464-8779-43CF-AD7A-B1109A86EAAE}.Debug|Any CPU.Build.0 = Debug|Any CPU
		{0BF8C464-8779-43CF-AD7A-B1109A86EAAE}.NPOI.Tools|Any CPU.ActiveCfg = Debug|Any CPU
		{0BF8C464-8779-43CF-AD7A-B1109A86EAAE}.NPOI.Tools|Any CPU.Build.0 = Debug|Any CPU
		{0BF8C464-8779-43CF-AD7A-B1109A86EAAE}.Release|Any CPU.ActiveCfg = Release|Any CPU
		{0BF8C464-8779-43CF-AD7A-B1109A86EAAE}.Release|Any CPU.Build.0 = Release|Any CPU
		{F5A6FF78-2C51-44E8-9E31-CD1B3EF784E9}..net 2 Release|Any CPU.ActiveCfg = .net 2 Release|Any CPU
		{F5A6FF78-2C51-44E8-9E31-CD1B3EF784E9}..net 2 Release|Any CPU.Build.0 = .net 2 Release|Any CPU
		{F5A6FF78-2C51-44E8-9E31-CD1B3EF784E9}..net 4 Release|Any CPU.ActiveCfg = .net 4 Release|Any CPU
		{F5A6FF78-2C51-44E8-9E31-CD1B3EF784E9}..net 4 Release|Any CPU.Build.0 = .net 4 Release|Any CPU
		{F5A6FF78-2C51-44E8-9E31-CD1B3EF784E9}..net 4.5 release|Any CPU.ActiveCfg = .net 4 Release|Any CPU
		{F5A6FF78-2C51-44E8-9E31-CD1B3EF784E9}..net 4.5 release|Any CPU.Build.0 = .net 4 Release|Any CPU
		{F5A6FF78-2C51-44E8-9E31-CD1B3EF784E9}.Debug|Any CPU.ActiveCfg = Debug|Any CPU
		{F5A6FF78-2C51-44E8-9E31-CD1B3EF784E9}.Debug|Any CPU.Build.0 = Debug|Any CPU
		{F5A6FF78-2C51-44E8-9E31-CD1B3EF784E9}.NPOI.Tools|Any CPU.ActiveCfg = Debug|Any CPU
		{F5A6FF78-2C51-44E8-9E31-CD1B3EF784E9}.NPOI.Tools|Any CPU.Build.0 = Debug|Any CPU
		{F5A6FF78-2C51-44E8-9E31-CD1B3EF784E9}.Release|Any CPU.ActiveCfg = Release|Any CPU
		{F5A6FF78-2C51-44E8-9E31-CD1B3EF784E9}.Release|Any CPU.Build.0 = Release|Any CPU
	EndGlobalSection
	GlobalSection(SolutionProperties) = preSolution
		HideSolutionNode = FALSE
	EndGlobalSection
	GlobalSection(NestedProjects) = preSolution
		{A920C2BA-8BFD-4F54-8401-7D1C0730F1F0} = {FF9A0E21-3F67-4CB3-AA85-FC80E4D223D6}
		{0BF8C464-8779-43CF-AD7A-B1109A86EAAE} = {FF9A0E21-3F67-4CB3-AA85-FC80E4D223D6}
		{F5A6FF78-2C51-44E8-9E31-CD1B3EF784E9} = {FF9A0E21-3F67-4CB3-AA85-FC80E4D223D6}
	EndGlobalSection
	GlobalSection(ExtensibilityGlobals) = postSolution
		SolutionGuid = {E3A9E633-F992-4530-BE13-49B3CBB8347F}
	EndGlobalSection
EndGlobal
