Microsoft Visual Studio Solution File, Format Version 11.00
# Visual Studio 2010
Project("{2150E333-8FDC-42A3-9474-1A3956D46DE8}") = "Solution Items", "Solution Items", "{41A0D04F-B087-4F46-86A9-FE12D300A9AF}"
	ProjectSection(SolutionItems) = preProject
		OOXML.TestRunConfig.testrunconfig = OOXML.TestRunConfig.testrunconfig
		OOXML.vsmdi = OOXML.vsmdi
	EndProjectSection
EndProject
Project("{FAE04EC0-301F-11D3-BF4B-00C04F79EFBC}") = "OOXML vs2010", "..\..\ooxml\OOXML vs2010.csproj", "{6BEED965-B9A0-4FFA-B96D-0F380A97331A}"
EndProject
Project("{FAE04EC0-301F-11D3-BF4B-00C04F79EFBC}") = "OpenXml4Net vs2010", "..\..\ooxml\openxml4Net\OpenXml4Net vs2010.csproj", "{C9F265B7-ECE3-4755-B0B1-79536575C2A9}"
EndProject
Project("{FAE04EC0-301F-11D3-BF4B-00C04F79EFBC}") = "OpenXmlFormats vs2010", "..\..\ooxml\OpenXmlFormats\OpenXmlFormats vs2010.csproj", "{A6874784-2875-4F40-9E8F-8385A640F5D6}"
EndProject
Project("{FAE04EC0-301F-11D3-BF4B-00C04F79EFBC}") = "OOXML.Testcases vs2010", "..\..\testcases\ooxml\OOXML.Testcases vs2010.csproj", "{0BF8C464-8779-43CF-AD7A-B1109A86EAAE}"
EndProject
Project("{FAE04EC0-301F-11D3-BF4B-00C04F79EFBC}") = "main vs10", "..\..\main\main vs10.csproj", "{10FA8538-157A-4380-A4F6-8E2C3EE92CAE}"
EndProject
Project("{FAE04EC0-301F-11D3-BF4B-00C04F79EFBC}") = "testcases vs10", "..\..\testcases\main\testcases vs10.csproj", "{A920C2BA-8BFD-4F54-8401-7D1C0730F1F0}"
EndProject
Project("{FAE04EC0-301F-11D3-BF4B-00C04F79EFBC}") = "OOXML4Net.Testcases vs2010", "..\..\testcases\openxml4net\OOXML4Net.Testcases vs2010.csproj", "{F5A6FF78-2C51-44E8-9E31-CD1B3EF784E9}"
EndProject
Global
	GlobalSection(TestCaseManagementSettings) = postSolution
		CategoryFile = OOXML.vsmdi
	EndGlobalSection
	GlobalSection(SolutionConfigurationPlatforms) = preSolution
		Debug|Any CPU = Debug|Any CPU
		NPOI.Tools|Any CPU = NPOI.Tools|Any CPU
		Release|Any CPU = Release|Any CPU
	EndGlobalSection
	GlobalSection(ProjectConfigurationPlatforms) = postSolution
		{6BEED965-B9A0-4FFA-B96D-0F380A97331A}.Debug|Any CPU.ActiveCfg = Debug|Any CPU
		{6BEED965-B9A0-4FFA-B96D-0F380A97331A}.Debug|Any CPU.Build.0 = Debug|Any CPU
		{6BEED965-B9A0-4FFA-B96D-0F380A97331A}.NPOI.Tools|Any CPU.ActiveCfg = Release|Any CPU
		{6BEED965-B9A0-4FFA-B96D-0F380A97331A}.NPOI.Tools|Any CPU.Build.0 = Release|Any CPU
		{6BEED965-B9A0-4FFA-B96D-0F380A97331A}.Release|Any CPU.ActiveCfg = Release|Any CPU
		{6BEED965-B9A0-4FFA-B96D-0F380A97331A}.Release|Any CPU.Build.0 = Release|Any CPU
		{C9F265B7-ECE3-4755-B0B1-79536575C2A9}.Debug|Any CPU.ActiveCfg = Debug|Any CPU
		{C9F265B7-ECE3-4755-B0B1-79536575C2A9}.Debug|Any CPU.Build.0 = Debug|Any CPU
		{C9F265B7-ECE3-4755-B0B1-79536575C2A9}.NPOI.Tools|Any CPU.ActiveCfg = Release|Any CPU
		{C9F265B7-ECE3-4755-B0B1-79536575C2A9}.NPOI.Tools|Any CPU.Build.0 = Release|Any CPU
		{C9F265B7-ECE3-4755-B0B1-79536575C2A9}.Release|Any CPU.ActiveCfg = Release|Any CPU
		{C9F265B7-ECE3-4755-B0B1-79536575C2A9}.Release|Any CPU.Build.0 = Release|Any CPU
		{A6874784-2875-4F40-9E8F-8385A640F5D6}.Debug|Any CPU.ActiveCfg = Debug|Any CPU
		{A6874784-2875-4F40-9E8F-8385A640F5D6}.Debug|Any CPU.Build.0 = Debug|Any CPU
		{A6874784-2875-4F40-9E8F-8385A640F5D6}.NPOI.Tools|Any CPU.ActiveCfg = Release|Any CPU
		{A6874784-2875-4F40-9E8F-8385A640F5D6}.NPOI.Tools|Any CPU.Build.0 = Release|Any CPU
		{A6874784-2875-4F40-9E8F-8385A640F5D6}.Release|Any CPU.ActiveCfg = Release|Any CPU
		{A6874784-2875-4F40-9E8F-8385A640F5D6}.Release|Any CPU.Build.0 = Release|Any CPU
		{0BF8C464-8779-43CF-AD7A-B1109A86EAAE}.Debug|Any CPU.ActiveCfg = Debug|Any CPU
		{0BF8C464-8779-43CF-AD7A-B1109A86EAAE}.Debug|Any CPU.Build.0 = Debug|Any CPU
		{0BF8C464-8779-43CF-AD7A-B1109A86EAAE}.NPOI.Tools|Any CPU.ActiveCfg = Release|Any CPU
		{0BF8C464-8779-43CF-AD7A-B1109A86EAAE}.NPOI.Tools|Any CPU.Build.0 = Release|Any CPU
		{0BF8C464-8779-43CF-AD7A-B1109A86EAAE}.Release|Any CPU.ActiveCfg = Release|Any CPU
		{0BF8C464-8779-43CF-AD7A-B1109A86EAAE}.Release|Any CPU.Build.0 = Release|Any CPU
		{10FA8538-157A-4380-A4F6-8E2C3EE92CAE}.Debug|Any CPU.ActiveCfg = Debug|Any CPU
		{10FA8538-157A-4380-A4F6-8E2C3EE92CAE}.Debug|Any CPU.Build.0 = Debug|Any CPU
		{10FA8538-157A-4380-A4F6-8E2C3EE92CAE}.NPOI.Tools|Any CPU.ActiveCfg = Release|Any CPU
		{10FA8538-157A-4380-A4F6-8E2C3EE92CAE}.NPOI.Tools|Any CPU.Build.0 = Release|Any CPU
		{10FA8538-157A-4380-A4F6-8E2C3EE92CAE}.Release|Any CPU.ActiveCfg = Release|Any CPU
		{10FA8538-157A-4380-A4F6-8E2C3EE92CAE}.Release|Any CPU.Build.0 = Release|Any CPU
		{A920C2BA-8BFD-4F54-8401-7D1C0730F1F0}.Debug|Any CPU.ActiveCfg = Debug|Any CPU
		{A920C2BA-8BFD-4F54-8401-7D1C0730F1F0}.Debug|Any CPU.Build.0 = Debug|Any CPU
		{A920C2BA-8BFD-4F54-8401-7D1C0730F1F0}.NPOI.Tools|Any CPU.ActiveCfg = NPOI.Tools|Any CPU
		{A920C2BA-8BFD-4F54-8401-7D1C0730F1F0}.NPOI.Tools|Any CPU.Build.0 = NPOI.Tools|Any CPU
		{A920C2BA-8BFD-4F54-8401-7D1C0730F1F0}.Release|Any CPU.ActiveCfg = Release|Any CPU
		{A920C2BA-8BFD-4F54-8401-7D1C0730F1F0}.Release|Any CPU.Build.0 = Release|Any CPU
		{F5A6FF78-2C51-44E8-9E31-CD1B3EF784E9}.Debug|Any CPU.ActiveCfg = Debug|Any CPU
		{F5A6FF78-2C51-44E8-9E31-CD1B3EF784E9}.Debug|Any CPU.Build.0 = Debug|Any CPU
		{F5A6FF78-2C51-44E8-9E31-CD1B3EF784E9}.NPOI.Tools|Any CPU.ActiveCfg = Release|Any CPU
		{F5A6FF78-2C51-44E8-9E31-CD1B3EF784E9}.NPOI.Tools|Any CPU.Build.0 = Release|Any CPU
		{F5A6FF78-2C51-44E8-9E31-CD1B3EF784E9}.Release|Any CPU.ActiveCfg = Release|Any CPU
		{F5A6FF78-2C51-44E8-9E31-CD1B3EF784E9}.Release|Any CPU.Build.0 = Release|Any CPU
	EndGlobalSection
	GlobalSection(SolutionProperties) = preSolution
		HideSolutionNode = FALSE
	EndGlobalSection
EndGlobal
