
Microsoft Visual Studio Solution File, Format Version 10.00
# Visual Studio 2008
Project("{FAE04EC0-301F-11D3-BF4B-00C04F79EFBC}") = "POIFSBrowser", "POIFSBrowser.csproj", "{1D3BE35D-A885-4A96-BE95-94F81307F4DE}"
EndProject
Global
	GlobalSection(SolutionConfigurationPlatforms) = preSolution
		Debug|Any CPU = Debug|Any CPU
		Release|Any CPU = Release|Any CPU
	EndGlobalSection
	GlobalSection(ProjectConfigurationPlatforms) = postSolution
		{1D3BE35D-A885-4A96-BE95-94F81307F4DE}.Debug|Any CPU.ActiveCfg = Debug|Any CPU
		{1D3BE35D-A885-4A96-BE95-94F81307F4DE}.Debug|Any CPU.Build.0 = Debug|Any CPU
		{1D3BE35D-A885-4A96-BE95-94F81307F4DE}.Release|Any CPU.ActiveCfg = Release|Any CPU
		{1D3BE35D-A885-4A96-BE95-94F81307F4DE}.Release|Any CPU.Build.0 = Release|Any CPU
	EndGlobalSection
	GlobalSection(SolutionProperties) = preSolution
		HideSolutionNode = FALSE
	EndGlobalSection
EndGlobal
