
Microsoft Visual Studio Solution File, Format Version 12.00
# Visual Studio 14
VisualStudioVersion = 14.0.25420.1
MinimumVisualStudioVersion = 10.0.40219.1
Project("{FAE04EC0-301F-11D3-BF4B-00C04F79EFBC}") = "main", "..\..\main\main.csproj", "{4704E545-CEFF-46B6-ACEF-C8927830FA1C}"
EndProject
Global
	GlobalSection(SolutionConfigurationPlatforms) = preSolution
		Debug|Any CPU = Debug|Any CPU
		Release|Any CPU = Release|Any CPU
	EndGlobalSection
	GlobalSection(ProjectConfigurationPlatforms) = postSolution
		{4704E545-CEFF-46B6-ACEF-C8927830FA1C}.Debug|Any CPU.ActiveCfg = Debug|Any CPU
		{4704E545-CEFF-46B6-ACEF-C8927830FA1C}.Debug|Any CPU.Build.0 = Debug|Any CPU
		{4704E545-CEFF-46B6-ACEF-C8927830FA1C}.Release|Any CPU.ActiveCfg = Release|Any CPU
		{4704E545-CEFF-46B6-ACEF-C8927830FA1C}.Release|Any CPU.Build.0 = Release|Any CPU
	EndGlobalSection
	GlobalSection(SolutionProperties) = preSolution
		HideSolutionNode = FALSE
	EndGlobalSection
	GlobalSection(MonoDevelopProperties) = preSolution
		StartupItem = ..\..\main\main.csproj
		Policies = $0
		$0.DotNetNamingPolicy = $1
		$1.DirectoryNamespaceAssociation = None
		$1.ResourceNamePolicy = FileFormatDefault
		$0.TextStylePolicy = $2
		$2.FileWidth = 120
		$2.RemoveTrailingWhitespace = True
		$2.inheritsSet = VisualStudio
		$2.inheritsScope = text/plain
		$2.scope = text/x-csharp
		$0.CSharpFormattingPolicy = $3
		$3.inheritsSet = Mono
		$3.inheritsScope = text/x-csharp
		$3.scope = text/x-csharp
		$0.VersionControlPolicy = $4
		$4.inheritsSet = Mono
		$0.ChangeLogPolicy = $5
		$5.UpdateMode = None
		$5.MessageStyle = $6
		$6.LineAlign = 0
		$5.inheritsSet = Mono
		version = 1.2.5
	EndGlobalSection
EndGlobal
