
Microsoft Visual Studio Solution File, Format Version 12.00
# Visual Studio 2013
VisualStudioVersion = 12.0.21005.1
MinimumVisualStudioVersion = 10.0.40219.1
Project("{FAE04EC0-301F-11D3-BF4B-00C04F79EFBC}") = "CreateEmptyWorkbook", "xssf\CreateEmptyWorkbook\CreateEmptyWorkbook.csproj", "{AFBE86E3-EDBE-45B4-8950-8B883102A47F}"
EndProject
Project("{FAE04EC0-301F-11D3-BF4B-00C04F79EFBC}") = "SetCellValuesInXlsx", "xssf\SetCellValuesInXlsx\SetCellValuesInXlsx.csproj", "{D49F896A-A2E1-4C28-ACB7-73FB2910626D}"
EndProject
Project("{FAE04EC0-301F-11D3-BF4B-00C04F79EFBC}") = "SetWidthAndHeightInXlsx", "xssf\SetWidthAndHeightInXlsx\SetWidthAndHeightInXlsx.csproj", "{D94F543E-F925-44F5-9347-A6DC96D58F17}"
EndProject
Project("{FAE04EC0-301F-11D3-BF4B-00C04F79EFBC}") = "ColorfulMatrix", "xssf\ColorfulMatrix\ColorfulMatrix.csproj", "{A3103D4C-7334-4B70-9524-E57105EB5E55}"
EndProject
Project("{FAE04EC0-301F-11D3-BF4B-00C04F79EFBC}") = "FillBackgroundInXlsx", "xssf\FillBackgroundInXlsx\FillBackgroundInXlsx.csproj", "{B6485025-FA2D-4BFB-A98A-A7AE95582EE3}"
EndProject
Project("{FAE04EC0-301F-11D3-BF4B-00C04F79EFBC}") = "DataFormatsInXlsx", "xssf\DataFormatsInXlsx\DataFormatsInXlsx.csproj", "{4FDDC7EA-AA4C-429B-A579-39C89B522ACF}"
EndProject
Project("{FAE04EC0-301F-11D3-BF4B-00C04F79EFBC}") = "CreateHeaderFooterInXlsx", "xssf\CreateHeaderFooterInXlsx\CreateHeaderFooterInXlsx.csproj", "{0E707837-B595-4F19-B3DB-69959A3DC10F}"
EndProject
Project("{FAE04EC0-301F-11D3-BF4B-00C04F79EFBC}") = "SplitAndFreezePanesInXlsx", "xssf\SplitAndFreezePanesInXlsx\SplitAndFreezePanesInXlsx.csproj", "{7A0D486D-9BB8-49BE-9DE7-28027B1C5ADA}"
EndProject
Project("{FAE04EC0-301F-11D3-BF4B-00C04F79EFBC}") = "HideColumnAndRowInXlsx", "xssf\HideColumnAndRowInXlsx\HideColumnAndRowInXlsx.csproj", "{A99CBC67-2CD6-40BC-8316-E270404385B2}"
EndProject
Project("{FAE04EC0-301F-11D3-BF4B-00C04F79EFBC}") = "BorderStylesInXlsx", "xssf\BorderStylesInXlsx\BorderStylesInXlsx.csproj", "{7FEF327E-BD06-4A68-9B7C-60A3FD38152F}"
EndProject
Project("{FAE04EC0-301F-11D3-BF4B-00C04F79EFBC}") = "CreateCommentInXlsx", "xssf\CreateCommentInXlsx\CreateCommentInXlsx.csproj", "{AC14631B-A377-4BFE-86DA-FF70EC3B278A}"
EndProject
Project("{FAE04EC0-301F-11D3-BF4B-00C04F79EFBC}") = "ProtectSheetInXlsx", "xssf\ProtectSheetInXlsx\ProtectSheetInXlsx.csproj", "{72A01500-36B4-4CAD-9A87-F6D696C9F978}"
EndProject
Project("{FAE04EC0-301F-11D3-BF4B-00C04F79EFBC}") = "InsertPicturesInXlsx", "xssf\InsertPicturesInXlsx\InsertPicturesInXlsx.csproj", "{4A81D589-4CE6-474D-AEC9-1AA3ABC2F8B2}"
EndProject
Project("{FAE04EC0-301F-11D3-BF4B-00C04F79EFBC}") = "AddHyperlinkInXlsx", "xssf\AddHyperlinkInXlsx\AddHyperlinkInXlsx.csproj", "{36AEA430-A127-4510-BE7B-2F616F67B10F}"
EndProject
Project("{FAE04EC0-301F-11D3-BF4B-00C04F79EFBC}") = "ApplyFontInXlsx", "xssf\ApplyFontInXlsx\ApplyFontInXlsx.csproj", "{BFAF8A3E-ACE7-4FBE-8841-F95F6BB55271}"
EndProject
Project("{FAE04EC0-301F-11D3-BF4B-00C04F79EFBC}") = "MeringCellsInXlsx", "xssf\MeringCellsInXlsx\MeringCellsInXlsx.csproj", "{E370B5B7-8679-4FBA-BB7B-EDD035245F03}"
EndProject
Project("{FAE04EC0-301F-11D3-BF4B-00C04F79EFBC}") = "PageSetupInXlsx", "xssf\PageSetupInXlsx\PageSetupInXlsx.csproj", "{60832BAC-1927-40A9-A9A7-6E9A4FD2CE87}"
EndProject
Project("{FAE04EC0-301F-11D3-BF4B-00C04F79EFBC}") = "LinkedDropDownLists", "xssf\LinkedDropDownLists\LinkedDropDownLists.csproj", "{A1C0DE12-A626-431F-B2E1-DB4B3A706383}"
EndProject
Project("{FAE04EC0-301F-11D3-BF4B-00C04F79EFBC}") = "ScatterChart", "xssf\ScatterChart\ScatterChart.csproj", "{421AEE65-B2DB-4633-A5E1-97E9DC809ADE}"
EndProject
Project("{FAE04EC0-301F-11D3-BF4B-00C04F79EFBC}") = "BigGridTest", "xssf\BigGridTest\BigGridTest.csproj", "{ED6DC363-2017-4004-AF44-2AA171709EFC}"
EndProject
Project("{FAE04EC0-301F-11D3-BF4B-00C04F79EFBC}") = "PrintSetupInXlsx", "xssf\PrintSetupInXlsx\PrintSetupInXlsx.csproj", "{01EF30FD-3D95-4EE4-AFE7-16EAB36649B9}"
EndProject
Project("{FAE04EC0-301F-11D3-BF4B-00C04F79EFBC}") = "WritePerformanceTest", "xssf\WritePerformanceTest\WritePerformanceTest.csproj", "{87009589-28B8-4F63-A50D-A0C599E01A1E}"
EndProject
Project("{FAE04EC0-301F-11D3-BF4B-00C04F79EFBC}") = "CreateCustomProperties", "xssf\CreateCustomProperties\CreateCustomProperties.csproj", "{BABCE350-9EC0-4EE7-A8E5-7CC73CA5E667}"
EndProject
Project("{FAE04EC0-301F-11D3-BF4B-00C04F79EFBC}") = "MonthlySalaryReport", "xssf\MonthlySalaryReport\MonthlySalaryReport.csproj", "{AAAED0B0-1797-464C-8DF6-96DEBFB57DE7}"
EndProject
Project("{FAE04EC0-301F-11D3-BF4B-00C04F79EFBC}") = "DownloadXlsx", "xssf\DownloadXlsx\DownloadXlsx.csproj", "{4C8B6A62-F77D-477F-9A60-C8C8098AC2E1}"
EndProject
Project("{2150E333-8FDC-42A3-9474-1A3956D46DE8}") = "Performance", "Performance", "{FB96FC42-FB38-4F3B-9BA2-ACE24653CE0D}"
EndProject
Project("{2150E333-8FDC-42A3-9474-1A3956D46DE8}") = "UseCase", "UseCase", "{219097C8-95A0-479C-A713-8D4EB842C2FF}"
EndProject
Project("{FAE04EC0-301F-11D3-BF4B-00C04F79EFBC}") = "ConditionalFormats", "xssf\ConditionalFormats\ConditionalFormats.csproj", "{CFA33A5A-DA93-48BE-B513-6FCDA5447B9F}"
EndProject
Project("{2150E333-8FDC-42A3-9474-1A3956D46DE8}") = "Basic", "Basic", "{CD941EF6-8FB7-467D-8AE7-0C85E07BD53F}"
EndProject
Project("{2150E333-8FDC-42A3-9474-1A3956D46DE8}") = "Chart", "Chart", "{8CFB89FD-C679-473B-B421-D7EC19D7FC4F}"
EndProject
Project("{FAE04EC0-301F-11D3-BF4B-00C04F79EFBC}") = "LineChart", "xssf\LineChart\LineChart.csproj", "{A429FB81-425D-4046-92B5-CBE0FBC9AA3F}"
EndProject
Project("{FAE04EC0-301F-11D3-BF4B-00C04F79EFBC}") = "ExtractPicturesFromXlsx", "xssf\ExtractPicturesFromXlsx\ExtractPicturesFromXlsx.csproj", "{ACEDDD5E-EEFF-4A59-ABB4-F70C58B8E644}"
EndProject
Project("{FAE04EC0-301F-11D3-BF4B-00C04F79EFBC}") = "UseBasicFormulaInXlsx", "xssf\UseBasicFormulaInXlsx\UseBasicFormulaInXlsx.csproj", "{874E25C5-3ECE-4772-90C1-C857AF4C7568}"
EndProject
Global
	GlobalSection(SolutionConfigurationPlatforms) = preSolution
		Debug|Any CPU = Debug|Any CPU
		Debug|Mixed Platforms = Debug|Mixed Platforms
		Debug|x86 = Debug|x86
		Release|Any CPU = Release|Any CPU
		Release|Mixed Platforms = Release|Mixed Platforms
		Release|x86 = Release|x86
	EndGlobalSection
	GlobalSection(ProjectConfigurationPlatforms) = postSolution
		{AFBE86E3-EDBE-45B4-8950-8B883102A47F}.Debug|Any CPU.ActiveCfg = Debug|x86
		{AFBE86E3-EDBE-45B4-8950-8B883102A47F}.Debug|Mixed Platforms.ActiveCfg = Debug|x86
		{AFBE86E3-EDBE-45B4-8950-8B883102A47F}.Debug|Mixed Platforms.Build.0 = Debug|x86
		{AFBE86E3-EDBE-45B4-8950-8B883102A47F}.Debug|x86.ActiveCfg = Debug|x86
		{AFBE86E3-EDBE-45B4-8950-8B883102A47F}.Debug|x86.Build.0 = Debug|x86
		{AFBE86E3-EDBE-45B4-8950-8B883102A47F}.Release|Any CPU.ActiveCfg = Release|x86
		{AFBE86E3-EDBE-45B4-8950-8B883102A47F}.Release|Mixed Platforms.ActiveCfg = Release|x86
		{AFBE86E3-EDBE-45B4-8950-8B883102A47F}.Release|Mixed Platforms.Build.0 = Release|x86
		{AFBE86E3-EDBE-45B4-8950-8B883102A47F}.Release|x86.ActiveCfg = Release|x86
		{AFBE86E3-EDBE-45B4-8950-8B883102A47F}.Release|x86.Build.0 = Release|x86
		{D49F896A-A2E1-4C28-ACB7-73FB2910626D}.Debug|Any CPU.ActiveCfg = Debug|x86
		{D49F896A-A2E1-4C28-ACB7-73FB2910626D}.Debug|Mixed Platforms.ActiveCfg = Debug|x86
		{D49F896A-A2E1-4C28-ACB7-73FB2910626D}.Debug|Mixed Platforms.Build.0 = Debug|x86
		{D49F896A-A2E1-4C28-ACB7-73FB2910626D}.Debug|x86.ActiveCfg = Debug|x86
		{D49F896A-A2E1-4C28-ACB7-73FB2910626D}.Debug|x86.Build.0 = Debug|x86
		{D49F896A-A2E1-4C28-ACB7-73FB2910626D}.Release|Any CPU.ActiveCfg = Release|x86
		{D49F896A-A2E1-4C28-ACB7-73FB2910626D}.Release|Mixed Platforms.ActiveCfg = Release|x86
		{D49F896A-A2E1-4C28-ACB7-73FB2910626D}.Release|Mixed Platforms.Build.0 = Release|x86
		{D49F896A-A2E1-4C28-ACB7-73FB2910626D}.Release|x86.ActiveCfg = Release|x86
		{D49F896A-A2E1-4C28-ACB7-73FB2910626D}.Release|x86.Build.0 = Release|x86
		{D94F543E-F925-44F5-9347-A6DC96D58F17}.Debug|Any CPU.ActiveCfg = Debug|x86
		{D94F543E-F925-44F5-9347-A6DC96D58F17}.Debug|Mixed Platforms.ActiveCfg = Debug|x86
		{D94F543E-F925-44F5-9347-A6DC96D58F17}.Debug|Mixed Platforms.Build.0 = Debug|x86
		{D94F543E-F925-44F5-9347-A6DC96D58F17}.Debug|x86.ActiveCfg = Debug|x86
		{D94F543E-F925-44F5-9347-A6DC96D58F17}.Debug|x86.Build.0 = Debug|x86
		{D94F543E-F925-44F5-9347-A6DC96D58F17}.Release|Any CPU.ActiveCfg = Release|x86
		{D94F543E-F925-44F5-9347-A6DC96D58F17}.Release|Mixed Platforms.ActiveCfg = Release|x86
		{D94F543E-F925-44F5-9347-A6DC96D58F17}.Release|Mixed Platforms.Build.0 = Release|x86
		{D94F543E-F925-44F5-9347-A6DC96D58F17}.Release|x86.ActiveCfg = Release|x86
		{D94F543E-F925-44F5-9347-A6DC96D58F17}.Release|x86.Build.0 = Release|x86
		{A3103D4C-7334-4B70-9524-E57105EB5E55}.Debug|Any CPU.ActiveCfg = Debug|x86
		{A3103D4C-7334-4B70-9524-E57105EB5E55}.Debug|Mixed Platforms.ActiveCfg = Debug|x86
		{A3103D4C-7334-4B70-9524-E57105EB5E55}.Debug|Mixed Platforms.Build.0 = Debug|x86
		{A3103D4C-7334-4B70-9524-E57105EB5E55}.Debug|x86.ActiveCfg = Debug|x86
		{A3103D4C-7334-4B70-9524-E57105EB5E55}.Debug|x86.Build.0 = Debug|x86
		{A3103D4C-7334-4B70-9524-E57105EB5E55}.Release|Any CPU.ActiveCfg = Release|x86
		{A3103D4C-7334-4B70-9524-E57105EB5E55}.Release|Mixed Platforms.ActiveCfg = Release|x86
		{A3103D4C-7334-4B70-9524-E57105EB5E55}.Release|Mixed Platforms.Build.0 = Release|x86
		{A3103D4C-7334-4B70-9524-E57105EB5E55}.Release|x86.ActiveCfg = Release|x86
		{A3103D4C-7334-4B70-9524-E57105EB5E55}.Release|x86.Build.0 = Release|x86
		{B6485025-FA2D-4BFB-A98A-A7AE95582EE3}.Debug|Any CPU.ActiveCfg = Debug|x86
		{B6485025-FA2D-4BFB-A98A-A7AE95582EE3}.Debug|Mixed Platforms.ActiveCfg = Debug|x86
		{B6485025-FA2D-4BFB-A98A-A7AE95582EE3}.Debug|Mixed Platforms.Build.0 = Debug|x86
		{B6485025-FA2D-4BFB-A98A-A7AE95582EE3}.Debug|x86.ActiveCfg = Debug|x86
		{B6485025-FA2D-4BFB-A98A-A7AE95582EE3}.Debug|x86.Build.0 = Debug|x86
		{B6485025-FA2D-4BFB-A98A-A7AE95582EE3}.Release|Any CPU.ActiveCfg = Release|x86
		{B6485025-FA2D-4BFB-A98A-A7AE95582EE3}.Release|Mixed Platforms.ActiveCfg = Release|x86
		{B6485025-FA2D-4BFB-A98A-A7AE95582EE3}.Release|Mixed Platforms.Build.0 = Release|x86
		{B6485025-FA2D-4BFB-A98A-A7AE95582EE3}.Release|x86.ActiveCfg = Release|x86
		{B6485025-FA2D-4BFB-A98A-A7AE95582EE3}.Release|x86.Build.0 = Release|x86
		{4FDDC7EA-AA4C-429B-A579-39C89B522ACF}.Debug|Any CPU.ActiveCfg = Debug|x86
		{4FDDC7EA-AA4C-429B-A579-39C89B522ACF}.Debug|Mixed Platforms.ActiveCfg = Debug|x86
		{4FDDC7EA-AA4C-429B-A579-39C89B522ACF}.Debug|Mixed Platforms.Build.0 = Debug|x86
		{4FDDC7EA-AA4C-429B-A579-39C89B522ACF}.Debug|x86.ActiveCfg = Debug|x86
		{4FDDC7EA-AA4C-429B-A579-39C89B522ACF}.Debug|x86.Build.0 = Debug|x86
		{4FDDC7EA-AA4C-429B-A579-39C89B522ACF}.Release|Any CPU.ActiveCfg = Release|x86
		{4FDDC7EA-AA4C-429B-A579-39C89B522ACF}.Release|Mixed Platforms.ActiveCfg = Release|x86
		{4FDDC7EA-AA4C-429B-A579-39C89B522ACF}.Release|Mixed Platforms.Build.0 = Release|x86
		{4FDDC7EA-AA4C-429B-A579-39C89B522ACF}.Release|x86.ActiveCfg = Release|x86
		{4FDDC7EA-AA4C-429B-A579-39C89B522ACF}.Release|x86.Build.0 = Release|x86
		{0E707837-B595-4F19-B3DB-69959A3DC10F}.Debug|Any CPU.ActiveCfg = Debug|x86
		{0E707837-B595-4F19-B3DB-69959A3DC10F}.Debug|Mixed Platforms.ActiveCfg = Debug|x86
		{0E707837-B595-4F19-B3DB-69959A3DC10F}.Debug|Mixed Platforms.Build.0 = Debug|x86
		{0E707837-B595-4F19-B3DB-69959A3DC10F}.Debug|x86.ActiveCfg = Debug|x86
		{0E707837-B595-4F19-B3DB-69959A3DC10F}.Debug|x86.Build.0 = Debug|x86
		{0E707837-B595-4F19-B3DB-69959A3DC10F}.Release|Any CPU.ActiveCfg = Release|x86
		{0E707837-B595-4F19-B3DB-69959A3DC10F}.Release|Mixed Platforms.ActiveCfg = Release|x86
		{0E707837-B595-4F19-B3DB-69959A3DC10F}.Release|Mixed Platforms.Build.0 = Release|x86
		{0E707837-B595-4F19-B3DB-69959A3DC10F}.Release|x86.ActiveCfg = Release|x86
		{0E707837-B595-4F19-B3DB-69959A3DC10F}.Release|x86.Build.0 = Release|x86
		{7A0D486D-9BB8-49BE-9DE7-28027B1C5ADA}.Debug|Any CPU.ActiveCfg = Debug|x86
		{7A0D486D-9BB8-49BE-9DE7-28027B1C5ADA}.Debug|Mixed Platforms.ActiveCfg = Debug|x86
		{7A0D486D-9BB8-49BE-9DE7-28027B1C5ADA}.Debug|Mixed Platforms.Build.0 = Debug|x86
		{7A0D486D-9BB8-49BE-9DE7-28027B1C5ADA}.Debug|x86.ActiveCfg = Debug|x86
		{7A0D486D-9BB8-49BE-9DE7-28027B1C5ADA}.Debug|x86.Build.0 = Debug|x86
		{7A0D486D-9BB8-49BE-9DE7-28027B1C5ADA}.Release|Any CPU.ActiveCfg = Release|x86
		{7A0D486D-9BB8-49BE-9DE7-28027B1C5ADA}.Release|Mixed Platforms.ActiveCfg = Release|x86
		{7A0D486D-9BB8-49BE-9DE7-28027B1C5ADA}.Release|Mixed Platforms.Build.0 = Release|x86
		{7A0D486D-9BB8-49BE-9DE7-28027B1C5ADA}.Release|x86.ActiveCfg = Release|x86
		{7A0D486D-9BB8-49BE-9DE7-28027B1C5ADA}.Release|x86.Build.0 = Release|x86
		{A99CBC67-2CD6-40BC-8316-E270404385B2}.Debug|Any CPU.ActiveCfg = Debug|x86
		{A99CBC67-2CD6-40BC-8316-E270404385B2}.Debug|Mixed Platforms.ActiveCfg = Debug|x86
		{A99CBC67-2CD6-40BC-8316-E270404385B2}.Debug|Mixed Platforms.Build.0 = Debug|x86
		{A99CBC67-2CD6-40BC-8316-E270404385B2}.Debug|x86.ActiveCfg = Debug|x86
		{A99CBC67-2CD6-40BC-8316-E270404385B2}.Debug|x86.Build.0 = Debug|x86
		{A99CBC67-2CD6-40BC-8316-E270404385B2}.Release|Any CPU.ActiveCfg = Release|x86
		{A99CBC67-2CD6-40BC-8316-E270404385B2}.Release|Mixed Platforms.ActiveCfg = Release|x86
		{A99CBC67-2CD6-40BC-8316-E270404385B2}.Release|Mixed Platforms.Build.0 = Release|x86
		{A99CBC67-2CD6-40BC-8316-E270404385B2}.Release|x86.ActiveCfg = Release|x86
		{A99CBC67-2CD6-40BC-8316-E270404385B2}.Release|x86.Build.0 = Release|x86
		{7FEF327E-BD06-4A68-9B7C-60A3FD38152F}.Debug|Any CPU.ActiveCfg = Debug|x86
		{7FEF327E-BD06-4A68-9B7C-60A3FD38152F}.Debug|Mixed Platforms.ActiveCfg = Debug|x86
		{7FEF327E-BD06-4A68-9B7C-60A3FD38152F}.Debug|Mixed Platforms.Build.0 = Debug|x86
		{7FEF327E-BD06-4A68-9B7C-60A3FD38152F}.Debug|x86.ActiveCfg = Debug|x86
		{7FEF327E-BD06-4A68-9B7C-60A3FD38152F}.Debug|x86.Build.0 = Debug|x86
		{7FEF327E-BD06-4A68-9B7C-60A3FD38152F}.Release|Any CPU.ActiveCfg = Release|x86
		{7FEF327E-BD06-4A68-9B7C-60A3FD38152F}.Release|Mixed Platforms.ActiveCfg = Release|x86
		{7FEF327E-BD06-4A68-9B7C-60A3FD38152F}.Release|Mixed Platforms.Build.0 = Release|x86
		{7FEF327E-BD06-4A68-9B7C-60A3FD38152F}.Release|x86.ActiveCfg = Release|x86
		{7FEF327E-BD06-4A68-9B7C-60A3FD38152F}.Release|x86.Build.0 = Release|x86
		{AC14631B-A377-4BFE-86DA-FF70EC3B278A}.Debug|Any CPU.ActiveCfg = Debug|x86
		{AC14631B-A377-4BFE-86DA-FF70EC3B278A}.Debug|Mixed Platforms.ActiveCfg = Debug|x86
		{AC14631B-A377-4BFE-86DA-FF70EC3B278A}.Debug|Mixed Platforms.Build.0 = Debug|x86
		{AC14631B-A377-4BFE-86DA-FF70EC3B278A}.Debug|x86.ActiveCfg = Debug|x86
		{AC14631B-A377-4BFE-86DA-FF70EC3B278A}.Debug|x86.Build.0 = Debug|x86
		{AC14631B-A377-4BFE-86DA-FF70EC3B278A}.Release|Any CPU.ActiveCfg = Release|x86
		{AC14631B-A377-4BFE-86DA-FF70EC3B278A}.Release|Mixed Platforms.ActiveCfg = Release|x86
		{AC14631B-A377-4BFE-86DA-FF70EC3B278A}.Release|Mixed Platforms.Build.0 = Release|x86
		{AC14631B-A377-4BFE-86DA-FF70EC3B278A}.Release|x86.ActiveCfg = Release|x86
		{AC14631B-A377-4BFE-86DA-FF70EC3B278A}.Release|x86.Build.0 = Release|x86
		{72A01500-36B4-4CAD-9A87-F6D696C9F978}.Debug|Any CPU.ActiveCfg = Debug|x86
		{72A01500-36B4-4CAD-9A87-F6D696C9F978}.Debug|Mixed Platforms.ActiveCfg = Debug|x86
		{72A01500-36B4-4CAD-9A87-F6D696C9F978}.Debug|Mixed Platforms.Build.0 = Debug|x86
		{72A01500-36B4-4CAD-9A87-F6D696C9F978}.Debug|x86.ActiveCfg = Debug|x86
		{72A01500-36B4-4CAD-9A87-F6D696C9F978}.Debug|x86.Build.0 = Debug|x86
		{72A01500-36B4-4CAD-9A87-F6D696C9F978}.Release|Any CPU.ActiveCfg = Release|x86
		{72A01500-36B4-4CAD-9A87-F6D696C9F978}.Release|Mixed Platforms.ActiveCfg = Release|x86
		{72A01500-36B4-4CAD-9A87-F6D696C9F978}.Release|Mixed Platforms.Build.0 = Release|x86
		{72A01500-36B4-4CAD-9A87-F6D696C9F978}.Release|x86.ActiveCfg = Release|x86
		{72A01500-36B4-4CAD-9A87-F6D696C9F978}.Release|x86.Build.0 = Release|x86
		{4A81D589-4CE6-474D-AEC9-1AA3ABC2F8B2}.Debug|Any CPU.ActiveCfg = Debug|x86
		{4A81D589-4CE6-474D-AEC9-1AA3ABC2F8B2}.Debug|Mixed Platforms.ActiveCfg = Debug|x86
		{4A81D589-4CE6-474D-AEC9-1AA3ABC2F8B2}.Debug|Mixed Platforms.Build.0 = Debug|x86
		{4A81D589-4CE6-474D-AEC9-1AA3ABC2F8B2}.Debug|x86.ActiveCfg = Debug|x86
		{4A81D589-4CE6-474D-AEC9-1AA3ABC2F8B2}.Debug|x86.Build.0 = Debug|x86
		{4A81D589-4CE6-474D-AEC9-1AA3ABC2F8B2}.Release|Any CPU.ActiveCfg = Release|x86
		{4A81D589-4CE6-474D-AEC9-1AA3ABC2F8B2}.Release|Mixed Platforms.ActiveCfg = Release|x86
		{4A81D589-4CE6-474D-AEC9-1AA3ABC2F8B2}.Release|Mixed Platforms.Build.0 = Release|x86
		{4A81D589-4CE6-474D-AEC9-1AA3ABC2F8B2}.Release|x86.ActiveCfg = Release|x86
		{4A81D589-4CE6-474D-AEC9-1AA3ABC2F8B2}.Release|x86.Build.0 = Release|x86
		{36AEA430-A127-4510-BE7B-2F616F67B10F}.Debug|Any CPU.ActiveCfg = Debug|x86
		{36AEA430-A127-4510-BE7B-2F616F67B10F}.Debug|Mixed Platforms.ActiveCfg = Debug|x86
		{36AEA430-A127-4510-BE7B-2F616F67B10F}.Debug|Mixed Platforms.Build.0 = Debug|x86
		{36AEA430-A127-4510-BE7B-2F616F67B10F}.Debug|x86.ActiveCfg = Debug|x86
		{36AEA430-A127-4510-BE7B-2F616F67B10F}.Debug|x86.Build.0 = Debug|x86
		{36AEA430-A127-4510-BE7B-2F616F67B10F}.Release|Any CPU.ActiveCfg = Release|x86
		{36AEA430-A127-4510-BE7B-2F616F67B10F}.Release|Mixed Platforms.ActiveCfg = Release|x86
		{36AEA430-A127-4510-BE7B-2F616F67B10F}.Release|Mixed Platforms.Build.0 = Release|x86
		{36AEA430-A127-4510-BE7B-2F616F67B10F}.Release|x86.ActiveCfg = Release|x86
		{36AEA430-A127-4510-BE7B-2F616F67B10F}.Release|x86.Build.0 = Release|x86
		{BFAF8A3E-ACE7-4FBE-8841-F95F6BB55271}.Debug|Any CPU.ActiveCfg = Debug|x86
		{BFAF8A3E-ACE7-4FBE-8841-F95F6BB55271}.Debug|Mixed Platforms.ActiveCfg = Debug|x86
		{BFAF8A3E-ACE7-4FBE-8841-F95F6BB55271}.Debug|Mixed Platforms.Build.0 = Debug|x86
		{BFAF8A3E-ACE7-4FBE-8841-F95F6BB55271}.Debug|x86.ActiveCfg = Debug|x86
		{BFAF8A3E-ACE7-4FBE-8841-F95F6BB55271}.Debug|x86.Build.0 = Debug|x86
		{BFAF8A3E-ACE7-4FBE-8841-F95F6BB55271}.Release|Any CPU.ActiveCfg = Release|x86
		{BFAF8A3E-ACE7-4FBE-8841-F95F6BB55271}.Release|Mixed Platforms.ActiveCfg = Release|x86
		{BFAF8A3E-ACE7-4FBE-8841-F95F6BB55271}.Release|Mixed Platforms.Build.0 = Release|x86
		{BFAF8A3E-ACE7-4FBE-8841-F95F6BB55271}.Release|x86.ActiveCfg = Release|x86
		{BFAF8A3E-ACE7-4FBE-8841-F95F6BB55271}.Release|x86.Build.0 = Release|x86
		{E370B5B7-8679-4FBA-BB7B-EDD035245F03}.Debug|Any CPU.ActiveCfg = Debug|x86
		{E370B5B7-8679-4FBA-BB7B-EDD035245F03}.Debug|Mixed Platforms.ActiveCfg = Debug|x86
		{E370B5B7-8679-4FBA-BB7B-EDD035245F03}.Debug|Mixed Platforms.Build.0 = Debug|x86
		{E370B5B7-8679-4FBA-BB7B-EDD035245F03}.Debug|x86.ActiveCfg = Debug|x86
		{E370B5B7-8679-4FBA-BB7B-EDD035245F03}.Debug|x86.Build.0 = Debug|x86
		{E370B5B7-8679-4FBA-BB7B-EDD035245F03}.Release|Any CPU.ActiveCfg = Release|x86
		{E370B5B7-8679-4FBA-BB7B-EDD035245F03}.Release|Mixed Platforms.ActiveCfg = Release|x86
		{E370B5B7-8679-4FBA-BB7B-EDD035245F03}.Release|Mixed Platforms.Build.0 = Release|x86
		{E370B5B7-8679-4FBA-BB7B-EDD035245F03}.Release|x86.ActiveCfg = Release|x86
		{E370B5B7-8679-4FBA-BB7B-EDD035245F03}.Release|x86.Build.0 = Release|x86
		{60832BAC-1927-40A9-A9A7-6E9A4FD2CE87}.Debug|Any CPU.ActiveCfg = Debug|x86
		{60832BAC-1927-40A9-A9A7-6E9A4FD2CE87}.Debug|Mixed Platforms.ActiveCfg = Debug|x86
		{60832BAC-1927-40A9-A9A7-6E9A4FD2CE87}.Debug|Mixed Platforms.Build.0 = Debug|x86
		{60832BAC-1927-40A9-A9A7-6E9A4FD2CE87}.Debug|x86.ActiveCfg = Debug|x86
		{60832BAC-1927-40A9-A9A7-6E9A4FD2CE87}.Debug|x86.Build.0 = Debug|x86
		{60832BAC-1927-40A9-A9A7-6E9A4FD2CE87}.Release|Any CPU.ActiveCfg = Release|x86
		{60832BAC-1927-40A9-A9A7-6E9A4FD2CE87}.Release|Mixed Platforms.ActiveCfg = Release|x86
		{60832BAC-1927-40A9-A9A7-6E9A4FD2CE87}.Release|Mixed Platforms.Build.0 = Release|x86
		{60832BAC-1927-40A9-A9A7-6E9A4FD2CE87}.Release|x86.ActiveCfg = Release|x86
		{60832BAC-1927-40A9-A9A7-6E9A4FD2CE87}.Release|x86.Build.0 = Release|x86
		{A1C0DE12-A626-431F-B2E1-DB4B3A706383}.Debug|Any CPU.ActiveCfg = Debug|Any CPU
		{A1C0DE12-A626-431F-B2E1-DB4B3A706383}.Debug|Any CPU.Build.0 = Debug|Any CPU
		{A1C0DE12-A626-431F-B2E1-DB4B3A706383}.Debug|Mixed Platforms.ActiveCfg = Debug|Any CPU
		{A1C0DE12-A626-431F-B2E1-DB4B3A706383}.Debug|Mixed Platforms.Build.0 = Debug|Any CPU
		{A1C0DE12-A626-431F-B2E1-DB4B3A706383}.Debug|x86.ActiveCfg = Debug|Any CPU
		{A1C0DE12-A626-431F-B2E1-DB4B3A706383}.Release|Any CPU.ActiveCfg = Release|Any CPU
		{A1C0DE12-A626-431F-B2E1-DB4B3A706383}.Release|Any CPU.Build.0 = Release|Any CPU
		{A1C0DE12-A626-431F-B2E1-DB4B3A706383}.Release|Mixed Platforms.ActiveCfg = Release|Any CPU
		{A1C0DE12-A626-431F-B2E1-DB4B3A706383}.Release|Mixed Platforms.Build.0 = Release|Any CPU
		{A1C0DE12-A626-431F-B2E1-DB4B3A706383}.Release|x86.ActiveCfg = Release|Any CPU
		{421AEE65-B2DB-4633-A5E1-97E9DC809ADE}.Debug|Any CPU.ActiveCfg = Debug|Any CPU
		{421AEE65-B2DB-4633-A5E1-97E9DC809ADE}.Debug|Any CPU.Build.0 = Debug|Any CPU
		{421AEE65-B2DB-4633-A5E1-97E9DC809ADE}.Debug|Mixed Platforms.ActiveCfg = Debug|Any CPU
		{421AEE65-B2DB-4633-A5E1-97E9DC809ADE}.Debug|Mixed Platforms.Build.0 = Debug|Any CPU
		{421AEE65-B2DB-4633-A5E1-97E9DC809ADE}.Debug|x86.ActiveCfg = Debug|Any CPU
		{421AEE65-B2DB-4633-A5E1-97E9DC809ADE}.Release|Any CPU.ActiveCfg = Release|Any CPU
		{421AEE65-B2DB-4633-A5E1-97E9DC809ADE}.Release|Any CPU.Build.0 = Release|Any CPU
		{421AEE65-B2DB-4633-A5E1-97E9DC809ADE}.Release|Mixed Platforms.ActiveCfg = Release|Any CPU
		{421AEE65-B2DB-4633-A5E1-97E9DC809ADE}.Release|Mixed Platforms.Build.0 = Release|Any CPU
		{421AEE65-B2DB-4633-A5E1-97E9DC809ADE}.Release|x86.ActiveCfg = Release|Any CPU
		{ED6DC363-2017-4004-AF44-2AA171709EFC}.Debug|Any CPU.ActiveCfg = Debug|Any CPU
		{ED6DC363-2017-4004-AF44-2AA171709EFC}.Debug|Any CPU.Build.0 = Debug|Any CPU
		{ED6DC363-2017-4004-AF44-2AA171709EFC}.Debug|Mixed Platforms.ActiveCfg = Debug|Any CPU
		{ED6DC363-2017-4004-AF44-2AA171709EFC}.Debug|Mixed Platforms.Build.0 = Debug|Any CPU
		{ED6DC363-2017-4004-AF44-2AA171709EFC}.Debug|x86.ActiveCfg = Debug|Any CPU
		{ED6DC363-2017-4004-AF44-2AA171709EFC}.Release|Any CPU.ActiveCfg = Release|Any CPU
		{ED6DC363-2017-4004-AF44-2AA171709EFC}.Release|Any CPU.Build.0 = Release|Any CPU
		{ED6DC363-2017-4004-AF44-2AA171709EFC}.Release|Mixed Platforms.ActiveCfg = Release|Any CPU
		{ED6DC363-2017-4004-AF44-2AA171709EFC}.Release|Mixed Platforms.Build.0 = Release|Any CPU
		{ED6DC363-2017-4004-AF44-2AA171709EFC}.Release|x86.ActiveCfg = Release|Any CPU
		{01EF30FD-3D95-4EE4-AFE7-16EAB36649B9}.Debug|Any CPU.ActiveCfg = Debug|Any CPU
		{01EF30FD-3D95-4EE4-AFE7-16EAB36649B9}.Debug|Any CPU.Build.0 = Debug|Any CPU
		{01EF30FD-3D95-4EE4-AFE7-16EAB36649B9}.Debug|Mixed Platforms.ActiveCfg = Debug|Any CPU
		{01EF30FD-3D95-4EE4-AFE7-16EAB36649B9}.Debug|Mixed Platforms.Build.0 = Debug|Any CPU
		{01EF30FD-3D95-4EE4-AFE7-16EAB36649B9}.Debug|x86.ActiveCfg = Debug|Any CPU
		{01EF30FD-3D95-4EE4-AFE7-16EAB36649B9}.Release|Any CPU.ActiveCfg = Release|Any CPU
		{01EF30FD-3D95-4EE4-AFE7-16EAB36649B9}.Release|Any CPU.Build.0 = Release|Any CPU
		{01EF30FD-3D95-4EE4-AFE7-16EAB36649B9}.Release|Mixed Platforms.ActiveCfg = Release|Any CPU
		{01EF30FD-3D95-4EE4-AFE7-16EAB36649B9}.Release|Mixed Platforms.Build.0 = Release|Any CPU
		{01EF30FD-3D95-4EE4-AFE7-16EAB36649B9}.Release|x86.ActiveCfg = Release|Any CPU
		{87009589-28B8-4F63-A50D-A0C599E01A1E}.Debug|Any CPU.ActiveCfg = Debug|Any CPU
		{87009589-28B8-4F63-A50D-A0C599E01A1E}.Debug|Any CPU.Build.0 = Debug|Any CPU
		{87009589-28B8-4F63-A50D-A0C599E01A1E}.Debug|Mixed Platforms.ActiveCfg = Debug|Any CPU
		{87009589-28B8-4F63-A50D-A0C599E01A1E}.Debug|Mixed Platforms.Build.0 = Debug|Any CPU
		{87009589-28B8-4F63-A50D-A0C599E01A1E}.Debug|x86.ActiveCfg = Debug|Any CPU
		{87009589-28B8-4F63-A50D-A0C599E01A1E}.Release|Any CPU.ActiveCfg = Release|Any CPU
		{87009589-28B8-4F63-A50D-A0C599E01A1E}.Release|Any CPU.Build.0 = Release|Any CPU
		{87009589-28B8-4F63-A50D-A0C599E01A1E}.Release|Mixed Platforms.ActiveCfg = Release|Any CPU
		{87009589-28B8-4F63-A50D-A0C599E01A1E}.Release|Mixed Platforms.Build.0 = Release|Any CPU
		{87009589-28B8-4F63-A50D-A0C599E01A1E}.Release|x86.ActiveCfg = Release|Any CPU
		{BABCE350-9EC0-4EE7-A8E5-7CC73CA5E667}.Debug|Any CPU.ActiveCfg = Debug|Any CPU
		{BABCE350-9EC0-4EE7-A8E5-7CC73CA5E667}.Debug|Any CPU.Build.0 = Debug|Any CPU
		{BABCE350-9EC0-4EE7-A8E5-7CC73CA5E667}.Debug|Mixed Platforms.ActiveCfg = Debug|Any CPU
		{BABCE350-9EC0-4EE7-A8E5-7CC73CA5E667}.Debug|Mixed Platforms.Build.0 = Debug|Any CPU
		{BABCE350-9EC0-4EE7-A8E5-7CC73CA5E667}.Debug|x86.ActiveCfg = Debug|Any CPU
		{BABCE350-9EC0-4EE7-A8E5-7CC73CA5E667}.Release|Any CPU.ActiveCfg = Release|Any CPU
		{BABCE350-9EC0-4EE7-A8E5-7CC73CA5E667}.Release|Any CPU.Build.0 = Release|Any CPU
		{BABCE350-9EC0-4EE7-A8E5-7CC73CA5E667}.Release|Mixed Platforms.ActiveCfg = Release|Any CPU
		{BABCE350-9EC0-4EE7-A8E5-7CC73CA5E667}.Release|Mixed Platforms.Build.0 = Release|Any CPU
		{BABCE350-9EC0-4EE7-A8E5-7CC73CA5E667}.Release|x86.ActiveCfg = Release|Any CPU
		{AAAED0B0-1797-464C-8DF6-96DEBFB57DE7}.Debug|Any CPU.ActiveCfg = Debug|Any CPU
		{AAAED0B0-1797-464C-8DF6-96DEBFB57DE7}.Debug|Any CPU.Build.0 = Debug|Any CPU
		{AAAED0B0-1797-464C-8DF6-96DEBFB57DE7}.Debug|Mixed Platforms.ActiveCfg = Debug|Any CPU
		{AAAED0B0-1797-464C-8DF6-96DEBFB57DE7}.Debug|Mixed Platforms.Build.0 = Debug|Any CPU
		{AAAED0B0-1797-464C-8DF6-96DEBFB57DE7}.Debug|x86.ActiveCfg = Debug|Any CPU
		{AAAED0B0-1797-464C-8DF6-96DEBFB57DE7}.Release|Any CPU.ActiveCfg = Release|Any CPU
		{AAAED0B0-1797-464C-8DF6-96DEBFB57DE7}.Release|Any CPU.Build.0 = Release|Any CPU
		{AAAED0B0-1797-464C-8DF6-96DEBFB57DE7}.Release|Mixed Platforms.ActiveCfg = Release|Any CPU
		{AAAED0B0-1797-464C-8DF6-96DEBFB57DE7}.Release|Mixed Platforms.Build.0 = Release|Any CPU
		{AAAED0B0-1797-464C-8DF6-96DEBFB57DE7}.Release|x86.ActiveCfg = Release|Any CPU
		{4C8B6A62-F77D-477F-9A60-C8C8098AC2E1}.Debug|Any CPU.ActiveCfg = Debug|Any CPU
		{4C8B6A62-F77D-477F-9A60-C8C8098AC2E1}.Debug|Any CPU.Build.0 = Debug|Any CPU
		{4C8B6A62-F77D-477F-9A60-C8C8098AC2E1}.Debug|Mixed Platforms.ActiveCfg = Debug|Any CPU
		{4C8B6A62-F77D-477F-9A60-C8C8098AC2E1}.Debug|Mixed Platforms.Build.0 = Debug|Any CPU
		{4C8B6A62-F77D-477F-9A60-C8C8098AC2E1}.Debug|x86.ActiveCfg = Debug|Any CPU
		{4C8B6A62-F77D-477F-9A60-C8C8098AC2E1}.Release|Any CPU.ActiveCfg = Release|Any CPU
		{4C8B6A62-F77D-477F-9A60-C8C8098AC2E1}.Release|Any CPU.Build.0 = Release|Any CPU
		{4C8B6A62-F77D-477F-9A60-C8C8098AC2E1}.Release|Mixed Platforms.ActiveCfg = Release|Any CPU
		{4C8B6A62-F77D-477F-9A60-C8C8098AC2E1}.Release|Mixed Platforms.Build.0 = Release|Any CPU
		{4C8B6A62-F77D-477F-9A60-C8C8098AC2E1}.Release|x86.ActiveCfg = Release|Any CPU
		{CFA33A5A-DA93-48BE-B513-6FCDA5447B9F}.Debug|Any CPU.ActiveCfg = Debug|Any CPU
		{CFA33A5A-DA93-48BE-B513-6FCDA5447B9F}.Debug|Any CPU.Build.0 = Debug|Any CPU
		{CFA33A5A-DA93-48BE-B513-6FCDA5447B9F}.Debug|Mixed Platforms.ActiveCfg = Debug|Any CPU
		{CFA33A5A-DA93-48BE-B513-6FCDA5447B9F}.Debug|Mixed Platforms.Build.0 = Debug|Any CPU
		{CFA33A5A-DA93-48BE-B513-6FCDA5447B9F}.Debug|x86.ActiveCfg = Debug|Any CPU
		{CFA33A5A-DA93-48BE-B513-6FCDA5447B9F}.Release|Any CPU.ActiveCfg = Release|Any CPU
		{CFA33A5A-DA93-48BE-B513-6FCDA5447B9F}.Release|Any CPU.Build.0 = Release|Any CPU
		{CFA33A5A-DA93-48BE-B513-6FCDA5447B9F}.Release|Mixed Platforms.ActiveCfg = Release|Any CPU
		{CFA33A5A-DA93-48BE-B513-6FCDA5447B9F}.Release|Mixed Platforms.Build.0 = Release|Any CPU
		{CFA33A5A-DA93-48BE-B513-6FCDA5447B9F}.Release|x86.ActiveCfg = Release|Any CPU
		{A429FB81-425D-4046-92B5-CBE0FBC9AA3F}.Debug|Any CPU.ActiveCfg = Debug|Any CPU
		{A429FB81-425D-4046-92B5-CBE0FBC9AA3F}.Debug|Any CPU.Build.0 = Debug|Any CPU
		{A429FB81-425D-4046-92B5-CBE0FBC9AA3F}.Debug|Mixed Platforms.ActiveCfg = Debug|Any CPU
		{A429FB81-425D-4046-92B5-CBE0FBC9AA3F}.Debug|Mixed Platforms.Build.0 = Debug|Any CPU
		{A429FB81-425D-4046-92B5-CBE0FBC9AA3F}.Debug|x86.ActiveCfg = Debug|Any CPU
		{A429FB81-425D-4046-92B5-CBE0FBC9AA3F}.Release|Any CPU.ActiveCfg = Release|Any CPU
		{A429FB81-425D-4046-92B5-CBE0FBC9AA3F}.Release|Any CPU.Build.0 = Release|Any CPU
		{A429FB81-425D-4046-92B5-CBE0FBC9AA3F}.Release|Mixed Platforms.ActiveCfg = Release|Any CPU
		{A429FB81-425D-4046-92B5-CBE0FBC9AA3F}.Release|Mixed Platforms.Build.0 = Release|Any CPU
		{A429FB81-425D-4046-92B5-CBE0FBC9AA3F}.Release|x86.ActiveCfg = Release|Any CPU
		{ACEDDD5E-EEFF-4A59-ABB4-F70C58B8E644}.Debug|Any CPU.ActiveCfg = Debug|Any CPU
		{ACEDDD5E-EEFF-4A59-ABB4-F70C58B8E644}.Debug|Any CPU.Build.0 = Debug|Any CPU
		{ACEDDD5E-EEFF-4A59-ABB4-F70C58B8E644}.Debug|Mixed Platforms.ActiveCfg = Debug|Any CPU
		{ACEDDD5E-EEFF-4A59-ABB4-F70C58B8E644}.Debug|Mixed Platforms.Build.0 = Debug|Any CPU
		{ACEDDD5E-EEFF-4A59-ABB4-F70C58B8E644}.Debug|x86.ActiveCfg = Debug|Any CPU
		{ACEDDD5E-EEFF-4A59-ABB4-F70C58B8E644}.Release|Any CPU.ActiveCfg = Release|Any CPU
		{ACEDDD5E-EEFF-4A59-ABB4-F70C58B8E644}.Release|Any CPU.Build.0 = Release|Any CPU
		{ACEDDD5E-EEFF-4A59-ABB4-F70C58B8E644}.Release|Mixed Platforms.ActiveCfg = Release|Any CPU
		{ACEDDD5E-EEFF-4A59-ABB4-F70C58B8E644}.Release|Mixed Platforms.Build.0 = Release|Any CPU
		{ACEDDD5E-EEFF-4A59-ABB4-F70C58B8E644}.Release|x86.ActiveCfg = Release|Any CPU
		{874E25C5-3ECE-4772-90C1-C857AF4C7568}.Debug|Any CPU.ActiveCfg = Debug|Any CPU
		{874E25C5-3ECE-4772-90C1-C857AF4C7568}.Debug|Any CPU.Build.0 = Debug|Any CPU
		{874E25C5-3ECE-4772-90C1-C857AF4C7568}.Debug|Mixed Platforms.ActiveCfg = Debug|Any CPU
		{874E25C5-3ECE-4772-90C1-C857AF4C7568}.Debug|Mixed Platforms.Build.0 = Debug|Any CPU
		{874E25C5-3ECE-4772-90C1-C857AF4C7568}.Debug|x86.ActiveCfg = Debug|Any CPU
		{874E25C5-3ECE-4772-90C1-C857AF4C7568}.Release|Any CPU.ActiveCfg = Release|Any CPU
		{874E25C5-3ECE-4772-90C1-C857AF4C7568}.Release|Any CPU.Build.0 = Release|Any CPU
		{874E25C5-3ECE-4772-90C1-C857AF4C7568}.Release|Mixed Platforms.ActiveCfg = Release|Any CPU
		{874E25C5-3ECE-4772-90C1-C857AF4C7568}.Release|Mixed Platforms.Build.0 = Release|Any CPU
		{874E25C5-3ECE-4772-90C1-C857AF4C7568}.Release|x86.ActiveCfg = Release|Any CPU
	EndGlobalSection
	GlobalSection(SolutionProperties) = preSolution
		HideSolutionNode = FALSE
	EndGlobalSection
	GlobalSection(NestedProjects) = preSolution
		{BABCE350-9EC0-4EE7-A8E5-7CC73CA5E667} = {CD941EF6-8FB7-467D-8AE7-0C85E07BD53F}
		{AFBE86E3-EDBE-45B4-8950-8B883102A47F} = {CD941EF6-8FB7-467D-8AE7-0C85E07BD53F}
		{A1C0DE12-A626-431F-B2E1-DB4B3A706383} = {219097C8-95A0-479C-A713-8D4EB842C2FF}
		{AAAED0B0-1797-464C-8DF6-96DEBFB57DE7} = {219097C8-95A0-479C-A713-8D4EB842C2FF}
		{A3103D4C-7334-4B70-9524-E57105EB5E55} = {219097C8-95A0-479C-A713-8D4EB842C2FF}
		{421AEE65-B2DB-4633-A5E1-97E9DC809ADE} = {8CFB89FD-C679-473B-B421-D7EC19D7FC4F}
		{A429FB81-425D-4046-92B5-CBE0FBC9AA3F} = {8CFB89FD-C679-473B-B421-D7EC19D7FC4F}
		{87009589-28B8-4F63-A50D-A0C599E01A1E} = {FB96FC42-FB38-4F3B-9BA2-ACE24653CE0D}
		{ED6DC363-2017-4004-AF44-2AA171709EFC} = {FB96FC42-FB38-4F3B-9BA2-ACE24653CE0D}
	EndGlobalSection
EndGlobal
