
Microsoft Visual Studio Solution File, Format Version 11.00
# Visual Studio 2010
Project("{FAE04EC0-301F-11D3-BF4B-00C04F79EFBC}") = "CreateEmptyDocument", "xwpf\CreateEmptyDocument\CreateEmptyDocument.csproj", "{68C2B323-C0CE-4E2C-9BFA-11AC753BAB69}"
EndProject
Project("{FAE04EC0-301F-11D3-BF4B-00C04F79EFBC}") = "SimpleDocument", "xwpf\SimpleDocument\SimpleDocument.csproj", "{642109E6-8B42-4A26-BD9F-A1638BCE7457}"
EndProject
Project("{FAE04EC0-301F-11D3-BF4B-00C04F79EFBC}") = "SimpleTable", "xwpf\SimpleTable\SimpleTable.csproj", "{794E4979-C67C-4565-8207-2BA313F89EBD}"
EndProject
Project("{FAE04EC0-301F-11D3-BF4B-00C04F79EFBC}") = "CreateBullet", "xwpf\CreateBullet\CreateBullet.csproj", "{4F2F31B7-5D96-4088-A8CE-D2D37A9C3926}"
EndProject
Project("{FAE04EC0-301F-11D3-BF4B-00C04F79EFBC}") = "UpdateEmbeddedDoc", "xwpf\UpdateEmbeddedDoc\UpdateEmbeddedDoc.csproj", "{FAE96B67-F494-4032-8628-46BC27EFB88E}"
EndProject
Global
	GlobalSection(SolutionConfigurationPlatforms) = preSolution
		Debug|x86 = Debug|x86
		Release|x86 = Release|x86
	EndGlobalSection
	GlobalSection(ProjectConfigurationPlatforms) = postSolution
		{68C2B323-C0CE-4E2C-9BFA-11AC753BAB69}.Debug|x86.ActiveCfg = Debug|x86
		{68C2B323-C0CE-4E2C-9BFA-11AC753BAB69}.Debug|x86.Build.0 = Debug|x86
		{68C2B323-C0CE-4E2C-9BFA-11AC753BAB69}.Release|x86.ActiveCfg = Release|x86
		{68C2B323-C0CE-4E2C-9BFA-11AC753BAB69}.Release|x86.Build.0 = Release|x86
		{642109E6-8B42-4A26-BD9F-A1638BCE7457}.Debug|x86.ActiveCfg = Debug|x86
		{642109E6-8B42-4A26-BD9F-A1638BCE7457}.Debug|x86.Build.0 = Debug|x86
		{642109E6-8B42-4A26-BD9F-A1638BCE7457}.Release|x86.ActiveCfg = Release|x86
		{642109E6-8B42-4A26-BD9F-A1638BCE7457}.Release|x86.Build.0 = Release|x86
		{794E4979-C67C-4565-8207-2BA313F89EBD}.Debug|x86.ActiveCfg = Debug|x86
		{794E4979-C67C-4565-8207-2BA313F89EBD}.Debug|x86.Build.0 = Debug|x86
		{794E4979-C67C-4565-8207-2BA313F89EBD}.Release|x86.ActiveCfg = Release|x86
		{794E4979-C67C-4565-8207-2BA313F89EBD}.Release|x86.Build.0 = Release|x86
		{4F2F31B7-5D96-4088-A8CE-D2D37A9C3926}.Debug|x86.ActiveCfg = Debug|x86
		{4F2F31B7-5D96-4088-A8CE-D2D37A9C3926}.Debug|x86.Build.0 = Debug|x86
		{4F2F31B7-5D96-4088-A8CE-D2D37A9C3926}.Release|x86.ActiveCfg = Release|x86
		{4F2F31B7-5D96-4088-A8CE-D2D37A9C3926}.Release|x86.Build.0 = Release|x86
		{FAE96B67-F494-4032-8628-46BC27EFB88E}.Debug|x86.ActiveCfg = Debug|x86
		{FAE96B67-F494-4032-8628-46BC27EFB88E}.Debug|x86.Build.0 = Debug|x86
		{FAE96B67-F494-4032-8628-46BC27EFB88E}.Release|x86.ActiveCfg = Release|x86
		{FAE96B67-F494-4032-8628-46BC27EFB88E}.Release|x86.Build.0 = Release|x86
	EndGlobalSection
	GlobalSection(SolutionProperties) = preSolution
		HideSolutionNode = FALSE
	EndGlobalSection
EndGlobal
