
Microsoft Visual Studio Solution File, Format Version 12.00
# Visual Studio 15
VisualStudioVersion = 15.0.27703.2047
MinimumVisualStudioVersion = 10.0.40219.1
Project("{FAE04EC0-301F-11D3-BF4B-00C04F79EFBC}") = "CreateEmptyDocument", "xwpf\CreateEmptyDocument\CreateEmptyDocument.csproj", "{68C2B323-C0CE-4E2C-9BFA-11AC753BAB69}"
EndProject
Project("{FAE04EC0-301F-11D3-BF4B-00C04F79EFBC}") = "SimpleDocument", "xwpf\SimpleDocument\SimpleDocument.csproj", "{642109E6-8B42-4A26-BD9F-A1638BCE7457}"
EndProject
Project("{FAE04EC0-301F-11D3-BF4B-00C04F79EFBC}") = "SimpleTable", "xwpf\SimpleTable\SimpleTable.csproj", "{794E4979-C67C-4565-8207-2BA313F89EBD}"
EndProject
Project("{FAE04EC0-301F-11D3-BF4B-00C04F79EFBC}") = "CreateBullet", "xwpf\CreateBullet\CreateBullet.csproj", "{4F2F31B7-5D96-4088-A8CE-D2D37A9C3926}"
EndProject
Project("{FAE04EC0-301F-11D3-BF4B-00C04F79EFBC}") = "UpdateEmbeddedDoc", "xwpf\UpdateEmbeddedDoc\UpdateEmbeddedDoc.csproj", "{FAE96B67-F494-4032-8628-46BC27EFB88E}"
EndProject
Project("{FAE04EC0-301F-11D3-BF4B-00C04F79EFBC}") = "InsertPicturesInWord", "xwpf\InsertPicturesInWord\InsertPicturesInWord.csproj", "{FD927E35-B2B0-4500-B8B2-A93F7AA929C1}"
EndProject
Project("{FAE04EC0-301F-11D3-BF4B-00C04F79EFBC}") = "CreateOMathFormula", "xwpf\CreateOMathFormula\CreateOMathFormula.csproj", "{382A9213-81F7-4939-8A1B-E4A30B1FE1B8}"
EndProject
Global
	GlobalSection(SolutionConfigurationPlatforms) = preSolution
		Debug|Any CPU = Debug|Any CPU
		Debug|Mixed Platforms = Debug|Mixed Platforms
		Debug|x86 = Debug|x86
		Release|Any CPU = Release|Any CPU
		Release|Mixed Platforms = Release|Mixed Platforms
		Release|x86 = Release|x86
	EndGlobalSection
	GlobalSection(ProjectConfigurationPlatforms) = postSolution
		{68C2B323-C0CE-4E2C-9BFA-11AC753BAB69}.Debug|Any CPU.ActiveCfg = Debug|x86
		{68C2B323-C0CE-4E2C-9BFA-11AC753BAB69}.Debug|Mixed Platforms.ActiveCfg = Debug|x86
		{68C2B323-C0CE-4E2C-9BFA-11AC753BAB69}.Debug|Mixed Platforms.Build.0 = Debug|x86
		{68C2B323-C0CE-4E2C-9BFA-11AC753BAB69}.Debug|x86.ActiveCfg = Debug|x86
		{68C2B323-C0CE-4E2C-9BFA-11AC753BAB69}.Debug|x86.Build.0 = Debug|x86
		{68C2B323-C0CE-4E2C-9BFA-11AC753BAB69}.Release|Any CPU.ActiveCfg = Release|x86
		{68C2B323-C0CE-4E2C-9BFA-11AC753BAB69}.Release|Mixed Platforms.ActiveCfg = Release|x86
		{68C2B323-C0CE-4E2C-9BFA-11AC753BAB69}.Release|Mixed Platforms.Build.0 = Release|x86
		{68C2B323-C0CE-4E2C-9BFA-11AC753BAB69}.Release|x86.ActiveCfg = Release|x86
		{68C2B323-C0CE-4E2C-9BFA-11AC753BAB69}.Release|x86.Build.0 = Release|x86
		{642109E6-8B42-4A26-BD9F-A1638BCE7457}.Debug|Any CPU.ActiveCfg = Debug|x86
		{642109E6-8B42-4A26-BD9F-A1638BCE7457}.Debug|Mixed Platforms.ActiveCfg = Debug|x86
		{642109E6-8B42-4A26-BD9F-A1638BCE7457}.Debug|Mixed Platforms.Build.0 = Debug|x86
		{642109E6-8B42-4A26-BD9F-A1638BCE7457}.Debug|x86.ActiveCfg = Debug|x86
		{642109E6-8B42-4A26-BD9F-A1638BCE7457}.Debug|x86.Build.0 = Debug|x86
		{642109E6-8B42-4A26-BD9F-A1638BCE7457}.Release|Any CPU.ActiveCfg = Release|x86
		{642109E6-8B42-4A26-BD9F-A1638BCE7457}.Release|Mixed Platforms.ActiveCfg = Release|x86
		{642109E6-8B42-4A26-BD9F-A1638BCE7457}.Release|Mixed Platforms.Build.0 = Release|x86
		{642109E6-8B42-4A26-BD9F-A1638BCE7457}.Release|x86.ActiveCfg = Release|x86
		{642109E6-8B42-4A26-BD9F-A1638BCE7457}.Release|x86.Build.0 = Release|x86
		{794E4979-C67C-4565-8207-2BA313F89EBD}.Debug|Any CPU.ActiveCfg = Debug|x86
		{794E4979-C67C-4565-8207-2BA313F89EBD}.Debug|Mixed Platforms.ActiveCfg = Debug|x86
		{794E4979-C67C-4565-8207-2BA313F89EBD}.Debug|Mixed Platforms.Build.0 = Debug|x86
		{794E4979-C67C-4565-8207-2BA313F89EBD}.Debug|x86.ActiveCfg = Debug|x86
		{794E4979-C67C-4565-8207-2BA313F89EBD}.Debug|x86.Build.0 = Debug|x86
		{794E4979-C67C-4565-8207-2BA313F89EBD}.Release|Any CPU.ActiveCfg = Release|x86
		{794E4979-C67C-4565-8207-2BA313F89EBD}.Release|Mixed Platforms.ActiveCfg = Release|x86
		{794E4979-C67C-4565-8207-2BA313F89EBD}.Release|Mixed Platforms.Build.0 = Release|x86
		{794E4979-C67C-4565-8207-2BA313F89EBD}.Release|x86.ActiveCfg = Release|x86
		{794E4979-C67C-4565-8207-2BA313F89EBD}.Release|x86.Build.0 = Release|x86
		{4F2F31B7-5D96-4088-A8CE-D2D37A9C3926}.Debug|Any CPU.ActiveCfg = Debug|x86
		{4F2F31B7-5D96-4088-A8CE-D2D37A9C3926}.Debug|Mixed Platforms.ActiveCfg = Debug|x86
		{4F2F31B7-5D96-4088-A8CE-D2D37A9C3926}.Debug|Mixed Platforms.Build.0 = Debug|x86
		{4F2F31B7-5D96-4088-A8CE-D2D37A9C3926}.Debug|x86.ActiveCfg = Debug|x86
		{4F2F31B7-5D96-4088-A8CE-D2D37A9C3926}.Debug|x86.Build.0 = Debug|x86
		{4F2F31B7-5D96-4088-A8CE-D2D37A9C3926}.Release|Any CPU.ActiveCfg = Release|x86
		{4F2F31B7-5D96-4088-A8CE-D2D37A9C3926}.Release|Mixed Platforms.ActiveCfg = Release|x86
		{4F2F31B7-5D96-4088-A8CE-D2D37A9C3926}.Release|Mixed Platforms.Build.0 = Release|x86
		{4F2F31B7-5D96-4088-A8CE-D2D37A9C3926}.Release|x86.ActiveCfg = Release|x86
		{4F2F31B7-5D96-4088-A8CE-D2D37A9C3926}.Release|x86.Build.0 = Release|x86
		{FAE96B67-F494-4032-8628-46BC27EFB88E}.Debug|Any CPU.ActiveCfg = Debug|x86
		{FAE96B67-F494-4032-8628-46BC27EFB88E}.Debug|Mixed Platforms.ActiveCfg = Debug|x86
		{FAE96B67-F494-4032-8628-46BC27EFB88E}.Debug|Mixed Platforms.Build.0 = Debug|x86
		{FAE96B67-F494-4032-8628-46BC27EFB88E}.Debug|x86.ActiveCfg = Debug|x86
		{FAE96B67-F494-4032-8628-46BC27EFB88E}.Debug|x86.Build.0 = Debug|x86
		{FAE96B67-F494-4032-8628-46BC27EFB88E}.Release|Any CPU.ActiveCfg = Release|x86
		{FAE96B67-F494-4032-8628-46BC27EFB88E}.Release|Mixed Platforms.ActiveCfg = Release|x86
		{FAE96B67-F494-4032-8628-46BC27EFB88E}.Release|Mixed Platforms.Build.0 = Release|x86
		{FAE96B67-F494-4032-8628-46BC27EFB88E}.Release|x86.ActiveCfg = Release|x86
		{FAE96B67-F494-4032-8628-46BC27EFB88E}.Release|x86.Build.0 = Release|x86
		{FD927E35-B2B0-4500-B8B2-A93F7AA929C1}.Debug|Any CPU.ActiveCfg = Debug|Any CPU
		{FD927E35-B2B0-4500-B8B2-A93F7AA929C1}.Debug|Any CPU.Build.0 = Debug|Any CPU
		{FD927E35-B2B0-4500-B8B2-A93F7AA929C1}.Debug|Mixed Platforms.ActiveCfg = Debug|Any CPU
		{FD927E35-B2B0-4500-B8B2-A93F7AA929C1}.Debug|Mixed Platforms.Build.0 = Debug|Any CPU
		{FD927E35-B2B0-4500-B8B2-A93F7AA929C1}.Debug|x86.ActiveCfg = Debug|Any CPU
		{FD927E35-B2B0-4500-B8B2-A93F7AA929C1}.Release|Any CPU.ActiveCfg = Release|Any CPU
		{FD927E35-B2B0-4500-B8B2-A93F7AA929C1}.Release|Any CPU.Build.0 = Release|Any CPU
		{FD927E35-B2B0-4500-B8B2-A93F7AA929C1}.Release|Mixed Platforms.ActiveCfg = Release|Any CPU
		{FD927E35-B2B0-4500-B8B2-A93F7AA929C1}.Release|Mixed Platforms.Build.0 = Release|Any CPU
		{FD927E35-B2B0-4500-B8B2-A93F7AA929C1}.Release|x86.ActiveCfg = Release|Any CPU
		{382A9213-81F7-4939-8A1B-E4A30B1FE1B8}.Debug|Any CPU.ActiveCfg = Debug|Any CPU
		{382A9213-81F7-4939-8A1B-E4A30B1FE1B8}.Debug|Any CPU.Build.0 = Debug|Any CPU
		{382A9213-81F7-4939-8A1B-E4A30B1FE1B8}.Debug|Mixed Platforms.ActiveCfg = Debug|Any CPU
		{382A9213-81F7-4939-8A1B-E4A30B1FE1B8}.Debug|Mixed Platforms.Build.0 = Debug|Any CPU
		{382A9213-81F7-4939-8A1B-E4A30B1FE1B8}.Debug|x86.ActiveCfg = Debug|Any CPU
		{382A9213-81F7-4939-8A1B-E4A30B1FE1B8}.Debug|x86.Build.0 = Debug|Any CPU
		{382A9213-81F7-4939-8A1B-E4A30B1FE1B8}.Release|Any CPU.ActiveCfg = Release|Any CPU
		{382A9213-81F7-4939-8A1B-E4A30B1FE1B8}.Release|Any CPU.Build.0 = Release|Any CPU
		{382A9213-81F7-4939-8A1B-E4A30B1FE1B8}.Release|Mixed Platforms.ActiveCfg = Release|Any CPU
		{382A9213-81F7-4939-8A1B-E4A30B1FE1B8}.Release|Mixed Platforms.Build.0 = Release|Any CPU
		{382A9213-81F7-4939-8A1B-E4A30B1FE1B8}.Release|x86.ActiveCfg = Release|Any CPU
		{382A9213-81F7-4939-8A1B-E4A30B1FE1B8}.Release|x86.Build.0 = Release|Any CPU
	EndGlobalSection
	GlobalSection(SolutionProperties) = preSolution
		HideSolutionNode = FALSE
	EndGlobalSection
	GlobalSection(ExtensibilityGlobals) = postSolution
		SolutionGuid = {014B0272-B09D-4F75-9C16-ECEB9C616BCD}
	EndGlobalSection
EndGlobal
