Microsoft Visual Studio Solution File, Format Version 12.00
# Visual Studio 15
Project("{2150E333-8FDC-42A3-9474-1A3956D46DE8}") = "POIFS", "POIFS", "{53F9DAC5-B742-4C7D-AEEA-4E308C4CD86F}"
EndProject
Project("{2150E333-8FDC-42A3-9474-1A3956D46DE8}") = "WorkbookAndSheet", "WorkbookAndSheet", "{1F00CC11-B4C9-4061-AC73-4B54DDD55C3F}"
EndProject
Project("{2150E333-8FDC-42A3-9474-1A3956D46DE8}") = "Style", "Style", "{13555BED-2A26-46EF-A2A9-AE205E9130F0}"
EndProject
Project("{2150E333-8FDC-42A3-9474-1A3956D46DE8}") = "ImportExport", "ImportExport", "{B4F0A232-A50B-4C61-887D-D59DAD0C21A7}"
EndProject
Project("{2150E333-8FDC-42A3-9474-1A3956D46DE8}") = "Picture", "Picture", "{8557D38A-8C25-4C81-BF74-06A6AE4CBF13}"
EndProject
Project("{2150E333-8FDC-42A3-9474-1A3956D46DE8}") = "Print", "Print", "{35A05391-3D69-4BD4-9019-D42F3F9CC4AC}"
EndProject
Project("{2150E333-8FDC-42A3-9474-1A3956D46DE8}") = "CellAndText", "CellAndText", "{D018C97E-0762-455E-ABB8-4D5C1762CA3C}"
EndProject
Project("{2150E333-8FDC-42A3-9474-1A3956D46DE8}") = "RowAndColumn", "RowAndColumn", "{1CDB9859-8E4A-4105-964E-09864EDE9F6A}"
EndProject
Project("{2150E333-8FDC-42A3-9474-1A3956D46DE8}") = "Format", "Format", "{A6EFE5CF-BE32-45CB-BBD7-E58607CD9888}"
EndProject
Project("{2150E333-8FDC-42A3-9474-1A3956D46DE8}") = "Demo", "Demo", "{BA9A40F4-EA27-4CFE-94B0-B2A97007D37C}"
EndProject
Project("{FAE04EC0-301F-11D3-BF4B-00C04F79EFBC}") = "CreatePOIFSFile", "poifs\CreatePOIFSFile\CreatePOIFSFile.csproj", "{646A589F-90D3-4AB2-9346-0FC4C097D76A}"
EndProject
Project("{FAE04EC0-301F-11D3-BF4B-00C04F79EFBC}") = "CreatePOIFSFileWithProperties", "poifs\CreatePOIFSFileWithProperties\CreatePOIFSFileWithProperties.csproj", "{2EFA16D1-5B04-43E4-B4FC-8CBAF2E30B93}"
EndProject
Project("{FAE04EC0-301F-11D3-BF4B-00C04F79EFBC}") = "CreateEmptyExcelFile", "hssf\CreateEmptyExcelFile\CreateEmptyExcelFile.csproj", "{A5555027-4EAF-47E7-B5C2-C2595AB22A6A}"
EndProject
Project("{FAE04EC0-301F-11D3-BF4B-00C04F79EFBC}") = "ExtractStringsFromXls", "hssf\ExtractStringsFromXls\ExtractStringsFromXls.csproj", "{3C323255-CF44-43FC-BD7B-F170FEB93E6A}"
EndProject
Project("{FAE04EC0-301F-11D3-BF4B-00C04F79EFBC}") = "MultplicationTableInXls", "hssf\MultplicationTableInXls\MultplicationTableInXls.csproj", "{0183662A-B1B4-4E65-916E-C2FB397B8A3E}"
EndProject
Project("{FAE04EC0-301F-11D3-BF4B-00C04F79EFBC}") = "ColorfulMatrixTable", "hssf\ColorfulMatrixTable\ColorfulMatrixTable.csproj", "{727632C0-1983-4943-AD09-6347F74BBE85}"
EndProject
Project("{FAE04EC0-301F-11D3-BF4B-00C04F79EFBC}") = "SetAlignmentInXls", "hssf\SetAlignmentInXls\SetAlignmentInXls.csproj", "{A6787661-E365-4457-9D6E-F5BEE50191A6}"
EndProject
Project("{FAE04EC0-301F-11D3-BF4B-00C04F79EFBC}") = "SetWidthAndHeightInXls", "hssf\SetWidthAndHeightInXls\SetWidthAndHeightInXls.csproj", "{F4C3D91C-93AA-4678-ADAA-8E81B162B54B}"
EndProject
Project("{FAE04EC0-301F-11D3-BF4B-00C04F79EFBC}") = "RotateTextInXls", "hssf\RotateTextInXls\RotateTextInXls.csproj", "{68BA3B7C-629D-4FA2-A301-0F9F2A5FC5F2}"
EndProject
Project("{FAE04EC0-301F-11D3-BF4B-00C04F79EFBC}") = "SetPrintSettingsInXls", "hssf\SetPrintSettingsInXls\SetPrintSettingsInXls.csproj", "{911B580E-30EC-4D43-93DB-C8E6091F6053}"
EndProject
Project("{FAE04EC0-301F-11D3-BF4B-00C04F79EFBC}") = "ExportXlsToDownload", "hssf\ExportXlsToDownload\ExportXlsToDownload.csproj", "{3BC1A9C3-7963-4A0A-A072-F36BA72917AC}"
EndProject
Project("{FAE04EC0-301F-11D3-BF4B-00C04F79EFBC}") = "SetBorderStyleInXls", "hssf\SetBorderStyleInXls\SetBorderStyleInXls.csproj", "{08AE95F1-1234-4F95-ACCC-DFE0F85AE4B9}"
EndProject
Project("{FAE04EC0-301F-11D3-BF4B-00C04F79EFBC}") = "SetDateCellInXls", "hssf\SetDateCellInXls\SetDateCellInXls.csproj", "{A2F98C75-FA26-49B5-9F59-E11F80455AE2}"
EndProject
Project("{FAE04EC0-301F-11D3-BF4B-00C04F79EFBC}") = "SetCellCommentInXls", "hssf\SetCellCommentInXls\SetCellCommentInXls.csproj", "{8817BC32-9672-4DAF-901D-62FC9C89932B}"
EndProject
Project("{FAE04EC0-301F-11D3-BF4B-00C04F79EFBC}") = "DrawingInXls", "hssf\DrawingInXls\DrawingInXls.csproj", "{064D83E9-B303-4924-888C-37115DB6F94F}"
EndProject
Project("{FAE04EC0-301F-11D3-BF4B-00C04F79EFBC}") = "NumberFormatInXls", "hssf\NumberFormatInXls\NumberFormatInXls.csproj", "{BB29D536-3C65-496D-9FC0-E54BB31C4AEB}"
EndProject
Project("{FAE04EC0-301F-11D3-BF4B-00C04F79EFBC}") = "ZoomSheet", "hssf\ZoomSheet\ZoomSheet.csproj", "{A2E1D5DA-1E70-48E2-BBDC-5E01882ADC95}"
EndProject
Project("{FAE04EC0-301F-11D3-BF4B-00C04F79EFBC}") = "MergeCellsInXls", "hssf\MergeCellsInXls\MergeCellsInXls.csproj", "{D668018C-D806-4875-9A49-3E17005B4719}"
EndProject
Project("{FAE04EC0-301F-11D3-BF4B-00C04F79EFBC}") = "ApplyFontInXls", "hssf\ApplyFontInXls\ApplyFontInXls.csproj", "{7F775F9F-4BA0-47BF-B2EE-FEA2A3CC5D00}"
EndProject
Project("{FAE04EC0-301F-11D3-BF4B-00C04F79EFBC}") = "InsertPicturesInXls", "hssf\InsertPicturesInXls\InsertPicturesInXls.csproj", "{743F3B02-A12E-4D01-8733-129AD48A02CC}"
EndProject
Project("{FAE04EC0-301F-11D3-BF4B-00C04F79EFBC}") = "GroupRowAndColumnInXls", "hssf\GroupRowAndColumnInXls\GroupRowAndColumnInXls.csproj", "{E09B35CA-9580-4CCB-9F01-1E2452101834}"
EndProject
Project("{FAE04EC0-301F-11D3-BF4B-00C04F79EFBC}") = "UseBasicFormulaInXls", "hssf\UseBasicFormulaInXls\UseBasicFormulaInXls.csproj", "{874E25C5-3ECE-4772-90C1-C857AF4C7568}"
EndProject
Project("{FAE04EC0-301F-11D3-BF4B-00C04F79EFBC}") = "FillBackgroundInXls", "hssf\FillBackgroundInXls\FillBackgroundInXls.csproj", "{0242FC8A-E605-40D0-A55E-A2A8A80CA564}"
EndProject
Project("{FAE04EC0-301F-11D3-BF4B-00C04F79EFBC}") = "DisplayGridlinesInXls", "hssf\DisplayGridlinesInXls\DisplayGridlinesInXls.csproj", "{FE443BA3-E3DF-4875-82EB-F21B4E000D51}"
EndProject
Project("{FAE04EC0-301F-11D3-BF4B-00C04F79EFBC}") = "ConditionalFormattingInXls", "hssf\ConditionalFormattingInXls\ConditionalFormattingInXls.csproj", "{A77B2631-7EFD-45AF-BF36-999ABE7D7D36}"
EndProject
Project("{FAE04EC0-301F-11D3-BF4B-00C04F79EFBC}") = "AddHyperlinkInXls", "hssf\AddHyperlinkInXls\AddHyperlinkInXls.csproj", "{ED368B57-3AFC-46F2-94C7-B77A5584FCA8}"
EndProject
Project("{FAE04EC0-301F-11D3-BF4B-00C04F79EFBC}") = "SplitAndFreezePanes", "hssf\SplitAndFreezePanes\SplitAndFreezePanes.csproj", "{D9527798-10E9-466B-96A8-6AE42DBE0428}"
EndProject
Project("{FAE04EC0-301F-11D3-BF4B-00C04F79EFBC}") = "GenerateXlsFromXlsTemplate", "hssf\GenerateXlsFromXlsTemplate\GenerateXlsFromXlsTemplate.csproj", "{1AEB7B6E-FCDA-4AC2-9ED5-363D4B22A594}"
EndProject
Project("{FAE04EC0-301F-11D3-BF4B-00C04F79EFBC}") = "SetCellValuesInXls", "hssf\SetCellValuesInXls\SetCellValuesInXls.csproj", "{39ACE35B-EE6E-4A08-944F-9961E25667EE}"
EndProject
Project("{FAE04EC0-301F-11D3-BF4B-00C04F79EFBC}") = "CreateHeaderFooterInXls", "hssf\CreateHeaderFooterInXls\CreateHeaderFooterInXls.csproj", "{FAF396EC-1702-4091-A8DC-6C8FD73C5A93}"
EndProject
Project("{FAE04EC0-301F-11D3-BF4B-00C04F79EFBC}") = "AutoSizeColumnInXls", "hssf\AutoSizeColumnInXls\AutoSizeColumnInXls.csproj", "{84C3F015-13D1-47DF-A71B-9D535F9E32BA}"
EndProject
Project("{FAE04EC0-301F-11D3-BF4B-00C04F79EFBC}") = "CreateDropDownListCellInXls", "hssf\CreateDropDownListCellInXls\CreateDropDownListCellInXls.csproj", "{60421AA4-2180-4E6A-BED6-44B8974604F5}"
EndProject
Project("{FAE04EC0-301F-11D3-BF4B-00C04F79EFBC}") = "ShrinkToFitColumnInXls", "hssf\ShrinkToFitColumnInXls\ShrinkToFitColumnInXls.csproj", "{0915C349-771A-4292-9CDB-C90DB9699B1D}"
EndProject
Project("{FAE04EC0-301F-11D3-BF4B-00C04F79EFBC}") = "SetActiveCellRangeInXls", "hssf\SetActiveCellRangeInXls\SetActiveCellRangeInXls.csproj", "{21640A19-3428-42E1-A442-D8A6E36DF625}"
EndProject
Project("{FAE04EC0-301F-11D3-BF4B-00C04F79EFBC}") = "ChangeSheetTabColorInXls", "hssf\ChangeSheetTabColorInXls\ChangeSheetTabColorInXls.csproj", "{0FC26430-9B64-4F42-BA37-9BB9DBBFD9D3}"
EndProject
Project("{FAE04EC0-301F-11D3-BF4B-00C04F79EFBC}") = "RepeatingRowsAndColumns", "hssf\RepeatingRowsAndColumns\RepeatingRowsAndColumns.csproj", "{A0A6ACE2-9988-4304-AEC0-1DCE1336C6EB}"
EndProject
Project("{FAE04EC0-301F-11D3-BF4B-00C04F79EFBC}") = "HideColumnAndRowInXls", "hssf\HideColumnAndRowInXls\HideColumnAndRowInXls.csproj", "{2B3D1915-6538-4E2A-8739-5423F5BB8718}"
EndProject
Project("{FAE04EC0-301F-11D3-BF4B-00C04F79EFBC}") = "ImportXlsToDataTable", "hssf\ImportXlsToDataTable\ImportXlsToDataTable.csproj", "{3249C8B8-2C5A-42B6-BDA8-F8B0C2619F71}"
EndProject
Project("{FAE04EC0-301F-11D3-BF4B-00C04F79EFBC}") = "SetPrintAreaInXls", "hssf\SetPrintAreaInXls\SetPrintAreaInXls.csproj", "{65A0B059-B6FF-47C9-AC7F-275B858AC355}"
EndProject
Project("{FAE04EC0-301F-11D3-BF4B-00C04F79EFBC}") = "EnableAutoFilterInXls", "hssf\EnableAutoFilterInXls\EnableAutoFilterInXls.csproj", "{EBFEB35E-2E99-4AB1-90A9-876D84B42B39}"
EndProject
Project("{FAE04EC0-301F-11D3-BF4B-00C04F79EFBC}") = "UseNewlinesInCellsInXls", "hssf\UseNewlinesInCellsInXls\UseNewlinesInCellsInXls.csproj", "{E59F8B89-6E0E-4870-A68B-A7CB11977ABA}"
EndProject
Project("{FAE04EC0-301F-11D3-BF4B-00C04F79EFBC}") = "ProtectSheetInXls", "hssf\ProtectSheetInXls\ProtectSheetInXls.csproj", "{3BDA1D83-7189-4B17-AE70-56E1E264EB41}"
EndProject
Project("{FAE04EC0-301F-11D3-BF4B-00C04F79EFBC}") = "ExtractPicturesFromXls", "hssf\ExtractPicturesFromXls\ExtractPicturesFromXls.csproj", "{ACEDDD5E-EEFF-4A59-ABB4-F70C58B8E644}"
EndProject
Project("{FAE04EC0-301F-11D3-BF4B-00C04F79EFBC}") = "TimeSheetDemo", "hssf\TimeSheetDemo\TimeSheetDemo.csproj", "{9B188700-1713-4022-92C4-C0E2AA57AA3C}"
EndProject
Project("{FAE04EC0-301F-11D3-BF4B-00C04F79EFBC}") = "LoanCalculator", "hssf\LoanCalculator\LoanCalculator.csproj", "{1B2891A4-BD05-47E0-96FF-DAE36F220C6E}"
EndProject
Project("{FAE04EC0-301F-11D3-BF4B-00C04F79EFBC}") = "ReadThumbsDB", "poifs\ReadThumbsDB\ReadThumbsDB.csproj", "{D15333B0-16CE-43C4-98E1-43F772ACFA82}"
EndProject
Project("{FAE04EC0-301F-11D3-BF4B-00C04F79EFBC}") = "CustomColorInXls", "hssf\CustomColorInXls\CustomColorInXls.csproj", "{E7C6F936-BBBC-4BB9-8550-0B8D2D9A4EB1}"
EndProject
Project("{FAE04EC0-301F-11D3-BF4B-00C04F79EFBC}") = "SetBordersOfRegion", "hssf\SetBordersOfRegion\SetBordersOfRegion.csproj", "{4CFCECB9-2871-4CC5-9509-910CBF45A5A2}"
EndProject
Project("{FAE04EC0-301F-11D3-BF4B-00C04F79EFBC}") = "BusinessPlan", "hssf\BusinessPlan\BusinessPlan.csproj", "{74D83AE1-DE01-4C88-B593-DAC1F37BB6FE}"
EndProject
Project("{FAE04EC0-301F-11D3-BF4B-00C04F79EFBC}") = "CalendarDemo", "hssf\CalendarDemo\CalendarDemo.csproj", "{D964F8B6-8945-4D31-8036-1E034AA27F7E}"
EndProject
Project("{FAE04EC0-301F-11D3-BF4B-00C04F79EFBC}") = "CopyRowsAndCellsInXls", "hssf\CopyRowsAndCellsInXls\CopyRowsAndCellsInXls.csproj", "{0859BAFC-DA05-455F-BA4C-5D240E40BB27}"
EndProject
Project("{FAE04EC0-301F-11D3-BF4B-00C04F79EFBC}") = "CopySheet", "hssf\CopySheet\CopySheet.csproj", "{C3ABCD53-2168-FE42-7724-15EEBAA47F62}"
EndProject
Project("{FAE04EC0-301F-11D3-BF4B-00C04F79EFBC}") = "ConvertExcelToHtml", "hssf\ConvertExcelToHtml\ConvertExcelToHtml.csproj", "{C3C62109-6B75-42D3-A9A4-C3218F7FF7B5}"
EndProject
Project("{2150E333-8FDC-42A3-9474-1A3956D46DE8}") = "HSSF", "HSSF", "{A96A4912-DE60-4FAE-A3BC-C40FED1BC457}"
EndProject
Project("{FAE04EC0-301F-11D3-BF4B-00C04F79EFBC}") = "CreateCustomProperties", "poifs\CreateCustomProperties\CreateCustomProperties.csproj", "{62F5E780-6D7B-49F4-8D9E-61A51A56CA0A}"
EndProject
Project("{2150E333-8FDC-42A3-9474-1A3956D46DE8}") = "OOXML", "OOXML", "{CF6DCA3B-6E22-421D-B6A9-B861C56D6E67}"
EndProject
Project("{FAE04EC0-301F-11D3-BF4B-00C04F79EFBC}") = "CreateBasicOOXMLFile", "ooxml\CreateBasicOOXMLFile\CreateBasicOOXMLFile.csproj", "{83EA8A07-5690-4FA7-A3E3-12026299B1D6}"
EndProject
Project("{FAE04EC0-301F-11D3-BF4B-00C04F79EFBC}") = "ModifyExistingOOXMLFile", "ooxml\ModifyExistingOOXMLFile\ModifyExistingOOXMLFile.csproj", "{F2811DAC-B7BF-4636-8E9D-FC8C007591AC}"
EndProject
Global
	GlobalSection(SolutionConfigurationPlatforms) = preSolution
		Debug|Any CPU = Debug|Any CPU
		Debug|Mixed Platforms = Debug|Mixed Platforms
		Debug|x86 = Debug|x86
		NPOI.Tools|Any CPU = NPOI.Tools|Any CPU
		NPOI.Tools|Mixed Platforms = NPOI.Tools|Mixed Platforms
		NPOI.Tools|x86 = NPOI.Tools|x86
		Release|Any CPU = Release|Any CPU
		Release|Mixed Platforms = Release|Mixed Platforms
		Release|x86 = Release|x86
	EndGlobalSection
	GlobalSection(ProjectConfigurationPlatforms) = postSolution
		{646A589F-90D3-4AB2-9346-0FC4C097D76A}.Debug|Any CPU.ActiveCfg = Debug|Any CPU
		{646A589F-90D3-4AB2-9346-0FC4C097D76A}.Debug|Any CPU.Build.0 = Debug|Any CPU
		{646A589F-90D3-4AB2-9346-0FC4C097D76A}.Debug|Mixed Platforms.ActiveCfg = Debug|Any CPU
		{646A589F-90D3-4AB2-9346-0FC4C097D76A}.Debug|Mixed Platforms.Build.0 = Debug|Any CPU
		{646A589F-90D3-4AB2-9346-0FC4C097D76A}.Debug|x86.ActiveCfg = Debug|Any CPU
		{646A589F-90D3-4AB2-9346-0FC4C097D76A}.NPOI.Tools|Any CPU.ActiveCfg = Release|Any CPU
		{646A589F-90D3-4AB2-9346-0FC4C097D76A}.NPOI.Tools|Mixed Platforms.ActiveCfg = Release|Any CPU
		{646A589F-90D3-4AB2-9346-0FC4C097D76A}.NPOI.Tools|Mixed Platforms.Build.0 = Release|Any CPU
		{646A589F-90D3-4AB2-9346-0FC4C097D76A}.NPOI.Tools|x86.ActiveCfg = Release|Any CPU
		{646A589F-90D3-4AB2-9346-0FC4C097D76A}.Release|Any CPU.ActiveCfg = Release|Any CPU
		{646A589F-90D3-4AB2-9346-0FC4C097D76A}.Release|Mixed Platforms.ActiveCfg = Release|Any CPU
		{646A589F-90D3-4AB2-9346-0FC4C097D76A}.Release|Mixed Platforms.Build.0 = Release|Any CPU
		{646A589F-90D3-4AB2-9346-0FC4C097D76A}.Release|x86.ActiveCfg = Release|Any CPU
		{2EFA16D1-5B04-43E4-B4FC-8CBAF2E30B93}.Debug|Any CPU.ActiveCfg = Debug|Any CPU
		{2EFA16D1-5B04-43E4-B4FC-8CBAF2E30B93}.Debug|Any CPU.Build.0 = Debug|Any CPU
		{2EFA16D1-5B04-43E4-B4FC-8CBAF2E30B93}.Debug|Mixed Platforms.ActiveCfg = Debug|Any CPU
		{2EFA16D1-5B04-43E4-B4FC-8CBAF2E30B93}.Debug|Mixed Platforms.Build.0 = Debug|Any CPU
		{2EFA16D1-5B04-43E4-B4FC-8CBAF2E30B93}.Debug|x86.ActiveCfg = Debug|Any CPU
		{2EFA16D1-5B04-43E4-B4FC-8CBAF2E30B93}.NPOI.Tools|Any CPU.ActiveCfg = Release|Any CPU
		{2EFA16D1-5B04-43E4-B4FC-8CBAF2E30B93}.NPOI.Tools|Mixed Platforms.ActiveCfg = Release|Any CPU
		{2EFA16D1-5B04-43E4-B4FC-8CBAF2E30B93}.NPOI.Tools|Mixed Platforms.Build.0 = Release|Any CPU
		{2EFA16D1-5B04-43E4-B4FC-8CBAF2E30B93}.NPOI.Tools|x86.ActiveCfg = Release|Any CPU
		{2EFA16D1-5B04-43E4-B4FC-8CBAF2E30B93}.Release|Any CPU.ActiveCfg = Release|Any CPU
		{2EFA16D1-5B04-43E4-B4FC-8CBAF2E30B93}.Release|Mixed Platforms.ActiveCfg = Release|Any CPU
		{2EFA16D1-5B04-43E4-B4FC-8CBAF2E30B93}.Release|Mixed Platforms.Build.0 = Release|Any CPU
		{2EFA16D1-5B04-43E4-B4FC-8CBAF2E30B93}.Release|x86.ActiveCfg = Release|Any CPU
		{A5555027-4EAF-47E7-B5C2-C2595AB22A6A}.Debug|Any CPU.ActiveCfg = Debug|Any CPU
		{A5555027-4EAF-47E7-B5C2-C2595AB22A6A}.Debug|Any CPU.Build.0 = Debug|Any CPU
		{A5555027-4EAF-47E7-B5C2-C2595AB22A6A}.Debug|Mixed Platforms.ActiveCfg = Debug|Any CPU
		{A5555027-4EAF-47E7-B5C2-C2595AB22A6A}.Debug|Mixed Platforms.Build.0 = Debug|Any CPU
		{A5555027-4EAF-47E7-B5C2-C2595AB22A6A}.Debug|x86.ActiveCfg = Debug|Any CPU
		{A5555027-4EAF-47E7-B5C2-C2595AB22A6A}.NPOI.Tools|Any CPU.ActiveCfg = Release|Any CPU
		{A5555027-4EAF-47E7-B5C2-C2595AB22A6A}.NPOI.Tools|Mixed Platforms.ActiveCfg = Release|Any CPU
		{A5555027-4EAF-47E7-B5C2-C2595AB22A6A}.NPOI.Tools|Mixed Platforms.Build.0 = Release|Any CPU
		{A5555027-4EAF-47E7-B5C2-C2595AB22A6A}.NPOI.Tools|x86.ActiveCfg = Release|Any CPU
		{A5555027-4EAF-47E7-B5C2-C2595AB22A6A}.Release|Any CPU.ActiveCfg = Release|Any CPU
		{A5555027-4EAF-47E7-B5C2-C2595AB22A6A}.Release|Mixed Platforms.ActiveCfg = Release|Any CPU
		{A5555027-4EAF-47E7-B5C2-C2595AB22A6A}.Release|Mixed Platforms.Build.0 = Release|Any CPU
		{A5555027-4EAF-47E7-B5C2-C2595AB22A6A}.Release|x86.ActiveCfg = Release|Any CPU
		{3C323255-CF44-43FC-BD7B-F170FEB93E6A}.Debug|Any CPU.ActiveCfg = Debug|Any CPU
		{3C323255-CF44-43FC-BD7B-F170FEB93E6A}.Debug|Any CPU.Build.0 = Debug|Any CPU
		{3C323255-CF44-43FC-BD7B-F170FEB93E6A}.Debug|Mixed Platforms.ActiveCfg = Debug|Any CPU
		{3C323255-CF44-43FC-BD7B-F170FEB93E6A}.Debug|Mixed Platforms.Build.0 = Debug|Any CPU
		{3C323255-CF44-43FC-BD7B-F170FEB93E6A}.Debug|x86.ActiveCfg = Debug|Any CPU
		{3C323255-CF44-43FC-BD7B-F170FEB93E6A}.NPOI.Tools|Any CPU.ActiveCfg = Release|Any CPU
		{3C323255-CF44-43FC-BD7B-F170FEB93E6A}.NPOI.Tools|Mixed Platforms.ActiveCfg = Release|Any CPU
		{3C323255-CF44-43FC-BD7B-F170FEB93E6A}.NPOI.Tools|Mixed Platforms.Build.0 = Release|Any CPU
		{3C323255-CF44-43FC-BD7B-F170FEB93E6A}.NPOI.Tools|x86.ActiveCfg = Release|Any CPU
		{3C323255-CF44-43FC-BD7B-F170FEB93E6A}.Release|Any CPU.ActiveCfg = Release|Any CPU
		{3C323255-CF44-43FC-BD7B-F170FEB93E6A}.Release|Mixed Platforms.ActiveCfg = Release|Any CPU
		{3C323255-CF44-43FC-BD7B-F170FEB93E6A}.Release|Mixed Platforms.Build.0 = Release|Any CPU
		{3C323255-CF44-43FC-BD7B-F170FEB93E6A}.Release|x86.ActiveCfg = Release|Any CPU
		{0183662A-B1B4-4E65-916E-C2FB397B8A3E}.Debug|Any CPU.ActiveCfg = Debug|Any CPU
		{0183662A-B1B4-4E65-916E-C2FB397B8A3E}.Debug|Any CPU.Build.0 = Debug|Any CPU
		{0183662A-B1B4-4E65-916E-C2FB397B8A3E}.Debug|Mixed Platforms.ActiveCfg = Debug|Any CPU
		{0183662A-B1B4-4E65-916E-C2FB397B8A3E}.Debug|Mixed Platforms.Build.0 = Debug|Any CPU
		{0183662A-B1B4-4E65-916E-C2FB397B8A3E}.Debug|x86.ActiveCfg = Debug|Any CPU
		{0183662A-B1B4-4E65-916E-C2FB397B8A3E}.NPOI.Tools|Any CPU.ActiveCfg = Release|Any CPU
		{0183662A-B1B4-4E65-916E-C2FB397B8A3E}.NPOI.Tools|Mixed Platforms.ActiveCfg = Release|Any CPU
		{0183662A-B1B4-4E65-916E-C2FB397B8A3E}.NPOI.Tools|Mixed Platforms.Build.0 = Release|Any CPU
		{0183662A-B1B4-4E65-916E-C2FB397B8A3E}.NPOI.Tools|x86.ActiveCfg = Release|Any CPU
		{0183662A-B1B4-4E65-916E-C2FB397B8A3E}.Release|Any CPU.ActiveCfg = Release|Any CPU
		{0183662A-B1B4-4E65-916E-C2FB397B8A3E}.Release|Mixed Platforms.ActiveCfg = Release|Any CPU
		{0183662A-B1B4-4E65-916E-C2FB397B8A3E}.Release|Mixed Platforms.Build.0 = Release|Any CPU
		{0183662A-B1B4-4E65-916E-C2FB397B8A3E}.Release|x86.ActiveCfg = Release|Any CPU
		{727632C0-1983-4943-AD09-6347F74BBE85}.Debug|Any CPU.ActiveCfg = Debug|Any CPU
		{727632C0-1983-4943-AD09-6347F74BBE85}.Debug|Any CPU.Build.0 = Debug|Any CPU
		{727632C0-1983-4943-AD09-6347F74BBE85}.Debug|Mixed Platforms.ActiveCfg = Debug|Any CPU
		{727632C0-1983-4943-AD09-6347F74BBE85}.Debug|Mixed Platforms.Build.0 = Debug|Any CPU
		{727632C0-1983-4943-AD09-6347F74BBE85}.Debug|x86.ActiveCfg = Debug|Any CPU
		{727632C0-1983-4943-AD09-6347F74BBE85}.NPOI.Tools|Any CPU.ActiveCfg = Release|Any CPU
		{727632C0-1983-4943-AD09-6347F74BBE85}.NPOI.Tools|Mixed Platforms.ActiveCfg = Release|Any CPU
		{727632C0-1983-4943-AD09-6347F74BBE85}.NPOI.Tools|Mixed Platforms.Build.0 = Release|Any CPU
		{727632C0-1983-4943-AD09-6347F74BBE85}.NPOI.Tools|x86.ActiveCfg = Release|Any CPU
		{727632C0-1983-4943-AD09-6347F74BBE85}.Release|Any CPU.ActiveCfg = Release|Any CPU
		{727632C0-1983-4943-AD09-6347F74BBE85}.Release|Mixed Platforms.ActiveCfg = Release|Any CPU
		{727632C0-1983-4943-AD09-6347F74BBE85}.Release|Mixed Platforms.Build.0 = Release|Any CPU
		{727632C0-1983-4943-AD09-6347F74BBE85}.Release|x86.ActiveCfg = Release|Any CPU
		{A6787661-E365-4457-9D6E-F5BEE50191A6}.Debug|Any CPU.ActiveCfg = Debug|Any CPU
		{A6787661-E365-4457-9D6E-F5BEE50191A6}.Debug|Any CPU.Build.0 = Debug|Any CPU
		{A6787661-E365-4457-9D6E-F5BEE50191A6}.Debug|Mixed Platforms.ActiveCfg = Debug|Any CPU
		{A6787661-E365-4457-9D6E-F5BEE50191A6}.Debug|Mixed Platforms.Build.0 = Debug|Any CPU
		{A6787661-E365-4457-9D6E-F5BEE50191A6}.Debug|x86.ActiveCfg = Debug|Any CPU
		{A6787661-E365-4457-9D6E-F5BEE50191A6}.NPOI.Tools|Any CPU.ActiveCfg = Release|Any CPU
		{A6787661-E365-4457-9D6E-F5BEE50191A6}.NPOI.Tools|Mixed Platforms.ActiveCfg = Release|Any CPU
		{A6787661-E365-4457-9D6E-F5BEE50191A6}.NPOI.Tools|Mixed Platforms.Build.0 = Release|Any CPU
		{A6787661-E365-4457-9D6E-F5BEE50191A6}.NPOI.Tools|x86.ActiveCfg = Release|Any CPU
		{A6787661-E365-4457-9D6E-F5BEE50191A6}.Release|Any CPU.ActiveCfg = Release|Any CPU
		{A6787661-E365-4457-9D6E-F5BEE50191A6}.Release|Mixed Platforms.ActiveCfg = Release|Any CPU
		{A6787661-E365-4457-9D6E-F5BEE50191A6}.Release|Mixed Platforms.Build.0 = Release|Any CPU
		{A6787661-E365-4457-9D6E-F5BEE50191A6}.Release|x86.ActiveCfg = Release|Any CPU
		{F4C3D91C-93AA-4678-ADAA-8E81B162B54B}.Debug|Any CPU.ActiveCfg = Debug|Any CPU
		{F4C3D91C-93AA-4678-ADAA-8E81B162B54B}.Debug|Any CPU.Build.0 = Debug|Any CPU
		{F4C3D91C-93AA-4678-ADAA-8E81B162B54B}.Debug|Mixed Platforms.ActiveCfg = Debug|Any CPU
		{F4C3D91C-93AA-4678-ADAA-8E81B162B54B}.Debug|Mixed Platforms.Build.0 = Debug|Any CPU
		{F4C3D91C-93AA-4678-ADAA-8E81B162B54B}.Debug|x86.ActiveCfg = Debug|Any CPU
		{F4C3D91C-93AA-4678-ADAA-8E81B162B54B}.NPOI.Tools|Any CPU.ActiveCfg = Release|Any CPU
		{F4C3D91C-93AA-4678-ADAA-8E81B162B54B}.NPOI.Tools|Mixed Platforms.ActiveCfg = Release|Any CPU
		{F4C3D91C-93AA-4678-ADAA-8E81B162B54B}.NPOI.Tools|Mixed Platforms.Build.0 = Release|Any CPU
		{F4C3D91C-93AA-4678-ADAA-8E81B162B54B}.NPOI.Tools|x86.ActiveCfg = Release|Any CPU
		{F4C3D91C-93AA-4678-ADAA-8E81B162B54B}.Release|Any CPU.ActiveCfg = Release|Any CPU
		{F4C3D91C-93AA-4678-ADAA-8E81B162B54B}.Release|Mixed Platforms.ActiveCfg = Release|Any CPU
		{F4C3D91C-93AA-4678-ADAA-8E81B162B54B}.Release|Mixed Platforms.Build.0 = Release|Any CPU
		{F4C3D91C-93AA-4678-ADAA-8E81B162B54B}.Release|x86.ActiveCfg = Release|Any CPU
		{68BA3B7C-629D-4FA2-A301-0F9F2A5FC5F2}.Debug|Any CPU.ActiveCfg = Debug|Any CPU
		{68BA3B7C-629D-4FA2-A301-0F9F2A5FC5F2}.Debug|Any CPU.Build.0 = Debug|Any CPU
		{68BA3B7C-629D-4FA2-A301-0F9F2A5FC5F2}.Debug|Mixed Platforms.ActiveCfg = Debug|Any CPU
		{68BA3B7C-629D-4FA2-A301-0F9F2A5FC5F2}.Debug|Mixed Platforms.Build.0 = Debug|Any CPU
		{68BA3B7C-629D-4FA2-A301-0F9F2A5FC5F2}.Debug|x86.ActiveCfg = Debug|Any CPU
		{68BA3B7C-629D-4FA2-A301-0F9F2A5FC5F2}.NPOI.Tools|Any CPU.ActiveCfg = Release|Any CPU
		{68BA3B7C-629D-4FA2-A301-0F9F2A5FC5F2}.NPOI.Tools|Mixed Platforms.ActiveCfg = Release|Any CPU
		{68BA3B7C-629D-4FA2-A301-0F9F2A5FC5F2}.NPOI.Tools|Mixed Platforms.Build.0 = Release|Any CPU
		{68BA3B7C-629D-4FA2-A301-0F9F2A5FC5F2}.NPOI.Tools|x86.ActiveCfg = Release|Any CPU
		{68BA3B7C-629D-4FA2-A301-0F9F2A5FC5F2}.Release|Any CPU.ActiveCfg = Release|Any CPU
		{68BA3B7C-629D-4FA2-A301-0F9F2A5FC5F2}.Release|Mixed Platforms.ActiveCfg = Release|Any CPU
		{68BA3B7C-629D-4FA2-A301-0F9F2A5FC5F2}.Release|Mixed Platforms.Build.0 = Release|Any CPU
		{68BA3B7C-629D-4FA2-A301-0F9F2A5FC5F2}.Release|x86.ActiveCfg = Release|Any CPU
		{911B580E-30EC-4D43-93DB-C8E6091F6053}.Debug|Any CPU.ActiveCfg = Debug|Any CPU
		{911B580E-30EC-4D43-93DB-C8E6091F6053}.Debug|Any CPU.Build.0 = Debug|Any CPU
		{911B580E-30EC-4D43-93DB-C8E6091F6053}.Debug|Mixed Platforms.ActiveCfg = Debug|Any CPU
		{911B580E-30EC-4D43-93DB-C8E6091F6053}.Debug|Mixed Platforms.Build.0 = Debug|Any CPU
		{911B580E-30EC-4D43-93DB-C8E6091F6053}.Debug|x86.ActiveCfg = Debug|Any CPU
		{911B580E-30EC-4D43-93DB-C8E6091F6053}.NPOI.Tools|Any CPU.ActiveCfg = Release|Any CPU
		{911B580E-30EC-4D43-93DB-C8E6091F6053}.NPOI.Tools|Mixed Platforms.ActiveCfg = Release|Any CPU
		{911B580E-30EC-4D43-93DB-C8E6091F6053}.NPOI.Tools|Mixed Platforms.Build.0 = Release|Any CPU
		{911B580E-30EC-4D43-93DB-C8E6091F6053}.NPOI.Tools|x86.ActiveCfg = Release|Any CPU
		{911B580E-30EC-4D43-93DB-C8E6091F6053}.Release|Any CPU.ActiveCfg = Release|Any CPU
		{911B580E-30EC-4D43-93DB-C8E6091F6053}.Release|Mixed Platforms.ActiveCfg = Release|Any CPU
		{911B580E-30EC-4D43-93DB-C8E6091F6053}.Release|Mixed Platforms.Build.0 = Release|Any CPU
		{911B580E-30EC-4D43-93DB-C8E6091F6053}.Release|x86.ActiveCfg = Release|Any CPU
		{3BC1A9C3-7963-4A0A-A072-F36BA72917AC}.Debug|Any CPU.ActiveCfg = Debug|Any CPU
		{3BC1A9C3-7963-4A0A-A072-F36BA72917AC}.Debug|Any CPU.Build.0 = Debug|Any CPU
		{3BC1A9C3-7963-4A0A-A072-F36BA72917AC}.Debug|Mixed Platforms.ActiveCfg = Debug|Any CPU
		{3BC1A9C3-7963-4A0A-A072-F36BA72917AC}.Debug|Mixed Platforms.Build.0 = Debug|Any CPU
		{3BC1A9C3-7963-4A0A-A072-F36BA72917AC}.Debug|x86.ActiveCfg = Debug|Any CPU
		{3BC1A9C3-7963-4A0A-A072-F36BA72917AC}.NPOI.Tools|Any CPU.ActiveCfg = Release|Any CPU
		{3BC1A9C3-7963-4A0A-A072-F36BA72917AC}.NPOI.Tools|Mixed Platforms.ActiveCfg = Release|Any CPU
		{3BC1A9C3-7963-4A0A-A072-F36BA72917AC}.NPOI.Tools|Mixed Platforms.Build.0 = Release|Any CPU
		{3BC1A9C3-7963-4A0A-A072-F36BA72917AC}.NPOI.Tools|x86.ActiveCfg = Release|Any CPU
		{3BC1A9C3-7963-4A0A-A072-F36BA72917AC}.Release|Any CPU.ActiveCfg = Release|Any CPU
		{3BC1A9C3-7963-4A0A-A072-F36BA72917AC}.Release|Mixed Platforms.ActiveCfg = Release|Any CPU
		{3BC1A9C3-7963-4A0A-A072-F36BA72917AC}.Release|Mixed Platforms.Build.0 = Release|Any CPU
		{3BC1A9C3-7963-4A0A-A072-F36BA72917AC}.Release|x86.ActiveCfg = Release|Any CPU
		{08AE95F1-1234-4F95-ACCC-DFE0F85AE4B9}.Debug|Any CPU.ActiveCfg = Debug|Any CPU
		{08AE95F1-1234-4F95-ACCC-DFE0F85AE4B9}.Debug|Any CPU.Build.0 = Debug|Any CPU
		{08AE95F1-1234-4F95-ACCC-DFE0F85AE4B9}.Debug|Mixed Platforms.ActiveCfg = Debug|Any CPU
		{08AE95F1-1234-4F95-ACCC-DFE0F85AE4B9}.Debug|Mixed Platforms.Build.0 = Debug|Any CPU
		{08AE95F1-1234-4F95-ACCC-DFE0F85AE4B9}.Debug|x86.ActiveCfg = Debug|Any CPU
		{08AE95F1-1234-4F95-ACCC-DFE0F85AE4B9}.NPOI.Tools|Any CPU.ActiveCfg = Release|Any CPU
		{08AE95F1-1234-4F95-ACCC-DFE0F85AE4B9}.NPOI.Tools|Mixed Platforms.ActiveCfg = Release|Any CPU
		{08AE95F1-1234-4F95-ACCC-DFE0F85AE4B9}.NPOI.Tools|Mixed Platforms.Build.0 = Release|Any CPU
		{08AE95F1-1234-4F95-ACCC-DFE0F85AE4B9}.NPOI.Tools|x86.ActiveCfg = Release|Any CPU
		{08AE95F1-1234-4F95-ACCC-DFE0F85AE4B9}.Release|Any CPU.ActiveCfg = Release|Any CPU
		{08AE95F1-1234-4F95-ACCC-DFE0F85AE4B9}.Release|Mixed Platforms.ActiveCfg = Release|Any CPU
		{08AE95F1-1234-4F95-ACCC-DFE0F85AE4B9}.Release|Mixed Platforms.Build.0 = Release|Any CPU
		{08AE95F1-1234-4F95-ACCC-DFE0F85AE4B9}.Release|x86.ActiveCfg = Release|Any CPU
		{A2F98C75-FA26-49B5-9F59-E11F80455AE2}.Debug|Any CPU.ActiveCfg = Debug|Any CPU
		{A2F98C75-FA26-49B5-9F59-E11F80455AE2}.Debug|Any CPU.Build.0 = Debug|Any CPU
		{A2F98C75-FA26-49B5-9F59-E11F80455AE2}.Debug|Mixed Platforms.ActiveCfg = Debug|Any CPU
		{A2F98C75-FA26-49B5-9F59-E11F80455AE2}.Debug|Mixed Platforms.Build.0 = Debug|Any CPU
		{A2F98C75-FA26-49B5-9F59-E11F80455AE2}.Debug|x86.ActiveCfg = Debug|Any CPU
		{A2F98C75-FA26-49B5-9F59-E11F80455AE2}.NPOI.Tools|Any CPU.ActiveCfg = Release|Any CPU
		{A2F98C75-FA26-49B5-9F59-E11F80455AE2}.NPOI.Tools|Mixed Platforms.ActiveCfg = Release|Any CPU
		{A2F98C75-FA26-49B5-9F59-E11F80455AE2}.NPOI.Tools|Mixed Platforms.Build.0 = Release|Any CPU
		{A2F98C75-FA26-49B5-9F59-E11F80455AE2}.NPOI.Tools|x86.ActiveCfg = Release|Any CPU
		{A2F98C75-FA26-49B5-9F59-E11F80455AE2}.Release|Any CPU.ActiveCfg = Release|Any CPU
		{A2F98C75-FA26-49B5-9F59-E11F80455AE2}.Release|Mixed Platforms.ActiveCfg = Release|Any CPU
		{A2F98C75-FA26-49B5-9F59-E11F80455AE2}.Release|Mixed Platforms.Build.0 = Release|Any CPU
		{A2F98C75-FA26-49B5-9F59-E11F80455AE2}.Release|x86.ActiveCfg = Release|Any CPU
		{8817BC32-9672-4DAF-901D-62FC9C89932B}.Debug|Any CPU.ActiveCfg = Debug|Any CPU
		{8817BC32-9672-4DAF-901D-62FC9C89932B}.Debug|Any CPU.Build.0 = Debug|Any CPU
		{8817BC32-9672-4DAF-901D-62FC9C89932B}.Debug|Mixed Platforms.ActiveCfg = Debug|Any CPU
		{8817BC32-9672-4DAF-901D-62FC9C89932B}.Debug|Mixed Platforms.Build.0 = Debug|Any CPU
		{8817BC32-9672-4DAF-901D-62FC9C89932B}.Debug|x86.ActiveCfg = Debug|Any CPU
		{8817BC32-9672-4DAF-901D-62FC9C89932B}.NPOI.Tools|Any CPU.ActiveCfg = Release|Any CPU
		{8817BC32-9672-4DAF-901D-62FC9C89932B}.NPOI.Tools|Mixed Platforms.ActiveCfg = Release|Any CPU
		{8817BC32-9672-4DAF-901D-62FC9C89932B}.NPOI.Tools|Mixed Platforms.Build.0 = Release|Any CPU
		{8817BC32-9672-4DAF-901D-62FC9C89932B}.NPOI.Tools|x86.ActiveCfg = Release|Any CPU
		{8817BC32-9672-4DAF-901D-62FC9C89932B}.Release|Any CPU.ActiveCfg = Release|Any CPU
		{8817BC32-9672-4DAF-901D-62FC9C89932B}.Release|Mixed Platforms.ActiveCfg = Release|Any CPU
		{8817BC32-9672-4DAF-901D-62FC9C89932B}.Release|Mixed Platforms.Build.0 = Release|Any CPU
		{8817BC32-9672-4DAF-901D-62FC9C89932B}.Release|x86.ActiveCfg = Release|Any CPU
		{064D83E9-B303-4924-888C-37115DB6F94F}.Debug|Any CPU.ActiveCfg = Debug|Any CPU
		{064D83E9-B303-4924-888C-37115DB6F94F}.Debug|Any CPU.Build.0 = Debug|Any CPU
		{064D83E9-B303-4924-888C-37115DB6F94F}.Debug|Mixed Platforms.ActiveCfg = Debug|Any CPU
		{064D83E9-B303-4924-888C-37115DB6F94F}.Debug|Mixed Platforms.Build.0 = Debug|Any CPU
		{064D83E9-B303-4924-888C-37115DB6F94F}.Debug|x86.ActiveCfg = Debug|Any CPU
		{064D83E9-B303-4924-888C-37115DB6F94F}.NPOI.Tools|Any CPU.ActiveCfg = Release|Any CPU
		{064D83E9-B303-4924-888C-37115DB6F94F}.NPOI.Tools|Mixed Platforms.ActiveCfg = Release|Any CPU
		{064D83E9-B303-4924-888C-37115DB6F94F}.NPOI.Tools|Mixed Platforms.Build.0 = Release|Any CPU
		{064D83E9-B303-4924-888C-37115DB6F94F}.NPOI.Tools|x86.ActiveCfg = Release|Any CPU
		{064D83E9-B303-4924-888C-37115DB6F94F}.Release|Any CPU.ActiveCfg = Release|Any CPU
		{064D83E9-B303-4924-888C-37115DB6F94F}.Release|Mixed Platforms.ActiveCfg = Release|Any CPU
		{064D83E9-B303-4924-888C-37115DB6F94F}.Release|Mixed Platforms.Build.0 = Release|Any CPU
		{064D83E9-B303-4924-888C-37115DB6F94F}.Release|x86.ActiveCfg = Release|Any CPU
		{BB29D536-3C65-496D-9FC0-E54BB31C4AEB}.Debug|Any CPU.ActiveCfg = Debug|Any CPU
		{BB29D536-3C65-496D-9FC0-E54BB31C4AEB}.Debug|Any CPU.Build.0 = Debug|Any CPU
		{BB29D536-3C65-496D-9FC0-E54BB31C4AEB}.Debug|Mixed Platforms.ActiveCfg = Debug|Any CPU
		{BB29D536-3C65-496D-9FC0-E54BB31C4AEB}.Debug|Mixed Platforms.Build.0 = Debug|Any CPU
		{BB29D536-3C65-496D-9FC0-E54BB31C4AEB}.Debug|x86.ActiveCfg = Debug|Any CPU
		{BB29D536-3C65-496D-9FC0-E54BB31C4AEB}.NPOI.Tools|Any CPU.ActiveCfg = Release|Any CPU
		{BB29D536-3C65-496D-9FC0-E54BB31C4AEB}.NPOI.Tools|Mixed Platforms.ActiveCfg = Release|Any CPU
		{BB29D536-3C65-496D-9FC0-E54BB31C4AEB}.NPOI.Tools|Mixed Platforms.Build.0 = Release|Any CPU
		{BB29D536-3C65-496D-9FC0-E54BB31C4AEB}.NPOI.Tools|x86.ActiveCfg = Release|Any CPU
		{BB29D536-3C65-496D-9FC0-E54BB31C4AEB}.Release|Any CPU.ActiveCfg = Release|Any CPU
		{BB29D536-3C65-496D-9FC0-E54BB31C4AEB}.Release|Mixed Platforms.ActiveCfg = Release|Any CPU
		{BB29D536-3C65-496D-9FC0-E54BB31C4AEB}.Release|Mixed Platforms.Build.0 = Release|Any CPU
		{BB29D536-3C65-496D-9FC0-E54BB31C4AEB}.Release|x86.ActiveCfg = Release|Any CPU
		{A2E1D5DA-1E70-48E2-BBDC-5E01882ADC95}.Debug|Any CPU.ActiveCfg = Debug|Any CPU
		{A2E1D5DA-1E70-48E2-BBDC-5E01882ADC95}.Debug|Any CPU.Build.0 = Debug|Any CPU
		{A2E1D5DA-1E70-48E2-BBDC-5E01882ADC95}.Debug|Mixed Platforms.ActiveCfg = Debug|Any CPU
		{A2E1D5DA-1E70-48E2-BBDC-5E01882ADC95}.Debug|Mixed Platforms.Build.0 = Debug|Any CPU
		{A2E1D5DA-1E70-48E2-BBDC-5E01882ADC95}.Debug|x86.ActiveCfg = Debug|Any CPU
		{A2E1D5DA-1E70-48E2-BBDC-5E01882ADC95}.NPOI.Tools|Any CPU.ActiveCfg = Release|Any CPU
		{A2E1D5DA-1E70-48E2-BBDC-5E01882ADC95}.NPOI.Tools|Mixed Platforms.ActiveCfg = Release|Any CPU
		{A2E1D5DA-1E70-48E2-BBDC-5E01882ADC95}.NPOI.Tools|Mixed Platforms.Build.0 = Release|Any CPU
		{A2E1D5DA-1E70-48E2-BBDC-5E01882ADC95}.NPOI.Tools|x86.ActiveCfg = Release|Any CPU
		{A2E1D5DA-1E70-48E2-BBDC-5E01882ADC95}.Release|Any CPU.ActiveCfg = Release|Any CPU
		{A2E1D5DA-1E70-48E2-BBDC-5E01882ADC95}.Release|Mixed Platforms.ActiveCfg = Release|Any CPU
		{A2E1D5DA-1E70-48E2-BBDC-5E01882ADC95}.Release|Mixed Platforms.Build.0 = Release|Any CPU
		{A2E1D5DA-1E70-48E2-BBDC-5E01882ADC95}.Release|x86.ActiveCfg = Release|Any CPU
		{D668018C-D806-4875-9A49-3E17005B4719}.Debug|Any CPU.ActiveCfg = Debug|Any CPU
		{D668018C-D806-4875-9A49-3E17005B4719}.Debug|Any CPU.Build.0 = Debug|Any CPU
		{D668018C-D806-4875-9A49-3E17005B4719}.Debug|Mixed Platforms.ActiveCfg = Debug|Any CPU
		{D668018C-D806-4875-9A49-3E17005B4719}.Debug|Mixed Platforms.Build.0 = Debug|Any CPU
		{D668018C-D806-4875-9A49-3E17005B4719}.Debug|x86.ActiveCfg = Debug|Any CPU
		{D668018C-D806-4875-9A49-3E17005B4719}.NPOI.Tools|Any CPU.ActiveCfg = Release|Any CPU
		{D668018C-D806-4875-9A49-3E17005B4719}.NPOI.Tools|Mixed Platforms.ActiveCfg = Release|Any CPU
		{D668018C-D806-4875-9A49-3E17005B4719}.NPOI.Tools|Mixed Platforms.Build.0 = Release|Any CPU
		{D668018C-D806-4875-9A49-3E17005B4719}.NPOI.Tools|x86.ActiveCfg = Release|Any CPU
		{D668018C-D806-4875-9A49-3E17005B4719}.Release|Any CPU.ActiveCfg = Release|Any CPU
		{D668018C-D806-4875-9A49-3E17005B4719}.Release|Mixed Platforms.ActiveCfg = Release|Any CPU
		{D668018C-D806-4875-9A49-3E17005B4719}.Release|Mixed Platforms.Build.0 = Release|Any CPU
		{D668018C-D806-4875-9A49-3E17005B4719}.Release|x86.ActiveCfg = Release|Any CPU
		{7F775F9F-4BA0-47BF-B2EE-FEA2A3CC5D00}.Debug|Any CPU.ActiveCfg = Debug|Any CPU
		{7F775F9F-4BA0-47BF-B2EE-FEA2A3CC5D00}.Debug|Any CPU.Build.0 = Debug|Any CPU
		{7F775F9F-4BA0-47BF-B2EE-FEA2A3CC5D00}.Debug|Mixed Platforms.ActiveCfg = Debug|Any CPU
		{7F775F9F-4BA0-47BF-B2EE-FEA2A3CC5D00}.Debug|Mixed Platforms.Build.0 = Debug|Any CPU
		{7F775F9F-4BA0-47BF-B2EE-FEA2A3CC5D00}.Debug|x86.ActiveCfg = Debug|Any CPU
		{7F775F9F-4BA0-47BF-B2EE-FEA2A3CC5D00}.NPOI.Tools|Any CPU.ActiveCfg = Release|Any CPU
		{7F775F9F-4BA0-47BF-B2EE-FEA2A3CC5D00}.NPOI.Tools|Mixed Platforms.ActiveCfg = Release|Any CPU
		{7F775F9F-4BA0-47BF-B2EE-FEA2A3CC5D00}.NPOI.Tools|Mixed Platforms.Build.0 = Release|Any CPU
		{7F775F9F-4BA0-47BF-B2EE-FEA2A3CC5D00}.NPOI.Tools|x86.ActiveCfg = Release|Any CPU
		{7F775F9F-4BA0-47BF-B2EE-FEA2A3CC5D00}.Release|Any CPU.ActiveCfg = Release|Any CPU
		{7F775F9F-4BA0-47BF-B2EE-FEA2A3CC5D00}.Release|Mixed Platforms.ActiveCfg = Release|Any CPU
		{7F775F9F-4BA0-47BF-B2EE-FEA2A3CC5D00}.Release|Mixed Platforms.Build.0 = Release|Any CPU
		{7F775F9F-4BA0-47BF-B2EE-FEA2A3CC5D00}.Release|x86.ActiveCfg = Release|Any CPU
		{743F3B02-A12E-4D01-8733-129AD48A02CC}.Debug|Any CPU.ActiveCfg = Debug|Any CPU
		{743F3B02-A12E-4D01-8733-129AD48A02CC}.Debug|Any CPU.Build.0 = Debug|Any CPU
		{743F3B02-A12E-4D01-8733-129AD48A02CC}.Debug|Mixed Platforms.ActiveCfg = Debug|Any CPU
		{743F3B02-A12E-4D01-8733-129AD48A02CC}.Debug|Mixed Platforms.Build.0 = Debug|Any CPU
		{743F3B02-A12E-4D01-8733-129AD48A02CC}.Debug|x86.ActiveCfg = Debug|Any CPU
		{743F3B02-A12E-4D01-8733-129AD48A02CC}.NPOI.Tools|Any CPU.ActiveCfg = Release|Any CPU
		{743F3B02-A12E-4D01-8733-129AD48A02CC}.NPOI.Tools|Mixed Platforms.ActiveCfg = Release|Any CPU
		{743F3B02-A12E-4D01-8733-129AD48A02CC}.NPOI.Tools|Mixed Platforms.Build.0 = Release|Any CPU
		{743F3B02-A12E-4D01-8733-129AD48A02CC}.NPOI.Tools|x86.ActiveCfg = Release|Any CPU
		{743F3B02-A12E-4D01-8733-129AD48A02CC}.Release|Any CPU.ActiveCfg = Release|Any CPU
		{743F3B02-A12E-4D01-8733-129AD48A02CC}.Release|Mixed Platforms.ActiveCfg = Release|Any CPU
		{743F3B02-A12E-4D01-8733-129AD48A02CC}.Release|Mixed Platforms.Build.0 = Release|Any CPU
		{743F3B02-A12E-4D01-8733-129AD48A02CC}.Release|x86.ActiveCfg = Release|Any CPU
		{E09B35CA-9580-4CCB-9F01-1E2452101834}.Debug|Any CPU.ActiveCfg = Debug|Any CPU
		{E09B35CA-9580-4CCB-9F01-1E2452101834}.Debug|Any CPU.Build.0 = Debug|Any CPU
		{E09B35CA-9580-4CCB-9F01-1E2452101834}.Debug|Mixed Platforms.ActiveCfg = Debug|Any CPU
		{E09B35CA-9580-4CCB-9F01-1E2452101834}.Debug|Mixed Platforms.Build.0 = Debug|Any CPU
		{E09B35CA-9580-4CCB-9F01-1E2452101834}.Debug|x86.ActiveCfg = Debug|Any CPU
		{E09B35CA-9580-4CCB-9F01-1E2452101834}.NPOI.Tools|Any CPU.ActiveCfg = Release|Any CPU
		{E09B35CA-9580-4CCB-9F01-1E2452101834}.NPOI.Tools|Mixed Platforms.ActiveCfg = Release|Any CPU
		{E09B35CA-9580-4CCB-9F01-1E2452101834}.NPOI.Tools|Mixed Platforms.Build.0 = Release|Any CPU
		{E09B35CA-9580-4CCB-9F01-1E2452101834}.NPOI.Tools|x86.ActiveCfg = Release|Any CPU
		{E09B35CA-9580-4CCB-9F01-1E2452101834}.Release|Any CPU.ActiveCfg = Release|Any CPU
		{E09B35CA-9580-4CCB-9F01-1E2452101834}.Release|Mixed Platforms.ActiveCfg = Release|Any CPU
		{E09B35CA-9580-4CCB-9F01-1E2452101834}.Release|Mixed Platforms.Build.0 = Release|Any CPU
		{E09B35CA-9580-4CCB-9F01-1E2452101834}.Release|x86.ActiveCfg = Release|Any CPU
		{874E25C5-3ECE-4772-90C1-C857AF4C7568}.Debug|Any CPU.ActiveCfg = Debug|Any CPU
		{874E25C5-3ECE-4772-90C1-C857AF4C7568}.Debug|Any CPU.Build.0 = Debug|Any CPU
		{874E25C5-3ECE-4772-90C1-C857AF4C7568}.Debug|Mixed Platforms.ActiveCfg = Debug|Any CPU
		{874E25C5-3ECE-4772-90C1-C857AF4C7568}.Debug|Mixed Platforms.Build.0 = Debug|Any CPU
		{874E25C5-3ECE-4772-90C1-C857AF4C7568}.Debug|x86.ActiveCfg = Debug|Any CPU
		{874E25C5-3ECE-4772-90C1-C857AF4C7568}.NPOI.Tools|Any CPU.ActiveCfg = Release|Any CPU
		{874E25C5-3ECE-4772-90C1-C857AF4C7568}.NPOI.Tools|Mixed Platforms.ActiveCfg = Release|Any CPU
		{874E25C5-3ECE-4772-90C1-C857AF4C7568}.NPOI.Tools|Mixed Platforms.Build.0 = Release|Any CPU
		{874E25C5-3ECE-4772-90C1-C857AF4C7568}.NPOI.Tools|x86.ActiveCfg = Release|Any CPU
		{874E25C5-3ECE-4772-90C1-C857AF4C7568}.Release|Any CPU.ActiveCfg = Release|Any CPU
		{874E25C5-3ECE-4772-90C1-C857AF4C7568}.Release|Mixed Platforms.ActiveCfg = Release|Any CPU
		{874E25C5-3ECE-4772-90C1-C857AF4C7568}.Release|Mixed Platforms.Build.0 = Release|Any CPU
		{874E25C5-3ECE-4772-90C1-C857AF4C7568}.Release|x86.ActiveCfg = Release|Any CPU
		{0242FC8A-E605-40D0-A55E-A2A8A80CA564}.Debug|Any CPU.ActiveCfg = Debug|Any CPU
		{0242FC8A-E605-40D0-A55E-A2A8A80CA564}.Debug|Any CPU.Build.0 = Debug|Any CPU
		{0242FC8A-E605-40D0-A55E-A2A8A80CA564}.Debug|Mixed Platforms.ActiveCfg = Debug|Any CPU
		{0242FC8A-E605-40D0-A55E-A2A8A80CA564}.Debug|Mixed Platforms.Build.0 = Debug|Any CPU
		{0242FC8A-E605-40D0-A55E-A2A8A80CA564}.Debug|x86.ActiveCfg = Debug|Any CPU
		{0242FC8A-E605-40D0-A55E-A2A8A80CA564}.NPOI.Tools|Any CPU.ActiveCfg = Release|Any CPU
		{0242FC8A-E605-40D0-A55E-A2A8A80CA564}.NPOI.Tools|Mixed Platforms.ActiveCfg = Release|Any CPU
		{0242FC8A-E605-40D0-A55E-A2A8A80CA564}.NPOI.Tools|Mixed Platforms.Build.0 = Release|Any CPU
		{0242FC8A-E605-40D0-A55E-A2A8A80CA564}.NPOI.Tools|x86.ActiveCfg = Release|Any CPU
		{0242FC8A-E605-40D0-A55E-A2A8A80CA564}.Release|Any CPU.ActiveCfg = Release|Any CPU
		{0242FC8A-E605-40D0-A55E-A2A8A80CA564}.Release|Mixed Platforms.ActiveCfg = Release|Any CPU
		{0242FC8A-E605-40D0-A55E-A2A8A80CA564}.Release|Mixed Platforms.Build.0 = Release|Any CPU
		{0242FC8A-E605-40D0-A55E-A2A8A80CA564}.Release|x86.ActiveCfg = Release|Any CPU
		{FE443BA3-E3DF-4875-82EB-F21B4E000D51}.Debug|Any CPU.ActiveCfg = Debug|Any CPU
		{FE443BA3-E3DF-4875-82EB-F21B4E000D51}.Debug|Any CPU.Build.0 = Debug|Any CPU
		{FE443BA3-E3DF-4875-82EB-F21B4E000D51}.Debug|Mixed Platforms.ActiveCfg = Debug|Any CPU
		{FE443BA3-E3DF-4875-82EB-F21B4E000D51}.Debug|Mixed Platforms.Build.0 = Debug|Any CPU
		{FE443BA3-E3DF-4875-82EB-F21B4E000D51}.Debug|x86.ActiveCfg = Debug|Any CPU
		{FE443BA3-E3DF-4875-82EB-F21B4E000D51}.NPOI.Tools|Any CPU.ActiveCfg = Release|Any CPU
		{FE443BA3-E3DF-4875-82EB-F21B4E000D51}.NPOI.Tools|Mixed Platforms.ActiveCfg = Release|Any CPU
		{FE443BA3-E3DF-4875-82EB-F21B4E000D51}.NPOI.Tools|Mixed Platforms.Build.0 = Release|Any CPU
		{FE443BA3-E3DF-4875-82EB-F21B4E000D51}.NPOI.Tools|x86.ActiveCfg = Release|Any CPU
		{FE443BA3-E3DF-4875-82EB-F21B4E000D51}.Release|Any CPU.ActiveCfg = Release|Any CPU
		{FE443BA3-E3DF-4875-82EB-F21B4E000D51}.Release|Mixed Platforms.ActiveCfg = Release|Any CPU
		{FE443BA3-E3DF-4875-82EB-F21B4E000D51}.Release|Mixed Platforms.Build.0 = Release|Any CPU
		{FE443BA3-E3DF-4875-82EB-F21B4E000D51}.Release|x86.ActiveCfg = Release|Any CPU
		{A77B2631-7EFD-45AF-BF36-999ABE7D7D36}.Debug|Any CPU.ActiveCfg = Debug|Any CPU
		{A77B2631-7EFD-45AF-BF36-999ABE7D7D36}.Debug|Any CPU.Build.0 = Debug|Any CPU
		{A77B2631-7EFD-45AF-BF36-999ABE7D7D36}.Debug|Mixed Platforms.ActiveCfg = Debug|Any CPU
		{A77B2631-7EFD-45AF-BF36-999ABE7D7D36}.Debug|Mixed Platforms.Build.0 = Debug|Any CPU
		{A77B2631-7EFD-45AF-BF36-999ABE7D7D36}.Debug|x86.ActiveCfg = Debug|Any CPU
		{A77B2631-7EFD-45AF-BF36-999ABE7D7D36}.NPOI.Tools|Any CPU.ActiveCfg = Release|Any CPU
		{A77B2631-7EFD-45AF-BF36-999ABE7D7D36}.NPOI.Tools|Mixed Platforms.ActiveCfg = Release|Any CPU
		{A77B2631-7EFD-45AF-BF36-999ABE7D7D36}.NPOI.Tools|Mixed Platforms.Build.0 = Release|Any CPU
		{A77B2631-7EFD-45AF-BF36-999ABE7D7D36}.NPOI.Tools|x86.ActiveCfg = Release|Any CPU
		{A77B2631-7EFD-45AF-BF36-999ABE7D7D36}.Release|Any CPU.ActiveCfg = Release|Any CPU
		{A77B2631-7EFD-45AF-BF36-999ABE7D7D36}.Release|Mixed Platforms.ActiveCfg = Release|Any CPU
		{A77B2631-7EFD-45AF-BF36-999ABE7D7D36}.Release|Mixed Platforms.Build.0 = Release|Any CPU
		{A77B2631-7EFD-45AF-BF36-999ABE7D7D36}.Release|x86.ActiveCfg = Release|Any CPU
		{ED368B57-3AFC-46F2-94C7-B77A5584FCA8}.Debug|Any CPU.ActiveCfg = Debug|Any CPU
		{ED368B57-3AFC-46F2-94C7-B77A5584FCA8}.Debug|Any CPU.Build.0 = Debug|Any CPU
		{ED368B57-3AFC-46F2-94C7-B77A5584FCA8}.Debug|Mixed Platforms.ActiveCfg = Debug|Any CPU
		{ED368B57-3AFC-46F2-94C7-B77A5584FCA8}.Debug|Mixed Platforms.Build.0 = Debug|Any CPU
		{ED368B57-3AFC-46F2-94C7-B77A5584FCA8}.Debug|x86.ActiveCfg = Debug|Any CPU
		{ED368B57-3AFC-46F2-94C7-B77A5584FCA8}.NPOI.Tools|Any CPU.ActiveCfg = Release|Any CPU
		{ED368B57-3AFC-46F2-94C7-B77A5584FCA8}.NPOI.Tools|Mixed Platforms.ActiveCfg = Release|Any CPU
		{ED368B57-3AFC-46F2-94C7-B77A5584FCA8}.NPOI.Tools|Mixed Platforms.Build.0 = Release|Any CPU
		{ED368B57-3AFC-46F2-94C7-B77A5584FCA8}.NPOI.Tools|x86.ActiveCfg = Release|Any CPU
		{ED368B57-3AFC-46F2-94C7-B77A5584FCA8}.Release|Any CPU.ActiveCfg = Release|Any CPU
		{ED368B57-3AFC-46F2-94C7-B77A5584FCA8}.Release|Mixed Platforms.ActiveCfg = Release|Any CPU
		{ED368B57-3AFC-46F2-94C7-B77A5584FCA8}.Release|Mixed Platforms.Build.0 = Release|Any CPU
		{ED368B57-3AFC-46F2-94C7-B77A5584FCA8}.Release|x86.ActiveCfg = Release|Any CPU
		{D9527798-10E9-466B-96A8-6AE42DBE0428}.Debug|Any CPU.ActiveCfg = Debug|Any CPU
		{D9527798-10E9-466B-96A8-6AE42DBE0428}.Debug|Any CPU.Build.0 = Debug|Any CPU
		{D9527798-10E9-466B-96A8-6AE42DBE0428}.Debug|Mixed Platforms.ActiveCfg = Debug|Any CPU
		{D9527798-10E9-466B-96A8-6AE42DBE0428}.Debug|Mixed Platforms.Build.0 = Debug|Any CPU
		{D9527798-10E9-466B-96A8-6AE42DBE0428}.Debug|x86.ActiveCfg = Debug|Any CPU
		{D9527798-10E9-466B-96A8-6AE42DBE0428}.NPOI.Tools|Any CPU.ActiveCfg = Release|Any CPU
		{D9527798-10E9-466B-96A8-6AE42DBE0428}.NPOI.Tools|Mixed Platforms.ActiveCfg = Release|Any CPU
		{D9527798-10E9-466B-96A8-6AE42DBE0428}.NPOI.Tools|Mixed Platforms.Build.0 = Release|Any CPU
		{D9527798-10E9-466B-96A8-6AE42DBE0428}.NPOI.Tools|x86.ActiveCfg = Release|Any CPU
		{D9527798-10E9-466B-96A8-6AE42DBE0428}.Release|Any CPU.ActiveCfg = Release|Any CPU
		{D9527798-10E9-466B-96A8-6AE42DBE0428}.Release|Mixed Platforms.ActiveCfg = Release|Any CPU
		{D9527798-10E9-466B-96A8-6AE42DBE0428}.Release|Mixed Platforms.Build.0 = Release|Any CPU
		{D9527798-10E9-466B-96A8-6AE42DBE0428}.Release|x86.ActiveCfg = Release|Any CPU
		{1AEB7B6E-FCDA-4AC2-9ED5-363D4B22A594}.Debug|Any CPU.ActiveCfg = Debug|Any CPU
		{1AEB7B6E-FCDA-4AC2-9ED5-363D4B22A594}.Debug|Any CPU.Build.0 = Debug|Any CPU
		{1AEB7B6E-FCDA-4AC2-9ED5-363D4B22A594}.Debug|Mixed Platforms.ActiveCfg = Debug|Any CPU
		{1AEB7B6E-FCDA-4AC2-9ED5-363D4B22A594}.Debug|Mixed Platforms.Build.0 = Debug|Any CPU
		{1AEB7B6E-FCDA-4AC2-9ED5-363D4B22A594}.Debug|x86.ActiveCfg = Debug|Any CPU
		{1AEB7B6E-FCDA-4AC2-9ED5-363D4B22A594}.NPOI.Tools|Any CPU.ActiveCfg = Release|Any CPU
		{1AEB7B6E-FCDA-4AC2-9ED5-363D4B22A594}.NPOI.Tools|Mixed Platforms.ActiveCfg = Release|Any CPU
		{1AEB7B6E-FCDA-4AC2-9ED5-363D4B22A594}.NPOI.Tools|Mixed Platforms.Build.0 = Release|Any CPU
		{1AEB7B6E-FCDA-4AC2-9ED5-363D4B22A594}.NPOI.Tools|x86.ActiveCfg = Release|Any CPU
		{1AEB7B6E-FCDA-4AC2-9ED5-363D4B22A594}.Release|Any CPU.ActiveCfg = Release|Any CPU
		{1AEB7B6E-FCDA-4AC2-9ED5-363D4B22A594}.Release|Mixed Platforms.ActiveCfg = Release|Any CPU
		{1AEB7B6E-FCDA-4AC2-9ED5-363D4B22A594}.Release|Mixed Platforms.Build.0 = Release|Any CPU
		{1AEB7B6E-FCDA-4AC2-9ED5-363D4B22A594}.Release|x86.ActiveCfg = Release|Any CPU
		{39ACE35B-EE6E-4A08-944F-9961E25667EE}.Debug|Any CPU.ActiveCfg = Debug|Any CPU
		{39ACE35B-EE6E-4A08-944F-9961E25667EE}.Debug|Any CPU.Build.0 = Debug|Any CPU
		{39ACE35B-EE6E-4A08-944F-9961E25667EE}.Debug|Mixed Platforms.ActiveCfg = Debug|Any CPU
		{39ACE35B-EE6E-4A08-944F-9961E25667EE}.Debug|Mixed Platforms.Build.0 = Debug|Any CPU
		{39ACE35B-EE6E-4A08-944F-9961E25667EE}.Debug|x86.ActiveCfg = Debug|Any CPU
		{39ACE35B-EE6E-4A08-944F-9961E25667EE}.NPOI.Tools|Any CPU.ActiveCfg = Release|Any CPU
		{39ACE35B-EE6E-4A08-944F-9961E25667EE}.NPOI.Tools|Mixed Platforms.ActiveCfg = Release|Any CPU
		{39ACE35B-EE6E-4A08-944F-9961E25667EE}.NPOI.Tools|Mixed Platforms.Build.0 = Release|Any CPU
		{39ACE35B-EE6E-4A08-944F-9961E25667EE}.NPOI.Tools|x86.ActiveCfg = Release|Any CPU
		{39ACE35B-EE6E-4A08-944F-9961E25667EE}.Release|Any CPU.ActiveCfg = Release|Any CPU
		{39ACE35B-EE6E-4A08-944F-9961E25667EE}.Release|Mixed Platforms.ActiveCfg = Release|Any CPU
		{39ACE35B-EE6E-4A08-944F-9961E25667EE}.Release|Mixed Platforms.Build.0 = Release|Any CPU
		{39ACE35B-EE6E-4A08-944F-9961E25667EE}.Release|x86.ActiveCfg = Release|Any CPU
		{FAF396EC-1702-4091-A8DC-6C8FD73C5A93}.Debug|Any CPU.ActiveCfg = Debug|Any CPU
		{FAF396EC-1702-4091-A8DC-6C8FD73C5A93}.Debug|Any CPU.Build.0 = Debug|Any CPU
		{FAF396EC-1702-4091-A8DC-6C8FD73C5A93}.Debug|Mixed Platforms.ActiveCfg = Debug|Any CPU
		{FAF396EC-1702-4091-A8DC-6C8FD73C5A93}.Debug|Mixed Platforms.Build.0 = Debug|Any CPU
		{FAF396EC-1702-4091-A8DC-6C8FD73C5A93}.Debug|x86.ActiveCfg = Debug|Any CPU
		{FAF396EC-1702-4091-A8DC-6C8FD73C5A93}.NPOI.Tools|Any CPU.ActiveCfg = Release|Any CPU
		{FAF396EC-1702-4091-A8DC-6C8FD73C5A93}.NPOI.Tools|Mixed Platforms.ActiveCfg = Release|Any CPU
		{FAF396EC-1702-4091-A8DC-6C8FD73C5A93}.NPOI.Tools|Mixed Platforms.Build.0 = Release|Any CPU
		{FAF396EC-1702-4091-A8DC-6C8FD73C5A93}.NPOI.Tools|x86.ActiveCfg = Release|Any CPU
		{FAF396EC-1702-4091-A8DC-6C8FD73C5A93}.Release|Any CPU.ActiveCfg = Release|Any CPU
		{FAF396EC-1702-4091-A8DC-6C8FD73C5A93}.Release|Mixed Platforms.ActiveCfg = Release|Any CPU
		{FAF396EC-1702-4091-A8DC-6C8FD73C5A93}.Release|Mixed Platforms.Build.0 = Release|Any CPU
		{FAF396EC-1702-4091-A8DC-6C8FD73C5A93}.Release|x86.ActiveCfg = Release|Any CPU
		{84C3F015-13D1-47DF-A71B-9D535F9E32BA}.Debug|Any CPU.ActiveCfg = Debug|Any CPU
		{84C3F015-13D1-47DF-A71B-9D535F9E32BA}.Debug|Any CPU.Build.0 = Debug|Any CPU
		{84C3F015-13D1-47DF-A71B-9D535F9E32BA}.Debug|Mixed Platforms.ActiveCfg = Debug|Any CPU
		{84C3F015-13D1-47DF-A71B-9D535F9E32BA}.Debug|Mixed Platforms.Build.0 = Debug|Any CPU
		{84C3F015-13D1-47DF-A71B-9D535F9E32BA}.Debug|x86.ActiveCfg = Debug|Any CPU
		{84C3F015-13D1-47DF-A71B-9D535F9E32BA}.NPOI.Tools|Any CPU.ActiveCfg = Release|Any CPU
		{84C3F015-13D1-47DF-A71B-9D535F9E32BA}.NPOI.Tools|Mixed Platforms.ActiveCfg = Release|Any CPU
		{84C3F015-13D1-47DF-A71B-9D535F9E32BA}.NPOI.Tools|Mixed Platforms.Build.0 = Release|Any CPU
		{84C3F015-13D1-47DF-A71B-9D535F9E32BA}.NPOI.Tools|x86.ActiveCfg = Release|Any CPU
		{84C3F015-13D1-47DF-A71B-9D535F9E32BA}.Release|Any CPU.ActiveCfg = Release|Any CPU
		{84C3F015-13D1-47DF-A71B-9D535F9E32BA}.Release|Mixed Platforms.ActiveCfg = Release|Any CPU
		{84C3F015-13D1-47DF-A71B-9D535F9E32BA}.Release|Mixed Platforms.Build.0 = Release|Any CPU
		{84C3F015-13D1-47DF-A71B-9D535F9E32BA}.Release|x86.ActiveCfg = Release|Any CPU
		{60421AA4-2180-4E6A-BED6-44B8974604F5}.Debug|Any CPU.ActiveCfg = Debug|Any CPU
		{60421AA4-2180-4E6A-BED6-44B8974604F5}.Debug|Any CPU.Build.0 = Debug|Any CPU
		{60421AA4-2180-4E6A-BED6-44B8974604F5}.Debug|Mixed Platforms.ActiveCfg = Debug|Any CPU
		{60421AA4-2180-4E6A-BED6-44B8974604F5}.Debug|Mixed Platforms.Build.0 = Debug|Any CPU
		{60421AA4-2180-4E6A-BED6-44B8974604F5}.Debug|x86.ActiveCfg = Debug|Any CPU
		{60421AA4-2180-4E6A-BED6-44B8974604F5}.NPOI.Tools|Any CPU.ActiveCfg = Release|Any CPU
		{60421AA4-2180-4E6A-BED6-44B8974604F5}.NPOI.Tools|Mixed Platforms.ActiveCfg = Release|Any CPU
		{60421AA4-2180-4E6A-BED6-44B8974604F5}.NPOI.Tools|Mixed Platforms.Build.0 = Release|Any CPU
		{60421AA4-2180-4E6A-BED6-44B8974604F5}.NPOI.Tools|x86.ActiveCfg = Release|Any CPU
		{60421AA4-2180-4E6A-BED6-44B8974604F5}.Release|Any CPU.ActiveCfg = Release|Any CPU
		{60421AA4-2180-4E6A-BED6-44B8974604F5}.Release|Mixed Platforms.ActiveCfg = Release|Any CPU
		{60421AA4-2180-4E6A-BED6-44B8974604F5}.Release|Mixed Platforms.Build.0 = Release|Any CPU
		{60421AA4-2180-4E6A-BED6-44B8974604F5}.Release|x86.ActiveCfg = Release|Any CPU
		{0915C349-771A-4292-9CDB-C90DB9699B1D}.Debug|Any CPU.ActiveCfg = Debug|Any CPU
		{0915C349-771A-4292-9CDB-C90DB9699B1D}.Debug|Any CPU.Build.0 = Debug|Any CPU
		{0915C349-771A-4292-9CDB-C90DB9699B1D}.Debug|Mixed Platforms.ActiveCfg = Debug|Any CPU
		{0915C349-771A-4292-9CDB-C90DB9699B1D}.Debug|Mixed Platforms.Build.0 = Debug|Any CPU
		{0915C349-771A-4292-9CDB-C90DB9699B1D}.Debug|x86.ActiveCfg = Debug|Any CPU
		{0915C349-771A-4292-9CDB-C90DB9699B1D}.NPOI.Tools|Any CPU.ActiveCfg = Release|Any CPU
		{0915C349-771A-4292-9CDB-C90DB9699B1D}.NPOI.Tools|Mixed Platforms.ActiveCfg = Release|Any CPU
		{0915C349-771A-4292-9CDB-C90DB9699B1D}.NPOI.Tools|Mixed Platforms.Build.0 = Release|Any CPU
		{0915C349-771A-4292-9CDB-C90DB9699B1D}.NPOI.Tools|x86.ActiveCfg = Release|Any CPU
		{0915C349-771A-4292-9CDB-C90DB9699B1D}.Release|Any CPU.ActiveCfg = Release|Any CPU
		{0915C349-771A-4292-9CDB-C90DB9699B1D}.Release|Mixed Platforms.ActiveCfg = Release|Any CPU
		{0915C349-771A-4292-9CDB-C90DB9699B1D}.Release|Mixed Platforms.Build.0 = Release|Any CPU
		{0915C349-771A-4292-9CDB-C90DB9699B1D}.Release|x86.ActiveCfg = Release|Any CPU
		{21640A19-3428-42E1-A442-D8A6E36DF625}.Debug|Any CPU.ActiveCfg = Debug|Any CPU
		{21640A19-3428-42E1-A442-D8A6E36DF625}.Debug|Any CPU.Build.0 = Debug|Any CPU
		{21640A19-3428-42E1-A442-D8A6E36DF625}.Debug|Mixed Platforms.ActiveCfg = Debug|Any CPU
		{21640A19-3428-42E1-A442-D8A6E36DF625}.Debug|Mixed Platforms.Build.0 = Debug|Any CPU
		{21640A19-3428-42E1-A442-D8A6E36DF625}.Debug|x86.ActiveCfg = Debug|Any CPU
		{21640A19-3428-42E1-A442-D8A6E36DF625}.NPOI.Tools|Any CPU.ActiveCfg = Release|Any CPU
		{21640A19-3428-42E1-A442-D8A6E36DF625}.NPOI.Tools|Mixed Platforms.ActiveCfg = Release|Any CPU
		{21640A19-3428-42E1-A442-D8A6E36DF625}.NPOI.Tools|Mixed Platforms.Build.0 = Release|Any CPU
		{21640A19-3428-42E1-A442-D8A6E36DF625}.NPOI.Tools|x86.ActiveCfg = Release|Any CPU
		{21640A19-3428-42E1-A442-D8A6E36DF625}.Release|Any CPU.ActiveCfg = Release|Any CPU
		{21640A19-3428-42E1-A442-D8A6E36DF625}.Release|Mixed Platforms.ActiveCfg = Release|Any CPU
		{21640A19-3428-42E1-A442-D8A6E36DF625}.Release|Mixed Platforms.Build.0 = Release|Any CPU
		{21640A19-3428-42E1-A442-D8A6E36DF625}.Release|x86.ActiveCfg = Release|Any CPU
		{0FC26430-9B64-4F42-BA37-9BB9DBBFD9D3}.Debug|Any CPU.ActiveCfg = Debug|Any CPU
		{0FC26430-9B64-4F42-BA37-9BB9DBBFD9D3}.Debug|Any CPU.Build.0 = Debug|Any CPU
		{0FC26430-9B64-4F42-BA37-9BB9DBBFD9D3}.Debug|Mixed Platforms.ActiveCfg = Debug|Any CPU
		{0FC26430-9B64-4F42-BA37-9BB9DBBFD9D3}.Debug|Mixed Platforms.Build.0 = Debug|Any CPU
		{0FC26430-9B64-4F42-BA37-9BB9DBBFD9D3}.Debug|x86.ActiveCfg = Debug|Any CPU
		{0FC26430-9B64-4F42-BA37-9BB9DBBFD9D3}.NPOI.Tools|Any CPU.ActiveCfg = Release|Any CPU
		{0FC26430-9B64-4F42-BA37-9BB9DBBFD9D3}.NPOI.Tools|Mixed Platforms.ActiveCfg = Release|Any CPU
		{0FC26430-9B64-4F42-BA37-9BB9DBBFD9D3}.NPOI.Tools|Mixed Platforms.Build.0 = Release|Any CPU
		{0FC26430-9B64-4F42-BA37-9BB9DBBFD9D3}.NPOI.Tools|x86.ActiveCfg = Release|Any CPU
		{0FC26430-9B64-4F42-BA37-9BB9DBBFD9D3}.Release|Any CPU.ActiveCfg = Release|Any CPU
		{0FC26430-9B64-4F42-BA37-9BB9DBBFD9D3}.Release|Mixed Platforms.ActiveCfg = Release|Any CPU
		{0FC26430-9B64-4F42-BA37-9BB9DBBFD9D3}.Release|Mixed Platforms.Build.0 = Release|Any CPU
		{0FC26430-9B64-4F42-BA37-9BB9DBBFD9D3}.Release|x86.ActiveCfg = Release|Any CPU
		{A0A6ACE2-9988-4304-AEC0-1DCE1336C6EB}.Debug|Any CPU.ActiveCfg = Debug|Any CPU
		{A0A6ACE2-9988-4304-AEC0-1DCE1336C6EB}.Debug|Any CPU.Build.0 = Debug|Any CPU
		{A0A6ACE2-9988-4304-AEC0-1DCE1336C6EB}.Debug|Mixed Platforms.ActiveCfg = Debug|Any CPU
		{A0A6ACE2-9988-4304-AEC0-1DCE1336C6EB}.Debug|Mixed Platforms.Build.0 = Debug|Any CPU
		{A0A6ACE2-9988-4304-AEC0-1DCE1336C6EB}.Debug|x86.ActiveCfg = Debug|Any CPU
		{A0A6ACE2-9988-4304-AEC0-1DCE1336C6EB}.NPOI.Tools|Any CPU.ActiveCfg = Release|Any CPU
		{A0A6ACE2-9988-4304-AEC0-1DCE1336C6EB}.NPOI.Tools|Mixed Platforms.ActiveCfg = Release|Any CPU
		{A0A6ACE2-9988-4304-AEC0-1DCE1336C6EB}.NPOI.Tools|Mixed Platforms.Build.0 = Release|Any CPU
		{A0A6ACE2-9988-4304-AEC0-1DCE1336C6EB}.NPOI.Tools|x86.ActiveCfg = Release|Any CPU
		{A0A6ACE2-9988-4304-AEC0-1DCE1336C6EB}.Release|Any CPU.ActiveCfg = Release|Any CPU
		{A0A6ACE2-9988-4304-AEC0-1DCE1336C6EB}.Release|Mixed Platforms.ActiveCfg = Release|Any CPU
		{A0A6ACE2-9988-4304-AEC0-1DCE1336C6EB}.Release|Mixed Platforms.Build.0 = Release|Any CPU
		{A0A6ACE2-9988-4304-AEC0-1DCE1336C6EB}.Release|x86.ActiveCfg = Release|Any CPU
		{2B3D1915-6538-4E2A-8739-5423F5BB8718}.Debug|Any CPU.ActiveCfg = Debug|Any CPU
		{2B3D1915-6538-4E2A-8739-5423F5BB8718}.Debug|Any CPU.Build.0 = Debug|Any CPU
		{2B3D1915-6538-4E2A-8739-5423F5BB8718}.Debug|Mixed Platforms.ActiveCfg = Debug|Any CPU
		{2B3D1915-6538-4E2A-8739-5423F5BB8718}.Debug|Mixed Platforms.Build.0 = Debug|Any CPU
		{2B3D1915-6538-4E2A-8739-5423F5BB8718}.Debug|x86.ActiveCfg = Debug|Any CPU
		{2B3D1915-6538-4E2A-8739-5423F5BB8718}.NPOI.Tools|Any CPU.ActiveCfg = Release|Any CPU
		{2B3D1915-6538-4E2A-8739-5423F5BB8718}.NPOI.Tools|Mixed Platforms.ActiveCfg = Release|Any CPU
		{2B3D1915-6538-4E2A-8739-5423F5BB8718}.NPOI.Tools|Mixed Platforms.Build.0 = Release|Any CPU
		{2B3D1915-6538-4E2A-8739-5423F5BB8718}.NPOI.Tools|x86.ActiveCfg = Release|Any CPU
		{2B3D1915-6538-4E2A-8739-5423F5BB8718}.Release|Any CPU.ActiveCfg = Release|Any CPU
		{2B3D1915-6538-4E2A-8739-5423F5BB8718}.Release|Mixed Platforms.ActiveCfg = Release|Any CPU
		{2B3D1915-6538-4E2A-8739-5423F5BB8718}.Release|Mixed Platforms.Build.0 = Release|Any CPU
		{2B3D1915-6538-4E2A-8739-5423F5BB8718}.Release|x86.ActiveCfg = Release|Any CPU
		{3249C8B8-2C5A-42B6-BDA8-F8B0C2619F71}.Debug|Any CPU.ActiveCfg = Debug|Any CPU
		{3249C8B8-2C5A-42B6-BDA8-F8B0C2619F71}.Debug|Any CPU.Build.0 = Debug|Any CPU
		{3249C8B8-2C5A-42B6-BDA8-F8B0C2619F71}.Debug|Mixed Platforms.ActiveCfg = Debug|Any CPU
		{3249C8B8-2C5A-42B6-BDA8-F8B0C2619F71}.Debug|Mixed Platforms.Build.0 = Debug|Any CPU
		{3249C8B8-2C5A-42B6-BDA8-F8B0C2619F71}.Debug|x86.ActiveCfg = Debug|Any CPU
		{3249C8B8-2C5A-42B6-BDA8-F8B0C2619F71}.NPOI.Tools|Any CPU.ActiveCfg = Release|Any CPU
		{3249C8B8-2C5A-42B6-BDA8-F8B0C2619F71}.NPOI.Tools|Mixed Platforms.ActiveCfg = Release|Any CPU
		{3249C8B8-2C5A-42B6-BDA8-F8B0C2619F71}.NPOI.Tools|Mixed Platforms.Build.0 = Release|Any CPU
		{3249C8B8-2C5A-42B6-BDA8-F8B0C2619F71}.NPOI.Tools|x86.ActiveCfg = Release|Any CPU
		{3249C8B8-2C5A-42B6-BDA8-F8B0C2619F71}.Release|Any CPU.ActiveCfg = Release|Any CPU
		{3249C8B8-2C5A-42B6-BDA8-F8B0C2619F71}.Release|Mixed Platforms.ActiveCfg = Release|Any CPU
		{3249C8B8-2C5A-42B6-BDA8-F8B0C2619F71}.Release|Mixed Platforms.Build.0 = Release|Any CPU
		{3249C8B8-2C5A-42B6-BDA8-F8B0C2619F71}.Release|x86.ActiveCfg = Release|Any CPU
		{65A0B059-B6FF-47C9-AC7F-275B858AC355}.Debug|Any CPU.ActiveCfg = Debug|Any CPU
		{65A0B059-B6FF-47C9-AC7F-275B858AC355}.Debug|Any CPU.Build.0 = Debug|Any CPU
		{65A0B059-B6FF-47C9-AC7F-275B858AC355}.Debug|Mixed Platforms.ActiveCfg = Debug|Any CPU
		{65A0B059-B6FF-47C9-AC7F-275B858AC355}.Debug|Mixed Platforms.Build.0 = Debug|Any CPU
		{65A0B059-B6FF-47C9-AC7F-275B858AC355}.Debug|x86.ActiveCfg = Debug|Any CPU
		{65A0B059-B6FF-47C9-AC7F-275B858AC355}.NPOI.Tools|Any CPU.ActiveCfg = Release|Any CPU
		{65A0B059-B6FF-47C9-AC7F-275B858AC355}.NPOI.Tools|Mixed Platforms.ActiveCfg = Release|Any CPU
		{65A0B059-B6FF-47C9-AC7F-275B858AC355}.NPOI.Tools|Mixed Platforms.Build.0 = Release|Any CPU
		{65A0B059-B6FF-47C9-AC7F-275B858AC355}.NPOI.Tools|x86.ActiveCfg = Release|Any CPU
		{65A0B059-B6FF-47C9-AC7F-275B858AC355}.Release|Any CPU.ActiveCfg = Release|Any CPU
		{65A0B059-B6FF-47C9-AC7F-275B858AC355}.Release|Mixed Platforms.ActiveCfg = Release|Any CPU
		{65A0B059-B6FF-47C9-AC7F-275B858AC355}.Release|Mixed Platforms.Build.0 = Release|Any CPU
		{65A0B059-B6FF-47C9-AC7F-275B858AC355}.Release|x86.ActiveCfg = Release|Any CPU
		{EBFEB35E-2E99-4AB1-90A9-876D84B42B39}.Debug|Any CPU.ActiveCfg = Debug|Any CPU
		{EBFEB35E-2E99-4AB1-90A9-876D84B42B39}.Debug|Any CPU.Build.0 = Debug|Any CPU
		{EBFEB35E-2E99-4AB1-90A9-876D84B42B39}.Debug|Mixed Platforms.ActiveCfg = Debug|Any CPU
		{EBFEB35E-2E99-4AB1-90A9-876D84B42B39}.Debug|Mixed Platforms.Build.0 = Debug|Any CPU
		{EBFEB35E-2E99-4AB1-90A9-876D84B42B39}.Debug|x86.ActiveCfg = Debug|Any CPU
		{EBFEB35E-2E99-4AB1-90A9-876D84B42B39}.NPOI.Tools|Any CPU.ActiveCfg = Release|Any CPU
		{EBFEB35E-2E99-4AB1-90A9-876D84B42B39}.NPOI.Tools|Mixed Platforms.ActiveCfg = Release|Any CPU
		{EBFEB35E-2E99-4AB1-90A9-876D84B42B39}.NPOI.Tools|Mixed Platforms.Build.0 = Release|Any CPU
		{EBFEB35E-2E99-4AB1-90A9-876D84B42B39}.NPOI.Tools|x86.ActiveCfg = Release|Any CPU
		{EBFEB35E-2E99-4AB1-90A9-876D84B42B39}.Release|Any CPU.ActiveCfg = Release|Any CPU
		{EBFEB35E-2E99-4AB1-90A9-876D84B42B39}.Release|Mixed Platforms.ActiveCfg = Release|Any CPU
		{EBFEB35E-2E99-4AB1-90A9-876D84B42B39}.Release|Mixed Platforms.Build.0 = Release|Any CPU
		{EBFEB35E-2E99-4AB1-90A9-876D84B42B39}.Release|x86.ActiveCfg = Release|Any CPU
		{E59F8B89-6E0E-4870-A68B-A7CB11977ABA}.Debug|Any CPU.ActiveCfg = Debug|Any CPU
		{E59F8B89-6E0E-4870-A68B-A7CB11977ABA}.Debug|Any CPU.Build.0 = Debug|Any CPU
		{E59F8B89-6E0E-4870-A68B-A7CB11977ABA}.Debug|Mixed Platforms.ActiveCfg = Debug|Any CPU
		{E59F8B89-6E0E-4870-A68B-A7CB11977ABA}.Debug|Mixed Platforms.Build.0 = Debug|Any CPU
		{E59F8B89-6E0E-4870-A68B-A7CB11977ABA}.Debug|x86.ActiveCfg = Debug|Any CPU
		{E59F8B89-6E0E-4870-A68B-A7CB11977ABA}.NPOI.Tools|Any CPU.ActiveCfg = Release|Any CPU
		{E59F8B89-6E0E-4870-A68B-A7CB11977ABA}.NPOI.Tools|Mixed Platforms.ActiveCfg = Release|Any CPU
		{E59F8B89-6E0E-4870-A68B-A7CB11977ABA}.NPOI.Tools|Mixed Platforms.Build.0 = Release|Any CPU
		{E59F8B89-6E0E-4870-A68B-A7CB11977ABA}.NPOI.Tools|x86.ActiveCfg = Release|Any CPU
		{E59F8B89-6E0E-4870-A68B-A7CB11977ABA}.Release|Any CPU.ActiveCfg = Release|Any CPU
		{E59F8B89-6E0E-4870-A68B-A7CB11977ABA}.Release|Mixed Platforms.ActiveCfg = Release|Any CPU
		{E59F8B89-6E0E-4870-A68B-A7CB11977ABA}.Release|Mixed Platforms.Build.0 = Release|Any CPU
		{E59F8B89-6E0E-4870-A68B-A7CB11977ABA}.Release|x86.ActiveCfg = Release|Any CPU
		{3BDA1D83-7189-4B17-AE70-56E1E264EB41}.Debug|Any CPU.ActiveCfg = Debug|Any CPU
		{3BDA1D83-7189-4B17-AE70-56E1E264EB41}.Debug|Any CPU.Build.0 = Debug|Any CPU
		{3BDA1D83-7189-4B17-AE70-56E1E264EB41}.Debug|Mixed Platforms.ActiveCfg = Debug|Any CPU
		{3BDA1D83-7189-4B17-AE70-56E1E264EB41}.Debug|Mixed Platforms.Build.0 = Debug|Any CPU
		{3BDA1D83-7189-4B17-AE70-56E1E264EB41}.Debug|x86.ActiveCfg = Debug|Any CPU
		{3BDA1D83-7189-4B17-AE70-56E1E264EB41}.NPOI.Tools|Any CPU.ActiveCfg = Release|Any CPU
		{3BDA1D83-7189-4B17-AE70-56E1E264EB41}.NPOI.Tools|Mixed Platforms.ActiveCfg = Release|Any CPU
		{3BDA1D83-7189-4B17-AE70-56E1E264EB41}.NPOI.Tools|Mixed Platforms.Build.0 = Release|Any CPU
		{3BDA1D83-7189-4B17-AE70-56E1E264EB41}.NPOI.Tools|x86.ActiveCfg = Release|Any CPU
		{3BDA1D83-7189-4B17-AE70-56E1E264EB41}.Release|Any CPU.ActiveCfg = Release|Any CPU
		{3BDA1D83-7189-4B17-AE70-56E1E264EB41}.Release|Mixed Platforms.ActiveCfg = Release|Any CPU
		{3BDA1D83-7189-4B17-AE70-56E1E264EB41}.Release|Mixed Platforms.Build.0 = Release|Any CPU
		{3BDA1D83-7189-4B17-AE70-56E1E264EB41}.Release|x86.ActiveCfg = Release|Any CPU
		{ACEDDD5E-EEFF-4A59-ABB4-F70C58B8E644}.Debug|Any CPU.ActiveCfg = Debug|Any CPU
		{ACEDDD5E-EEFF-4A59-ABB4-F70C58B8E644}.Debug|Any CPU.Build.0 = Debug|Any CPU
		{ACEDDD5E-EEFF-4A59-ABB4-F70C58B8E644}.Debug|Mixed Platforms.ActiveCfg = Debug|Any CPU
		{ACEDDD5E-EEFF-4A59-ABB4-F70C58B8E644}.Debug|Mixed Platforms.Build.0 = Debug|Any CPU
		{ACEDDD5E-EEFF-4A59-ABB4-F70C58B8E644}.Debug|x86.ActiveCfg = Debug|Any CPU
		{ACEDDD5E-EEFF-4A59-ABB4-F70C58B8E644}.NPOI.Tools|Any CPU.ActiveCfg = Release|Any CPU
		{ACEDDD5E-EEFF-4A59-ABB4-F70C58B8E644}.NPOI.Tools|Any CPU.Build.0 = Release|Any CPU
		{ACEDDD5E-EEFF-4A59-ABB4-F70C58B8E644}.NPOI.Tools|Mixed Platforms.ActiveCfg = Release|Any CPU
		{ACEDDD5E-EEFF-4A59-ABB4-F70C58B8E644}.NPOI.Tools|Mixed Platforms.Build.0 = Release|Any CPU
		{ACEDDD5E-EEFF-4A59-ABB4-F70C58B8E644}.NPOI.Tools|x86.ActiveCfg = Release|Any CPU
		{ACEDDD5E-EEFF-4A59-ABB4-F70C58B8E644}.Release|Any CPU.ActiveCfg = Release|Any CPU
		{ACEDDD5E-EEFF-4A59-ABB4-F70C58B8E644}.Release|Any CPU.Build.0 = Release|Any CPU
		{ACEDDD5E-EEFF-4A59-ABB4-F70C58B8E644}.Release|Mixed Platforms.ActiveCfg = Release|Any CPU
		{ACEDDD5E-EEFF-4A59-ABB4-F70C58B8E644}.Release|Mixed Platforms.Build.0 = Release|Any CPU
		{ACEDDD5E-EEFF-4A59-ABB4-F70C58B8E644}.Release|x86.ActiveCfg = Release|Any CPU
		{9B188700-1713-4022-92C4-C0E2AA57AA3C}.Debug|Any CPU.ActiveCfg = Debug|Any CPU
		{9B188700-1713-4022-92C4-C0E2AA57AA3C}.Debug|Any CPU.Build.0 = Debug|Any CPU
		{9B188700-1713-4022-92C4-C0E2AA57AA3C}.Debug|Mixed Platforms.ActiveCfg = Debug|Any CPU
		{9B188700-1713-4022-92C4-C0E2AA57AA3C}.Debug|Mixed Platforms.Build.0 = Debug|Any CPU
		{9B188700-1713-4022-92C4-C0E2AA57AA3C}.Debug|x86.ActiveCfg = Debug|Any CPU
		{9B188700-1713-4022-92C4-C0E2AA57AA3C}.NPOI.Tools|Any CPU.ActiveCfg = Release|Any CPU
		{9B188700-1713-4022-92C4-C0E2AA57AA3C}.NPOI.Tools|Any CPU.Build.0 = Release|Any CPU
		{9B188700-1713-4022-92C4-C0E2AA57AA3C}.NPOI.Tools|Mixed Platforms.ActiveCfg = Release|Any CPU
		{9B188700-1713-4022-92C4-C0E2AA57AA3C}.NPOI.Tools|Mixed Platforms.Build.0 = Release|Any CPU
		{9B188700-1713-4022-92C4-C0E2AA57AA3C}.NPOI.Tools|x86.ActiveCfg = Release|Any CPU
		{9B188700-1713-4022-92C4-C0E2AA57AA3C}.Release|Any CPU.ActiveCfg = Release|Any CPU
		{9B188700-1713-4022-92C4-C0E2AA57AA3C}.Release|Any CPU.Build.0 = Release|Any CPU
		{9B188700-1713-4022-92C4-C0E2AA57AA3C}.Release|Mixed Platforms.ActiveCfg = Release|Any CPU
		{9B188700-1713-4022-92C4-C0E2AA57AA3C}.Release|Mixed Platforms.Build.0 = Release|Any CPU
		{9B188700-1713-4022-92C4-C0E2AA57AA3C}.Release|x86.ActiveCfg = Release|Any CPU
		{1B2891A4-BD05-47E0-96FF-DAE36F220C6E}.Debug|Any CPU.ActiveCfg = Debug|Any CPU
		{1B2891A4-BD05-47E0-96FF-DAE36F220C6E}.Debug|Any CPU.Build.0 = Debug|Any CPU
		{1B2891A4-BD05-47E0-96FF-DAE36F220C6E}.Debug|Mixed Platforms.ActiveCfg = Debug|Any CPU
		{1B2891A4-BD05-47E0-96FF-DAE36F220C6E}.Debug|Mixed Platforms.Build.0 = Debug|Any CPU
		{1B2891A4-BD05-47E0-96FF-DAE36F220C6E}.Debug|x86.ActiveCfg = Debug|Any CPU
		{1B2891A4-BD05-47E0-96FF-DAE36F220C6E}.NPOI.Tools|Any CPU.ActiveCfg = Release|Any CPU
		{1B2891A4-BD05-47E0-96FF-DAE36F220C6E}.NPOI.Tools|Any CPU.Build.0 = Release|Any CPU
		{1B2891A4-BD05-47E0-96FF-DAE36F220C6E}.NPOI.Tools|Mixed Platforms.ActiveCfg = Release|Any CPU
		{1B2891A4-BD05-47E0-96FF-DAE36F220C6E}.NPOI.Tools|Mixed Platforms.Build.0 = Release|Any CPU
		{1B2891A4-BD05-47E0-96FF-DAE36F220C6E}.NPOI.Tools|x86.ActiveCfg = Release|Any CPU
		{1B2891A4-BD05-47E0-96FF-DAE36F220C6E}.Release|Any CPU.ActiveCfg = Release|Any CPU
		{1B2891A4-BD05-47E0-96FF-DAE36F220C6E}.Release|Any CPU.Build.0 = Release|Any CPU
		{1B2891A4-BD05-47E0-96FF-DAE36F220C6E}.Release|Mixed Platforms.ActiveCfg = Release|Any CPU
		{1B2891A4-BD05-47E0-96FF-DAE36F220C6E}.Release|Mixed Platforms.Build.0 = Release|Any CPU
		{1B2891A4-BD05-47E0-96FF-DAE36F220C6E}.Release|x86.ActiveCfg = Release|Any CPU
		{D15333B0-16CE-43C4-98E1-43F772ACFA82}.Debug|Any CPU.ActiveCfg = Debug|Any CPU
		{D15333B0-16CE-43C4-98E1-43F772ACFA82}.Debug|Any CPU.Build.0 = Debug|Any CPU
		{D15333B0-16CE-43C4-98E1-43F772ACFA82}.Debug|Mixed Platforms.ActiveCfg = Debug|Any CPU
		{D15333B0-16CE-43C4-98E1-43F772ACFA82}.Debug|Mixed Platforms.Build.0 = Debug|Any CPU
		{D15333B0-16CE-43C4-98E1-43F772ACFA82}.Debug|x86.ActiveCfg = Debug|Any CPU
		{D15333B0-16CE-43C4-98E1-43F772ACFA82}.NPOI.Tools|Any CPU.ActiveCfg = Release|Any CPU
		{D15333B0-16CE-43C4-98E1-43F772ACFA82}.NPOI.Tools|Any CPU.Build.0 = Release|Any CPU
		{D15333B0-16CE-43C4-98E1-43F772ACFA82}.NPOI.Tools|Mixed Platforms.ActiveCfg = Release|Any CPU
		{D15333B0-16CE-43C4-98E1-43F772ACFA82}.NPOI.Tools|Mixed Platforms.Build.0 = Release|Any CPU
		{D15333B0-16CE-43C4-98E1-43F772ACFA82}.NPOI.Tools|x86.ActiveCfg = Release|Any CPU
		{D15333B0-16CE-43C4-98E1-43F772ACFA82}.Release|Any CPU.ActiveCfg = Release|Any CPU
		{D15333B0-16CE-43C4-98E1-43F772ACFA82}.Release|Any CPU.Build.0 = Release|Any CPU
		{D15333B0-16CE-43C4-98E1-43F772ACFA82}.Release|Mixed Platforms.ActiveCfg = Release|Any CPU
		{D15333B0-16CE-43C4-98E1-43F772ACFA82}.Release|Mixed Platforms.Build.0 = Release|Any CPU
		{D15333B0-16CE-43C4-98E1-43F772ACFA82}.Release|x86.ActiveCfg = Release|Any CPU
		{E7C6F936-BBBC-4BB9-8550-0B8D2D9A4EB1}.Debug|Any CPU.ActiveCfg = Debug|Any CPU
		{E7C6F936-BBBC-4BB9-8550-0B8D2D9A4EB1}.Debug|Any CPU.Build.0 = Debug|Any CPU
		{E7C6F936-BBBC-4BB9-8550-0B8D2D9A4EB1}.Debug|Mixed Platforms.ActiveCfg = Debug|Any CPU
		{E7C6F936-BBBC-4BB9-8550-0B8D2D9A4EB1}.Debug|Mixed Platforms.Build.0 = Debug|Any CPU
		{E7C6F936-BBBC-4BB9-8550-0B8D2D9A4EB1}.Debug|x86.ActiveCfg = Debug|Any CPU
		{E7C6F936-BBBC-4BB9-8550-0B8D2D9A4EB1}.NPOI.Tools|Any CPU.ActiveCfg = Release|Any CPU
		{E7C6F936-BBBC-4BB9-8550-0B8D2D9A4EB1}.NPOI.Tools|Any CPU.Build.0 = Release|Any CPU
		{E7C6F936-BBBC-4BB9-8550-0B8D2D9A4EB1}.NPOI.Tools|Mixed Platforms.ActiveCfg = Release|Any CPU
		{E7C6F936-BBBC-4BB9-8550-0B8D2D9A4EB1}.NPOI.Tools|Mixed Platforms.Build.0 = Release|Any CPU
		{E7C6F936-BBBC-4BB9-8550-0B8D2D9A4EB1}.NPOI.Tools|x86.ActiveCfg = Release|Any CPU
		{E7C6F936-BBBC-4BB9-8550-0B8D2D9A4EB1}.Release|Any CPU.ActiveCfg = Release|Any CPU
		{E7C6F936-BBBC-4BB9-8550-0B8D2D9A4EB1}.Release|Any CPU.Build.0 = Release|Any CPU
		{E7C6F936-BBBC-4BB9-8550-0B8D2D9A4EB1}.Release|Mixed Platforms.ActiveCfg = Release|Any CPU
		{E7C6F936-BBBC-4BB9-8550-0B8D2D9A4EB1}.Release|Mixed Platforms.Build.0 = Release|Any CPU
		{E7C6F936-BBBC-4BB9-8550-0B8D2D9A4EB1}.Release|x86.ActiveCfg = Release|Any CPU
		{4CFCECB9-2871-4CC5-9509-910CBF45A5A2}.Debug|Any CPU.ActiveCfg = Debug|Any CPU
		{4CFCECB9-2871-4CC5-9509-910CBF45A5A2}.Debug|Any CPU.Build.0 = Debug|Any CPU
		{4CFCECB9-2871-4CC5-9509-910CBF45A5A2}.Debug|Mixed Platforms.ActiveCfg = Debug|Any CPU
		{4CFCECB9-2871-4CC5-9509-910CBF45A5A2}.Debug|Mixed Platforms.Build.0 = Debug|Any CPU
		{4CFCECB9-2871-4CC5-9509-910CBF45A5A2}.Debug|x86.ActiveCfg = Debug|Any CPU
		{4CFCECB9-2871-4CC5-9509-910CBF45A5A2}.NPOI.Tools|Any CPU.ActiveCfg = Release|Any CPU
		{4CFCECB9-2871-4CC5-9509-910CBF45A5A2}.NPOI.Tools|Any CPU.Build.0 = Release|Any CPU
		{4CFCECB9-2871-4CC5-9509-910CBF45A5A2}.NPOI.Tools|Mixed Platforms.ActiveCfg = Release|Any CPU
		{4CFCECB9-2871-4CC5-9509-910CBF45A5A2}.NPOI.Tools|Mixed Platforms.Build.0 = Release|Any CPU
		{4CFCECB9-2871-4CC5-9509-910CBF45A5A2}.NPOI.Tools|x86.ActiveCfg = Release|Any CPU
		{4CFCECB9-2871-4CC5-9509-910CBF45A5A2}.Release|Any CPU.ActiveCfg = Release|Any CPU
		{4CFCECB9-2871-4CC5-9509-910CBF45A5A2}.Release|Any CPU.Build.0 = Release|Any CPU
		{4CFCECB9-2871-4CC5-9509-910CBF45A5A2}.Release|Mixed Platforms.ActiveCfg = Release|Any CPU
		{4CFCECB9-2871-4CC5-9509-910CBF45A5A2}.Release|Mixed Platforms.Build.0 = Release|Any CPU
		{4CFCECB9-2871-4CC5-9509-910CBF45A5A2}.Release|x86.ActiveCfg = Release|Any CPU
		{74D83AE1-DE01-4C88-B593-DAC1F37BB6FE}.Debug|Any CPU.ActiveCfg = Debug|x86
		{74D83AE1-DE01-4C88-B593-DAC1F37BB6FE}.Debug|Mixed Platforms.ActiveCfg = Debug|x86
		{74D83AE1-DE01-4C88-B593-DAC1F37BB6FE}.Debug|Mixed Platforms.Build.0 = Debug|x86
		{74D83AE1-DE01-4C88-B593-DAC1F37BB6FE}.Debug|x86.ActiveCfg = Debug|x86
		{74D83AE1-DE01-4C88-B593-DAC1F37BB6FE}.Debug|x86.Build.0 = Debug|x86
		{74D83AE1-DE01-4C88-B593-DAC1F37BB6FE}.NPOI.Tools|Any CPU.ActiveCfg = Release|x86
		{74D83AE1-DE01-4C88-B593-DAC1F37BB6FE}.NPOI.Tools|Mixed Platforms.ActiveCfg = Release|x86
		{74D83AE1-DE01-4C88-B593-DAC1F37BB6FE}.NPOI.Tools|Mixed Platforms.Build.0 = Release|x86
		{74D83AE1-DE01-4C88-B593-DAC1F37BB6FE}.NPOI.Tools|x86.ActiveCfg = Release|x86
		{74D83AE1-DE01-4C88-B593-DAC1F37BB6FE}.NPOI.Tools|x86.Build.0 = Release|x86
		{74D83AE1-DE01-4C88-B593-DAC1F37BB6FE}.Release|Any CPU.ActiveCfg = Release|x86
		{74D83AE1-DE01-4C88-B593-DAC1F37BB6FE}.Release|Mixed Platforms.ActiveCfg = Release|x86
		{74D83AE1-DE01-4C88-B593-DAC1F37BB6FE}.Release|Mixed Platforms.Build.0 = Release|x86
		{74D83AE1-DE01-4C88-B593-DAC1F37BB6FE}.Release|x86.ActiveCfg = Release|x86
		{74D83AE1-DE01-4C88-B593-DAC1F37BB6FE}.Release|x86.Build.0 = Release|x86
		{D964F8B6-8945-4D31-8036-1E034AA27F7E}.Debug|Any CPU.ActiveCfg = Debug|x86
		{D964F8B6-8945-4D31-8036-1E034AA27F7E}.Debug|Mixed Platforms.ActiveCfg = Debug|x86
		{D964F8B6-8945-4D31-8036-1E034AA27F7E}.Debug|Mixed Platforms.Build.0 = Debug|x86
		{D964F8B6-8945-4D31-8036-1E034AA27F7E}.Debug|x86.ActiveCfg = Debug|x86
		{D964F8B6-8945-4D31-8036-1E034AA27F7E}.Debug|x86.Build.0 = Debug|x86
		{D964F8B6-8945-4D31-8036-1E034AA27F7E}.NPOI.Tools|Any CPU.ActiveCfg = Release|x86
		{D964F8B6-8945-4D31-8036-1E034AA27F7E}.NPOI.Tools|Mixed Platforms.ActiveCfg = Release|x86
		{D964F8B6-8945-4D31-8036-1E034AA27F7E}.NPOI.Tools|Mixed Platforms.Build.0 = Release|x86
		{D964F8B6-8945-4D31-8036-1E034AA27F7E}.NPOI.Tools|x86.ActiveCfg = Release|x86
		{D964F8B6-8945-4D31-8036-1E034AA27F7E}.NPOI.Tools|x86.Build.0 = Release|x86
		{D964F8B6-8945-4D31-8036-1E034AA27F7E}.Release|Any CPU.ActiveCfg = Release|x86
		{D964F8B6-8945-4D31-8036-1E034AA27F7E}.Release|Mixed Platforms.ActiveCfg = Release|x86
		{D964F8B6-8945-4D31-8036-1E034AA27F7E}.Release|Mixed Platforms.Build.0 = Release|x86
		{D964F8B6-8945-4D31-8036-1E034AA27F7E}.Release|x86.ActiveCfg = Release|x86
		{D964F8B6-8945-4D31-8036-1E034AA27F7E}.Release|x86.Build.0 = Release|x86
		{0859BAFC-DA05-455F-BA4C-5D240E40BB27}.Debug|Any CPU.ActiveCfg = Debug|x86
		{0859BAFC-DA05-455F-BA4C-5D240E40BB27}.Debug|Mixed Platforms.ActiveCfg = Debug|x86
		{0859BAFC-DA05-455F-BA4C-5D240E40BB27}.Debug|Mixed Platforms.Build.0 = Debug|x86
		{0859BAFC-DA05-455F-BA4C-5D240E40BB27}.Debug|x86.ActiveCfg = Debug|x86
		{0859BAFC-DA05-455F-BA4C-5D240E40BB27}.Debug|x86.Build.0 = Debug|x86
		{0859BAFC-DA05-455F-BA4C-5D240E40BB27}.NPOI.Tools|Any CPU.ActiveCfg = Release|x86
		{0859BAFC-DA05-455F-BA4C-5D240E40BB27}.NPOI.Tools|Mixed Platforms.ActiveCfg = Release|x86
		{0859BAFC-DA05-455F-BA4C-5D240E40BB27}.NPOI.Tools|Mixed Platforms.Build.0 = Release|x86
		{0859BAFC-DA05-455F-BA4C-5D240E40BB27}.NPOI.Tools|x86.ActiveCfg = Release|x86
		{0859BAFC-DA05-455F-BA4C-5D240E40BB27}.NPOI.Tools|x86.Build.0 = Release|x86
		{0859BAFC-DA05-455F-BA4C-5D240E40BB27}.Release|Any CPU.ActiveCfg = Release|x86
		{0859BAFC-DA05-455F-BA4C-5D240E40BB27}.Release|Mixed Platforms.ActiveCfg = Release|x86
		{0859BAFC-DA05-455F-BA4C-5D240E40BB27}.Release|Mixed Platforms.Build.0 = Release|x86
		{0859BAFC-DA05-455F-BA4C-5D240E40BB27}.Release|x86.ActiveCfg = Release|x86
		{0859BAFC-DA05-455F-BA4C-5D240E40BB27}.Release|x86.Build.0 = Release|x86
		{C3ABCD53-2168-FE42-7724-15EEBAA47F62}.Debug|Any CPU.ActiveCfg = Debug|x86
		{C3ABCD53-2168-FE42-7724-15EEBAA47F62}.Debug|Mixed Platforms.ActiveCfg = Debug|x86
		{C3ABCD53-2168-FE42-7724-15EEBAA47F62}.Debug|Mixed Platforms.Build.0 = Debug|x86
		{C3ABCD53-2168-FE42-7724-15EEBAA47F62}.Debug|x86.ActiveCfg = Debug|x86
		{C3ABCD53-2168-FE42-7724-15EEBAA47F62}.Debug|x86.Build.0 = Debug|x86
		{C3ABCD53-2168-FE42-7724-15EEBAA47F62}.NPOI.Tools|Any CPU.ActiveCfg = Release|x86
		{C3ABCD53-2168-FE42-7724-15EEBAA47F62}.NPOI.Tools|Mixed Platforms.ActiveCfg = Release|x86
		{C3ABCD53-2168-FE42-7724-15EEBAA47F62}.NPOI.Tools|Mixed Platforms.Build.0 = Release|x86
		{C3ABCD53-2168-FE42-7724-15EEBAA47F62}.NPOI.Tools|x86.ActiveCfg = Release|x86
		{C3ABCD53-2168-FE42-7724-15EEBAA47F62}.NPOI.Tools|x86.Build.0 = Release|x86
		{C3ABCD53-2168-FE42-7724-15EEBAA47F62}.Release|Any CPU.ActiveCfg = Release|x86
		{C3ABCD53-2168-FE42-7724-15EEBAA47F62}.Release|Mixed Platforms.ActiveCfg = Release|x86
		{C3ABCD53-2168-FE42-7724-15EEBAA47F62}.Release|Mixed Platforms.Build.0 = Release|x86
		{C3ABCD53-2168-FE42-7724-15EEBAA47F62}.Release|x86.ActiveCfg = Release|x86
		{C3ABCD53-2168-FE42-7724-15EEBAA47F62}.Release|x86.Build.0 = Release|x86
		{C3C62109-6B75-42D3-A9A4-C3218F7FF7B5}.Debug|Any CPU.ActiveCfg = Debug|Any CPU
		{C3C62109-6B75-42D3-A9A4-C3218F7FF7B5}.Debug|Any CPU.Build.0 = Debug|Any CPU
		{C3C62109-6B75-42D3-A9A4-C3218F7FF7B5}.Debug|Mixed Platforms.ActiveCfg = Debug|Any CPU
		{C3C62109-6B75-42D3-A9A4-C3218F7FF7B5}.Debug|Mixed Platforms.Build.0 = Debug|Any CPU
		{C3C62109-6B75-42D3-A9A4-C3218F7FF7B5}.Debug|x86.ActiveCfg = Debug|Any CPU
		{C3C62109-6B75-42D3-A9A4-C3218F7FF7B5}.NPOI.Tools|Any CPU.ActiveCfg = Release|Any CPU
		{C3C62109-6B75-42D3-A9A4-C3218F7FF7B5}.NPOI.Tools|Any CPU.Build.0 = Release|Any CPU
		{C3C62109-6B75-42D3-A9A4-C3218F7FF7B5}.NPOI.Tools|Mixed Platforms.ActiveCfg = Release|Any CPU
		{C3C62109-6B75-42D3-A9A4-C3218F7FF7B5}.NPOI.Tools|Mixed Platforms.Build.0 = Release|Any CPU
		{C3C62109-6B75-42D3-A9A4-C3218F7FF7B5}.NPOI.Tools|x86.ActiveCfg = Release|Any CPU
		{C3C62109-6B75-42D3-A9A4-C3218F7FF7B5}.Release|Any CPU.ActiveCfg = Release|Any CPU
		{C3C62109-6B75-42D3-A9A4-C3218F7FF7B5}.Release|Any CPU.Build.0 = Release|Any CPU
		{C3C62109-6B75-42D3-A9A4-C3218F7FF7B5}.Release|Mixed Platforms.ActiveCfg = Release|Any CPU
		{C3C62109-6B75-42D3-A9A4-C3218F7FF7B5}.Release|Mixed Platforms.Build.0 = Release|Any CPU
		{C3C62109-6B75-42D3-A9A4-C3218F7FF7B5}.Release|x86.ActiveCfg = Release|Any CPU
		{62F5E780-6D7B-49F4-8D9E-61A51A56CA0A}.Debug|Any CPU.ActiveCfg = Debug|Any CPU
		{62F5E780-6D7B-49F4-8D9E-61A51A56CA0A}.Debug|Any CPU.Build.0 = Debug|Any CPU
		{62F5E780-6D7B-49F4-8D9E-61A51A56CA0A}.Debug|Mixed Platforms.ActiveCfg = Debug|Any CPU
		{62F5E780-6D7B-49F4-8D9E-61A51A56CA0A}.Debug|Mixed Platforms.Build.0 = Debug|Any CPU
		{62F5E780-6D7B-49F4-8D9E-61A51A56CA0A}.Debug|x86.ActiveCfg = Debug|Any CPU
		{62F5E780-6D7B-49F4-8D9E-61A51A56CA0A}.NPOI.Tools|Any CPU.ActiveCfg = Release|Any CPU
		{62F5E780-6D7B-49F4-8D9E-61A51A56CA0A}.NPOI.Tools|Any CPU.Build.0 = Release|Any CPU
		{62F5E780-6D7B-49F4-8D9E-61A51A56CA0A}.NPOI.Tools|Mixed Platforms.ActiveCfg = Release|Any CPU
		{62F5E780-6D7B-49F4-8D9E-61A51A56CA0A}.NPOI.Tools|Mixed Platforms.Build.0 = Release|Any CPU
		{62F5E780-6D7B-49F4-8D9E-61A51A56CA0A}.NPOI.Tools|x86.ActiveCfg = Release|Any CPU
		{62F5E780-6D7B-49F4-8D9E-61A51A56CA0A}.Release|Any CPU.ActiveCfg = Release|Any CPU
		{62F5E780-6D7B-49F4-8D9E-61A51A56CA0A}.Release|Any CPU.Build.0 = Release|Any CPU
		{62F5E780-6D7B-49F4-8D9E-61A51A56CA0A}.Release|Mixed Platforms.ActiveCfg = Release|Any CPU
		{62F5E780-6D7B-49F4-8D9E-61A51A56CA0A}.Release|Mixed Platforms.Build.0 = Release|Any CPU
		{62F5E780-6D7B-49F4-8D9E-61A51A56CA0A}.Release|x86.ActiveCfg = Release|Any CPU
		{83EA8A07-5690-4FA7-A3E3-12026299B1D6}.Debug|Any CPU.ActiveCfg = Debug|Any CPU
		{83EA8A07-5690-4FA7-A3E3-12026299B1D6}.Debug|Any CPU.Build.0 = Debug|Any CPU
		{83EA8A07-5690-4FA7-A3E3-12026299B1D6}.Debug|Mixed Platforms.ActiveCfg = Debug|Any CPU
		{83EA8A07-5690-4FA7-A3E3-12026299B1D6}.Debug|Mixed Platforms.Build.0 = Debug|Any CPU
		{83EA8A07-5690-4FA7-A3E3-12026299B1D6}.Debug|x86.ActiveCfg = Debug|Any CPU
		{83EA8A07-5690-4FA7-A3E3-12026299B1D6}.NPOI.Tools|Any CPU.ActiveCfg = Release|Any CPU
		{83EA8A07-5690-4FA7-A3E3-12026299B1D6}.NPOI.Tools|Any CPU.Build.0 = Release|Any CPU
		{83EA8A07-5690-4FA7-A3E3-12026299B1D6}.NPOI.Tools|Mixed Platforms.ActiveCfg = Release|Any CPU
		{83EA8A07-5690-4FA7-A3E3-12026299B1D6}.NPOI.Tools|Mixed Platforms.Build.0 = Release|Any CPU
		{83EA8A07-5690-4FA7-A3E3-12026299B1D6}.NPOI.Tools|x86.ActiveCfg = Release|Any CPU
		{83EA8A07-5690-4FA7-A3E3-12026299B1D6}.Release|Any CPU.ActiveCfg = Release|Any CPU
		{83EA8A07-5690-4FA7-A3E3-12026299B1D6}.Release|Any CPU.Build.0 = Release|Any CPU
		{83EA8A07-5690-4FA7-A3E3-12026299B1D6}.Release|Mixed Platforms.ActiveCfg = Release|Any CPU
		{83EA8A07-5690-4FA7-A3E3-12026299B1D6}.Release|Mixed Platforms.Build.0 = Release|Any CPU
		{83EA8A07-5690-4FA7-A3E3-12026299B1D6}.Release|x86.ActiveCfg = Release|Any CPU
		{F2811DAC-B7BF-4636-8E9D-FC8C007591AC}.Debug|Any CPU.ActiveCfg = Debug|Any CPU
		{F2811DAC-B7BF-4636-8E9D-FC8C007591AC}.Debug|Any CPU.Build.0 = Debug|Any CPU
		{F2811DAC-B7BF-4636-8E9D-FC8C007591AC}.Debug|Mixed Platforms.ActiveCfg = Debug|Any CPU
		{F2811DAC-B7BF-4636-8E9D-FC8C007591AC}.Debug|Mixed Platforms.Build.0 = Debug|Any CPU
		{F2811DAC-B7BF-4636-8E9D-FC8C007591AC}.Debug|x86.ActiveCfg = Debug|Any CPU
		{F2811DAC-B7BF-4636-8E9D-FC8C007591AC}.NPOI.Tools|Any CPU.ActiveCfg = Release|Any CPU
		{F2811DAC-B7BF-4636-8E9D-FC8C007591AC}.NPOI.Tools|Any CPU.Build.0 = Release|Any CPU
		{F2811DAC-B7BF-4636-8E9D-FC8C007591AC}.NPOI.Tools|Mixed Platforms.ActiveCfg = Release|Any CPU
		{F2811DAC-B7BF-4636-8E9D-FC8C007591AC}.NPOI.Tools|Mixed Platforms.Build.0 = Release|Any CPU
		{F2811DAC-B7BF-4636-8E9D-FC8C007591AC}.NPOI.Tools|x86.ActiveCfg = Release|Any CPU
		{F2811DAC-B7BF-4636-8E9D-FC8C007591AC}.Release|Any CPU.ActiveCfg = Release|Any CPU
		{F2811DAC-B7BF-4636-8E9D-FC8C007591AC}.Release|Any CPU.Build.0 = Release|Any CPU
		{F2811DAC-B7BF-4636-8E9D-FC8C007591AC}.Release|Mixed Platforms.ActiveCfg = Release|Any CPU
		{F2811DAC-B7BF-4636-8E9D-FC8C007591AC}.Release|Mixed Platforms.Build.0 = Release|Any CPU
		{F2811DAC-B7BF-4636-8E9D-FC8C007591AC}.Release|x86.ActiveCfg = Release|Any CPU
	EndGlobalSection
	GlobalSection(SolutionProperties) = preSolution
		HideSolutionNode = FALSE
	EndGlobalSection
	GlobalSection(NestedProjects) = preSolution
		{646A589F-90D3-4AB2-9346-0FC4C097D76A} = {53F9DAC5-B742-4C7D-AEEA-4E308C4CD86F}
		{2EFA16D1-5B04-43E4-B4FC-8CBAF2E30B93} = {53F9DAC5-B742-4C7D-AEEA-4E308C4CD86F}
		{D15333B0-16CE-43C4-98E1-43F772ACFA82} = {53F9DAC5-B742-4C7D-AEEA-4E308C4CD86F}
		{62F5E780-6D7B-49F4-8D9E-61A51A56CA0A} = {53F9DAC5-B742-4C7D-AEEA-4E308C4CD86F}
		{13555BED-2A26-46EF-A2A9-AE205E9130F0} = {A96A4912-DE60-4FAE-A3BC-C40FED1BC457}
		{B4F0A232-A50B-4C61-887D-D59DAD0C21A7} = {A96A4912-DE60-4FAE-A3BC-C40FED1BC457}
		{8557D38A-8C25-4C81-BF74-06A6AE4CBF13} = {A96A4912-DE60-4FAE-A3BC-C40FED1BC457}
		{35A05391-3D69-4BD4-9019-D42F3F9CC4AC} = {A96A4912-DE60-4FAE-A3BC-C40FED1BC457}
		{D018C97E-0762-455E-ABB8-4D5C1762CA3C} = {A96A4912-DE60-4FAE-A3BC-C40FED1BC457}
		{1CDB9859-8E4A-4105-964E-09864EDE9F6A} = {A96A4912-DE60-4FAE-A3BC-C40FED1BC457}
		{A6EFE5CF-BE32-45CB-BBD7-E58607CD9888} = {A96A4912-DE60-4FAE-A3BC-C40FED1BC457}
		{BA9A40F4-EA27-4CFE-94B0-B2A97007D37C} = {A96A4912-DE60-4FAE-A3BC-C40FED1BC457}
		{1F00CC11-B4C9-4061-AC73-4B54DDD55C3F} = {A96A4912-DE60-4FAE-A3BC-C40FED1BC457}
		{064D83E9-B303-4924-888C-37115DB6F94F} = {A96A4912-DE60-4FAE-A3BC-C40FED1BC457}
		{874E25C5-3ECE-4772-90C1-C857AF4C7568} = {A96A4912-DE60-4FAE-A3BC-C40FED1BC457}
		{1AEB7B6E-FCDA-4AC2-9ED5-363D4B22A594} = {A96A4912-DE60-4FAE-A3BC-C40FED1BC457}
		{FAF396EC-1702-4091-A8DC-6C8FD73C5A93} = {A96A4912-DE60-4FAE-A3BC-C40FED1BC457}
		{EBFEB35E-2E99-4AB1-90A9-876D84B42B39} = {A96A4912-DE60-4FAE-A3BC-C40FED1BC457}
		{727632C0-1983-4943-AD09-6347F74BBE85} = {13555BED-2A26-46EF-A2A9-AE205E9130F0}
		{A6787661-E365-4457-9D6E-F5BEE50191A6} = {13555BED-2A26-46EF-A2A9-AE205E9130F0}
		{08AE95F1-1234-4F95-ACCC-DFE0F85AE4B9} = {13555BED-2A26-46EF-A2A9-AE205E9130F0}
		{7F775F9F-4BA0-47BF-B2EE-FEA2A3CC5D00} = {13555BED-2A26-46EF-A2A9-AE205E9130F0}
		{0242FC8A-E605-40D0-A55E-A2A8A80CA564} = {13555BED-2A26-46EF-A2A9-AE205E9130F0}
		{FE443BA3-E3DF-4875-82EB-F21B4E000D51} = {13555BED-2A26-46EF-A2A9-AE205E9130F0}
		{E7C6F936-BBBC-4BB9-8550-0B8D2D9A4EB1} = {13555BED-2A26-46EF-A2A9-AE205E9130F0}
		{4CFCECB9-2871-4CC5-9509-910CBF45A5A2} = {13555BED-2A26-46EF-A2A9-AE205E9130F0}
		{3BC1A9C3-7963-4A0A-A072-F36BA72917AC} = {B4F0A232-A50B-4C61-887D-D59DAD0C21A7}
		{3249C8B8-2C5A-42B6-BDA8-F8B0C2619F71} = {B4F0A232-A50B-4C61-887D-D59DAD0C21A7}
		{C3C62109-6B75-42D3-A9A4-C3218F7FF7B5} = {B4F0A232-A50B-4C61-887D-D59DAD0C21A7}
		{743F3B02-A12E-4D01-8733-129AD48A02CC} = {8557D38A-8C25-4C81-BF74-06A6AE4CBF13}
		{ACEDDD5E-EEFF-4A59-ABB4-F70C58B8E644} = {8557D38A-8C25-4C81-BF74-06A6AE4CBF13}
		{911B580E-30EC-4D43-93DB-C8E6091F6053} = {35A05391-3D69-4BD4-9019-D42F3F9CC4AC}
		{65A0B059-B6FF-47C9-AC7F-275B858AC355} = {35A05391-3D69-4BD4-9019-D42F3F9CC4AC}
		{3C323255-CF44-43FC-BD7B-F170FEB93E6A} = {D018C97E-0762-455E-ABB8-4D5C1762CA3C}
		{68BA3B7C-629D-4FA2-A301-0F9F2A5FC5F2} = {D018C97E-0762-455E-ABB8-4D5C1762CA3C}
		{A2F98C75-FA26-49B5-9F59-E11F80455AE2} = {D018C97E-0762-455E-ABB8-4D5C1762CA3C}
		{8817BC32-9672-4DAF-901D-62FC9C89932B} = {D018C97E-0762-455E-ABB8-4D5C1762CA3C}
		{ED368B57-3AFC-46F2-94C7-B77A5584FCA8} = {D018C97E-0762-455E-ABB8-4D5C1762CA3C}
		{39ACE35B-EE6E-4A08-944F-9961E25667EE} = {D018C97E-0762-455E-ABB8-4D5C1762CA3C}
		{60421AA4-2180-4E6A-BED6-44B8974604F5} = {D018C97E-0762-455E-ABB8-4D5C1762CA3C}
		{21640A19-3428-42E1-A442-D8A6E36DF625} = {D018C97E-0762-455E-ABB8-4D5C1762CA3C}
		{E59F8B89-6E0E-4870-A68B-A7CB11977ABA} = {D018C97E-0762-455E-ABB8-4D5C1762CA3C}
		{0859BAFC-DA05-455F-BA4C-5D240E40BB27} = {D018C97E-0762-455E-ABB8-4D5C1762CA3C}
		{F4C3D91C-93AA-4678-ADAA-8E81B162B54B} = {1CDB9859-8E4A-4105-964E-09864EDE9F6A}
		{E09B35CA-9580-4CCB-9F01-1E2452101834} = {1CDB9859-8E4A-4105-964E-09864EDE9F6A}
		{D9527798-10E9-466B-96A8-6AE42DBE0428} = {1CDB9859-8E4A-4105-964E-09864EDE9F6A}
		{84C3F015-13D1-47DF-A71B-9D535F9E32BA} = {1CDB9859-8E4A-4105-964E-09864EDE9F6A}
		{0915C349-771A-4292-9CDB-C90DB9699B1D} = {1CDB9859-8E4A-4105-964E-09864EDE9F6A}
		{A0A6ACE2-9988-4304-AEC0-1DCE1336C6EB} = {1CDB9859-8E4A-4105-964E-09864EDE9F6A}
		{2B3D1915-6538-4E2A-8739-5423F5BB8718} = {1CDB9859-8E4A-4105-964E-09864EDE9F6A}
		{BB29D536-3C65-496D-9FC0-E54BB31C4AEB} = {A6EFE5CF-BE32-45CB-BBD7-E58607CD9888}
		{A77B2631-7EFD-45AF-BF36-999ABE7D7D36} = {A6EFE5CF-BE32-45CB-BBD7-E58607CD9888}
		{9B188700-1713-4022-92C4-C0E2AA57AA3C} = {BA9A40F4-EA27-4CFE-94B0-B2A97007D37C}
		{1B2891A4-BD05-47E0-96FF-DAE36F220C6E} = {BA9A40F4-EA27-4CFE-94B0-B2A97007D37C}
		{74D83AE1-DE01-4C88-B593-DAC1F37BB6FE} = {BA9A40F4-EA27-4CFE-94B0-B2A97007D37C}
		{D964F8B6-8945-4D31-8036-1E034AA27F7E} = {BA9A40F4-EA27-4CFE-94B0-B2A97007D37C}
		{0183662A-B1B4-4E65-916E-C2FB397B8A3E} = {1F00CC11-B4C9-4061-AC73-4B54DDD55C3F}
		{A2E1D5DA-1E70-48E2-BBDC-5E01882ADC95} = {1F00CC11-B4C9-4061-AC73-4B54DDD55C3F}
		{D668018C-D806-4875-9A49-3E17005B4719} = {1F00CC11-B4C9-4061-AC73-4B54DDD55C3F}
		{0FC26430-9B64-4F42-BA37-9BB9DBBFD9D3} = {1F00CC11-B4C9-4061-AC73-4B54DDD55C3F}
		{3BDA1D83-7189-4B17-AE70-56E1E264EB41} = {1F00CC11-B4C9-4061-AC73-4B54DDD55C3F}
		{C3ABCD53-2168-FE42-7724-15EEBAA47F62} = {1F00CC11-B4C9-4061-AC73-4B54DDD55C3F}
		{A5555027-4EAF-47E7-B5C2-C2595AB22A6A} = {1F00CC11-B4C9-4061-AC73-4B54DDD55C3F}
		{83EA8A07-5690-4FA7-A3E3-12026299B1D6} = {CF6DCA3B-6E22-421D-B6A9-B861C56D6E67}
		{F2811DAC-B7BF-4636-8E9D-FC8C007591AC} = {CF6DCA3B-6E22-421D-B6A9-B861C56D6E67}
	EndGlobalSection
EndGlobal
