
Microsoft Visual Studio Solution File, Format Version 12.00
# Visual Studio Version 16
VisualStudioVersion = 16.0.29613.14
MinimumVisualStudioVersion = 10.0.40219.1
Project("{FAE04EC0-301F-11D3-BF4B-00C04F79EFBC}") = "BusinessPlan", "ss\BusinessPlan\BusinessPlan.csproj", "{74D83AE1-DE01-4C88-B593-DAC1F37BB6FE}"
EndProject
Project("{FAE04EC0-301F-11D3-BF4B-00C04F79EFBC}") = "CalendarDemo", "ss\CalendarDemo\CalendarDemo.csproj", "{D964F8B6-8945-4D31-8036-1E034AA27F7E}"
EndProject
Project("{FAE04EC0-301F-11D3-BF4B-00C04F79EFBC}") = "LoanCalculator", "ss\LoanCalculator\LoanCalculator.csproj", "{1B2891A4-BD05-47E0-96FF-DAE36F220C6E}"
EndProject
Project("{FAE04EC0-301F-11D3-BF4B-00C04F79EFBC}") = "TimeSheetDemo", "ss\TimeSheetDemo\TimeSheetDemo.csproj", "{9B188700-1713-4022-92C4-C0E2AA57AA3C}"
EndProject
Project("{FAE04EC0-301F-11D3-BF4B-00C04F79EFBC}") = "ColorfulMatrixTable", "ss\ColorfulMatrixTable\ColorfulMatrixTable.csproj", "{727632C0-1983-4943-AD09-6347F74BBE85}"
EndProject
Project("{FAE04EC0-301F-11D3-BF4B-00C04F79EFBC}") = "WorkbookFactoryDemo", "ss\WorkbookFactoryDemo\WorkbookFactoryDemo.csproj", "{E5DAEB44-BA83-4F8E-BCF2-0050FC5110AE}"
EndProject
Project("{FAE04EC0-301F-11D3-BF4B-00C04F79EFBC}") = "MonthlySalaryReport", "ss\MonthlySalaryReport\MonthlySalaryReport.csproj", "{AAAED0B0-1797-464C-8DF6-96DEBFB57DE7}"
EndProject
Project("{FAE04EC0-301F-11D3-BF4B-00C04F79EFBC}") = "LinkedDropDownLists", "ss\LinkedDropDownLists\LinkedDropDownLists.csproj", "{A1C0DE12-A626-431F-B2E1-DB4B3A706383}"
EndProject
Project("{FAE04EC0-301F-11D3-BF4B-00C04F79EFBC}") = "MergingCells", "ss\MeringCells\MergingCells.csproj", "{E370B5B7-8679-4FBA-BB7B-EDD035245F03}"
EndProject
Project("{FAE04EC0-301F-11D3-BF4B-00C04F79EFBC}") = "SetCellValues", "ss\SetCellValues\SetCellValues.csproj", "{D49F896A-A2E1-4C28-ACB7-73FB2910626D}"
EndProject
Project("{FAE04EC0-301F-11D3-BF4B-00C04F79EFBC}") = "UseBasicFormula", "ss\UseBasicFormula\UseBasicFormula.csproj", "{874E25C5-3ECE-4772-90C1-C857AF4C7568}"
EndProject
Project("{FAE04EC0-301F-11D3-BF4B-00C04F79EFBC}") = "MultplicationTable", "ss\MultplicationTable\MultplicationTable.csproj", "{0183662A-B1B4-4E65-916E-C2FB397B8A3E}"
EndProject
Global
	GlobalSection(SolutionConfigurationPlatforms) = preSolution
		Debug|Any CPU = Debug|Any CPU
		Debug|x86 = Debug|x86
		Release|Any CPU = Release|Any CPU
		Release|x86 = Release|x86
	EndGlobalSection
	GlobalSection(ProjectConfigurationPlatforms) = postSolution
		{74D83AE1-DE01-4C88-B593-DAC1F37BB6FE}.Debug|Any CPU.ActiveCfg = Debug|x86
		{74D83AE1-DE01-4C88-B593-DAC1F37BB6FE}.Debug|x86.ActiveCfg = Debug|x86
		{74D83AE1-DE01-4C88-B593-DAC1F37BB6FE}.Debug|x86.Build.0 = Debug|x86
		{74D83AE1-DE01-4C88-B593-DAC1F37BB6FE}.Release|Any CPU.ActiveCfg = Release|x86
		{74D83AE1-DE01-4C88-B593-DAC1F37BB6FE}.Release|x86.ActiveCfg = Release|x86
		{74D83AE1-DE01-4C88-B593-DAC1F37BB6FE}.Release|x86.Build.0 = Release|x86
		{D964F8B6-8945-4D31-8036-1E034AA27F7E}.Debug|Any CPU.ActiveCfg = Debug|x86
		{D964F8B6-8945-4D31-8036-1E034AA27F7E}.Debug|x86.ActiveCfg = Debug|x86
		{D964F8B6-8945-4D31-8036-1E034AA27F7E}.Debug|x86.Build.0 = Debug|x86
		{D964F8B6-8945-4D31-8036-1E034AA27F7E}.Release|Any CPU.ActiveCfg = Release|x86
		{D964F8B6-8945-4D31-8036-1E034AA27F7E}.Release|x86.ActiveCfg = Release|x86
		{D964F8B6-8945-4D31-8036-1E034AA27F7E}.Release|x86.Build.0 = Release|x86
		{1B2891A4-BD05-47E0-96FF-DAE36F220C6E}.Debug|Any CPU.ActiveCfg = Debug|Any CPU
		{1B2891A4-BD05-47E0-96FF-DAE36F220C6E}.Debug|Any CPU.Build.0 = Debug|Any CPU
		{1B2891A4-BD05-47E0-96FF-DAE36F220C6E}.Debug|x86.ActiveCfg = Debug|Any CPU
		{1B2891A4-BD05-47E0-96FF-DAE36F220C6E}.Debug|x86.Build.0 = Debug|Any CPU
		{1B2891A4-BD05-47E0-96FF-DAE36F220C6E}.Release|Any CPU.ActiveCfg = Release|Any CPU
		{1B2891A4-BD05-47E0-96FF-DAE36F220C6E}.Release|Any CPU.Build.0 = Release|Any CPU
		{1B2891A4-BD05-47E0-96FF-DAE36F220C6E}.Release|x86.ActiveCfg = Release|Any CPU
		{1B2891A4-BD05-47E0-96FF-DAE36F220C6E}.Release|x86.Build.0 = Release|Any CPU
		{9B188700-1713-4022-92C4-C0E2AA57AA3C}.Debug|Any CPU.ActiveCfg = Debug|Any CPU
		{9B188700-1713-4022-92C4-C0E2AA57AA3C}.Debug|Any CPU.Build.0 = Debug|Any CPU
		{9B188700-1713-4022-92C4-C0E2AA57AA3C}.Debug|x86.ActiveCfg = Debug|Any CPU
		{9B188700-1713-4022-92C4-C0E2AA57AA3C}.Debug|x86.Build.0 = Debug|Any CPU
		{9B188700-1713-4022-92C4-C0E2AA57AA3C}.Release|Any CPU.ActiveCfg = Release|Any CPU
		{9B188700-1713-4022-92C4-C0E2AA57AA3C}.Release|Any CPU.Build.0 = Release|Any CPU
		{9B188700-1713-4022-92C4-C0E2AA57AA3C}.Release|x86.ActiveCfg = Release|Any CPU
		{9B188700-1713-4022-92C4-C0E2AA57AA3C}.Release|x86.Build.0 = Release|Any CPU
		{727632C0-1983-4943-AD09-6347F74BBE85}.Debug|Any CPU.ActiveCfg = Debug|Any CPU
		{727632C0-1983-4943-AD09-6347F74BBE85}.Debug|Any CPU.Build.0 = Debug|Any CPU
		{727632C0-1983-4943-AD09-6347F74BBE85}.Debug|x86.ActiveCfg = Debug|Any CPU
		{727632C0-1983-4943-AD09-6347F74BBE85}.Debug|x86.Build.0 = Debug|Any CPU
		{727632C0-1983-4943-AD09-6347F74BBE85}.Release|Any CPU.ActiveCfg = Release|Any CPU
		{727632C0-1983-4943-AD09-6347F74BBE85}.Release|Any CPU.Build.0 = Release|Any CPU
		{727632C0-1983-4943-AD09-6347F74BBE85}.Release|x86.ActiveCfg = Release|Any CPU
		{727632C0-1983-4943-AD09-6347F74BBE85}.Release|x86.Build.0 = Release|Any CPU
		{E5DAEB44-BA83-4F8E-BCF2-0050FC5110AE}.Debug|Any CPU.ActiveCfg = Debug|Any CPU
		{E5DAEB44-BA83-4F8E-BCF2-0050FC5110AE}.Debug|Any CPU.Build.0 = Debug|Any CPU
		{E5DAEB44-BA83-4F8E-BCF2-0050FC5110AE}.Debug|x86.ActiveCfg = Debug|Any CPU
		{E5DAEB44-BA83-4F8E-BCF2-0050FC5110AE}.Debug|x86.Build.0 = Debug|Any CPU
		{E5DAEB44-BA83-4F8E-BCF2-0050FC5110AE}.Release|Any CPU.ActiveCfg = Release|Any CPU
		{E5DAEB44-BA83-4F8E-BCF2-0050FC5110AE}.Release|Any CPU.Build.0 = Release|Any CPU
		{E5DAEB44-BA83-4F8E-BCF2-0050FC5110AE}.Release|x86.ActiveCfg = Release|Any CPU
		{E5DAEB44-BA83-4F8E-BCF2-0050FC5110AE}.Release|x86.Build.0 = Release|Any CPU
		{AAAED0B0-1797-464C-8DF6-96DEBFB57DE7}.Debug|Any CPU.ActiveCfg = Debug|Any CPU
		{AAAED0B0-1797-464C-8DF6-96DEBFB57DE7}.Debug|Any CPU.Build.0 = Debug|Any CPU
		{AAAED0B0-1797-464C-8DF6-96DEBFB57DE7}.Debug|x86.ActiveCfg = Debug|Any CPU
		{AAAED0B0-1797-464C-8DF6-96DEBFB57DE7}.Debug|x86.Build.0 = Debug|Any CPU
		{AAAED0B0-1797-464C-8DF6-96DEBFB57DE7}.Release|Any CPU.ActiveCfg = Release|Any CPU
		{AAAED0B0-1797-464C-8DF6-96DEBFB57DE7}.Release|Any CPU.Build.0 = Release|Any CPU
		{AAAED0B0-1797-464C-8DF6-96DEBFB57DE7}.Release|x86.ActiveCfg = Release|Any CPU
		{AAAED0B0-1797-464C-8DF6-96DEBFB57DE7}.Release|x86.Build.0 = Release|Any CPU
		{A1C0DE12-A626-431F-B2E1-DB4B3A706383}.Debug|Any CPU.ActiveCfg = Debug|Any CPU
		{A1C0DE12-A626-431F-B2E1-DB4B3A706383}.Debug|Any CPU.Build.0 = Debug|Any CPU
		{A1C0DE12-A626-431F-B2E1-DB4B3A706383}.Debug|x86.ActiveCfg = Debug|Any CPU
		{A1C0DE12-A626-431F-B2E1-DB4B3A706383}.Debug|x86.Build.0 = Debug|Any CPU
		{A1C0DE12-A626-431F-B2E1-DB4B3A706383}.Release|Any CPU.ActiveCfg = Release|Any CPU
		{A1C0DE12-A626-431F-B2E1-DB4B3A706383}.Release|Any CPU.Build.0 = Release|Any CPU
		{A1C0DE12-A626-431F-B2E1-DB4B3A706383}.Release|x86.ActiveCfg = Release|Any CPU
		{A1C0DE12-A626-431F-B2E1-DB4B3A706383}.Release|x86.Build.0 = Release|Any CPU
		{E370B5B7-8679-4FBA-BB7B-EDD035245F03}.Debug|Any CPU.ActiveCfg = Debug|x86
		{E370B5B7-8679-4FBA-BB7B-EDD035245F03}.Debug|x86.ActiveCfg = Debug|x86
		{E370B5B7-8679-4FBA-BB7B-EDD035245F03}.Debug|x86.Build.0 = Debug|x86
		{E370B5B7-8679-4FBA-BB7B-EDD035245F03}.Release|Any CPU.ActiveCfg = Release|x86
		{E370B5B7-8679-4FBA-BB7B-EDD035245F03}.Release|x86.ActiveCfg = Release|x86
		{E370B5B7-8679-4FBA-BB7B-EDD035245F03}.Release|x86.Build.0 = Release|x86
		{D49F896A-A2E1-4C28-ACB7-73FB2910626D}.Debug|Any CPU.ActiveCfg = Debug|x86
		{D49F896A-A2E1-4C28-ACB7-73FB2910626D}.Debug|x86.ActiveCfg = Debug|x86
		{D49F896A-A2E1-4C28-ACB7-73FB2910626D}.Debug|x86.Build.0 = Debug|x86
		{D49F896A-A2E1-4C28-ACB7-73FB2910626D}.Release|Any CPU.ActiveCfg = Release|x86
		{D49F896A-A2E1-4C28-ACB7-73FB2910626D}.Release|x86.ActiveCfg = Release|x86
		{D49F896A-A2E1-4C28-ACB7-73FB2910626D}.Release|x86.Build.0 = Release|x86
		{874E25C5-3ECE-4772-90C1-C857AF4C7568}.Debug|Any CPU.ActiveCfg = Debug|Any CPU
		{874E25C5-3ECE-4772-90C1-C857AF4C7568}.Debug|Any CPU.Build.0 = Debug|Any CPU
		{874E25C5-3ECE-4772-90C1-C857AF4C7568}.Debug|x86.ActiveCfg = Debug|Any CPU
		{874E25C5-3ECE-4772-90C1-C857AF4C7568}.Debug|x86.Build.0 = Debug|Any CPU
		{874E25C5-3ECE-4772-90C1-C857AF4C7568}.Release|Any CPU.ActiveCfg = Release|Any CPU
		{874E25C5-3ECE-4772-90C1-C857AF4C7568}.Release|Any CPU.Build.0 = Release|Any CPU
		{874E25C5-3ECE-4772-90C1-C857AF4C7568}.Release|x86.ActiveCfg = Release|Any CPU
		{874E25C5-3ECE-4772-90C1-C857AF4C7568}.Release|x86.Build.0 = Release|Any CPU
		{0183662A-B1B4-4E65-916E-C2FB397B8A3E}.Debug|Any CPU.ActiveCfg = Debug|Any CPU
		{0183662A-B1B4-4E65-916E-C2FB397B8A3E}.Debug|Any CPU.Build.0 = Debug|Any CPU
		{0183662A-B1B4-4E65-916E-C2FB397B8A3E}.Debug|x86.ActiveCfg = Debug|Any CPU
		{0183662A-B1B4-4E65-916E-C2FB397B8A3E}.Debug|x86.Build.0 = Debug|Any CPU
		{0183662A-B1B4-4E65-916E-C2FB397B8A3E}.Release|Any CPU.ActiveCfg = Release|Any CPU
		{0183662A-B1B4-4E65-916E-C2FB397B8A3E}.Release|Any CPU.Build.0 = Release|Any CPU
		{0183662A-B1B4-4E65-916E-C2FB397B8A3E}.Release|x86.ActiveCfg = Release|Any CPU
		{0183662A-B1B4-4E65-916E-C2FB397B8A3E}.Release|x86.Build.0 = Release|Any CPU
	EndGlobalSection
	GlobalSection(SolutionProperties) = preSolution
		HideSolutionNode = FALSE
	EndGlobalSection
	GlobalSection(ExtensibilityGlobals) = postSolution
		SolutionGuid = {014B0272-B09D-4F75-9C16-ECEB9C616BCD}
	EndGlobalSection
EndGlobal
