
Microsoft Visual Studio Solution File, Format Version 11.00
# Visual Studio 2010
Project("{FAE04EC0-301F-11D3-BF4B-00C04F79EFBC}") = "CreateEmptyWorkbook", "CreateEmptyWorkbook\CreateEmptyWorkbook.csproj", "{AFBE86E3-EDBE-45B4-8950-8B883102A47F}"
EndProject
Project("{FAE04EC0-301F-11D3-BF4B-00C04F79EFBC}") = "SetCellValuesInXlsx", "SetCellValuesInXlsx\SetCellValuesInXlsx.csproj", "{D49F896A-A2E1-4C28-ACB7-73FB2910626D}"
EndProject
Project("{FAE04EC0-301F-11D3-BF4B-00C04F79EFBC}") = "SetWidthAndHeightInXlsx", "SetWidthAndHeightInXlsx\SetWidthAndHeightInXlsx.csproj", "{D94F543E-F925-44F5-9347-A6DC96D58F17}"
EndProject
Project("{FAE04EC0-301F-11D3-BF4B-00C04F79EFBC}") = "ColorfulMatrix", "ColorfulMatrix\ColorfulMatrix.csproj", "{A3103D4C-7334-4B70-9524-E57105EB5E55}"
EndProject
Project("{FAE04EC0-301F-11D3-BF4B-00C04F79EFBC}") = "FillBackgroundInXlsx", "FillBackgroundInXlsx\FillBackgroundInXlsx.csproj", "{B6485025-FA2D-4BFB-A98A-A7AE95582EE3}"
EndProject
Project("{FAE04EC0-301F-11D3-BF4B-00C04F79EFBC}") = "DataFormatsInXlsx", "DataFormatsInXlsx\DataFormatsInXlsx.csproj", "{4FDDC7EA-AA4C-429B-A579-39C89B522ACF}"
EndProject
Project("{FAE04EC0-301F-11D3-BF4B-00C04F79EFBC}") = "CreateHeaderFooterInXlsx", "CreateHeaderFooterInXlsx\CreateHeaderFooterInXlsx.csproj", "{0E707837-B595-4F19-B3DB-69959A3DC10F}"
EndProject
Project("{FAE04EC0-301F-11D3-BF4B-00C04F79EFBC}") = "SplitAndFreezePanesInXlsx", "SplitAndFreezePanesInXlsx\SplitAndFreezePanesInXlsx.csproj", "{7A0D486D-9BB8-49BE-9DE7-28027B1C5ADA}"
EndProject
Project("{FAE04EC0-301F-11D3-BF4B-00C04F79EFBC}") = "HideColumnAndRowInXlsx", "HideColumnAndRowInXlsx\HideColumnAndRowInXlsx.csproj", "{A99CBC67-2CD6-40BC-8316-E270404385B2}"
EndProject
Project("{FAE04EC0-301F-11D3-BF4B-00C04F79EFBC}") = "BorderStylesInXlsx", "BorderStylesInXlsx\BorderStylesInXlsx.csproj", "{7FEF327E-BD06-4A68-9B7C-60A3FD38152F}"
EndProject
Project("{FAE04EC0-301F-11D3-BF4B-00C04F79EFBC}") = "CreateCommentInXlsx", "CreateCommentInXlsx\CreateCommentInXlsx.csproj", "{AC14631B-A377-4BFE-86DA-FF70EC3B278A}"
EndProject
Project("{FAE04EC0-301F-11D3-BF4B-00C04F79EFBC}") = "ProtectSheetInXlsx", "ProtectSheetInXlsx\ProtectSheetInXlsx.csproj", "{72A01500-36B4-4CAD-9A87-F6D696C9F978}"
EndProject
Project("{FAE04EC0-301F-11D3-BF4B-00C04F79EFBC}") = "InsertPicturesInXlsx", "InsertPicturesInXlsx\InsertPicturesInXlsx.csproj", "{4A81D589-4CE6-474D-AEC9-1AA3ABC2F8B2}"
EndProject
Project("{FAE04EC0-301F-11D3-BF4B-00C04F79EFBC}") = "AddHyperlinkInXlsx", "AddHyperlinkInXlsx\AddHyperlinkInXlsx.csproj", "{36AEA430-A127-4510-BE7B-2F616F67B10F}"
EndProject
Project("{FAE04EC0-301F-11D3-BF4B-00C04F79EFBC}") = "ApplyFontInXlsx", "ApplyFontInXlsx\ApplyFontInXlsx.csproj", "{BFAF8A3E-ACE7-4FBE-8841-F95F6BB55271}"
EndProject
Project("{FAE04EC0-301F-11D3-BF4B-00C04F79EFBC}") = "MeringCellsInXlsx", "MeringCellsInXlsx\MeringCellsInXlsx.csproj", "{E370B5B7-8679-4FBA-BB7B-EDD035245F03}"
EndProject
Project("{FAE04EC0-301F-11D3-BF4B-00C04F79EFBC}") = "PageSetupInXlsx", "PageSetupInXlsx\PageSetupInXlsx.csproj", "{60832BAC-1927-40A9-A9A7-6E9A4FD2CE87}"
EndProject
Global
	GlobalSection(SolutionConfigurationPlatforms) = preSolution
		Debug|x86 = Debug|x86
		Release|x86 = Release|x86
	EndGlobalSection
	GlobalSection(ProjectConfigurationPlatforms) = postSolution
		{AFBE86E3-EDBE-45B4-8950-8B883102A47F}.Debug|x86.ActiveCfg = Debug|x86
		{AFBE86E3-EDBE-45B4-8950-8B883102A47F}.Debug|x86.Build.0 = Debug|x86
		{AFBE86E3-EDBE-45B4-8950-8B883102A47F}.Release|x86.ActiveCfg = Release|x86
		{AFBE86E3-EDBE-45B4-8950-8B883102A47F}.Release|x86.Build.0 = Release|x86
		{D49F896A-A2E1-4C28-ACB7-73FB2910626D}.Debug|x86.ActiveCfg = Debug|x86
		{D49F896A-A2E1-4C28-ACB7-73FB2910626D}.Debug|x86.Build.0 = Debug|x86
		{D49F896A-A2E1-4C28-ACB7-73FB2910626D}.Release|x86.ActiveCfg = Release|x86
		{D49F896A-A2E1-4C28-ACB7-73FB2910626D}.Release|x86.Build.0 = Release|x86
		{D94F543E-F925-44F5-9347-A6DC96D58F17}.Debug|x86.ActiveCfg = Debug|x86
		{D94F543E-F925-44F5-9347-A6DC96D58F17}.Debug|x86.Build.0 = Debug|x86
		{D94F543E-F925-44F5-9347-A6DC96D58F17}.Release|x86.ActiveCfg = Release|x86
		{D94F543E-F925-44F5-9347-A6DC96D58F17}.Release|x86.Build.0 = Release|x86
		{A3103D4C-7334-4B70-9524-E57105EB5E55}.Debug|x86.ActiveCfg = Debug|x86
		{A3103D4C-7334-4B70-9524-E57105EB5E55}.Debug|x86.Build.0 = Debug|x86
		{A3103D4C-7334-4B70-9524-E57105EB5E55}.Release|x86.ActiveCfg = Release|x86
		{A3103D4C-7334-4B70-9524-E57105EB5E55}.Release|x86.Build.0 = Release|x86
		{B6485025-FA2D-4BFB-A98A-A7AE95582EE3}.Debug|x86.ActiveCfg = Debug|x86
		{B6485025-FA2D-4BFB-A98A-A7AE95582EE3}.Debug|x86.Build.0 = Debug|x86
		{B6485025-FA2D-4BFB-A98A-A7AE95582EE3}.Release|x86.ActiveCfg = Release|x86
		{B6485025-FA2D-4BFB-A98A-A7AE95582EE3}.Release|x86.Build.0 = Release|x86
		{4FDDC7EA-AA4C-429B-A579-39C89B522ACF}.Debug|x86.ActiveCfg = Debug|x86
		{4FDDC7EA-AA4C-429B-A579-39C89B522ACF}.Debug|x86.Build.0 = Debug|x86
		{4FDDC7EA-AA4C-429B-A579-39C89B522ACF}.Release|x86.ActiveCfg = Release|x86
		{4FDDC7EA-AA4C-429B-A579-39C89B522ACF}.Release|x86.Build.0 = Release|x86
		{0E707837-B595-4F19-B3DB-69959A3DC10F}.Debug|x86.ActiveCfg = Debug|x86
		{0E707837-B595-4F19-B3DB-69959A3DC10F}.Debug|x86.Build.0 = Debug|x86
		{0E707837-B595-4F19-B3DB-69959A3DC10F}.Release|x86.ActiveCfg = Release|x86
		{0E707837-B595-4F19-B3DB-69959A3DC10F}.Release|x86.Build.0 = Release|x86
		{7A0D486D-9BB8-49BE-9DE7-28027B1C5ADA}.Debug|x86.ActiveCfg = Debug|x86
		{7A0D486D-9BB8-49BE-9DE7-28027B1C5ADA}.Debug|x86.Build.0 = Debug|x86
		{7A0D486D-9BB8-49BE-9DE7-28027B1C5ADA}.Release|x86.ActiveCfg = Release|x86
		{7A0D486D-9BB8-49BE-9DE7-28027B1C5ADA}.Release|x86.Build.0 = Release|x86
		{A99CBC67-2CD6-40BC-8316-E270404385B2}.Debug|x86.ActiveCfg = Debug|x86
		{A99CBC67-2CD6-40BC-8316-E270404385B2}.Debug|x86.Build.0 = Debug|x86
		{A99CBC67-2CD6-40BC-8316-E270404385B2}.Release|x86.ActiveCfg = Release|x86
		{A99CBC67-2CD6-40BC-8316-E270404385B2}.Release|x86.Build.0 = Release|x86
		{7FEF327E-BD06-4A68-9B7C-60A3FD38152F}.Debug|x86.ActiveCfg = Debug|x86
		{7FEF327E-BD06-4A68-9B7C-60A3FD38152F}.Debug|x86.Build.0 = Debug|x86
		{7FEF327E-BD06-4A68-9B7C-60A3FD38152F}.Release|x86.ActiveCfg = Release|x86
		{7FEF327E-BD06-4A68-9B7C-60A3FD38152F}.Release|x86.Build.0 = Release|x86
		{AC14631B-A377-4BFE-86DA-FF70EC3B278A}.Debug|x86.ActiveCfg = Debug|x86
		{AC14631B-A377-4BFE-86DA-FF70EC3B278A}.Debug|x86.Build.0 = Debug|x86
		{AC14631B-A377-4BFE-86DA-FF70EC3B278A}.Release|x86.ActiveCfg = Release|x86
		{AC14631B-A377-4BFE-86DA-FF70EC3B278A}.Release|x86.Build.0 = Release|x86
		{72A01500-36B4-4CAD-9A87-F6D696C9F978}.Debug|x86.ActiveCfg = Debug|x86
		{72A01500-36B4-4CAD-9A87-F6D696C9F978}.Debug|x86.Build.0 = Debug|x86
		{72A01500-36B4-4CAD-9A87-F6D696C9F978}.Release|x86.ActiveCfg = Release|x86
		{72A01500-36B4-4CAD-9A87-F6D696C9F978}.Release|x86.Build.0 = Release|x86
		{4A81D589-4CE6-474D-AEC9-1AA3ABC2F8B2}.Debug|x86.ActiveCfg = Debug|x86
		{4A81D589-4CE6-474D-AEC9-1AA3ABC2F8B2}.Debug|x86.Build.0 = Debug|x86
		{4A81D589-4CE6-474D-AEC9-1AA3ABC2F8B2}.Release|x86.ActiveCfg = Release|x86
		{4A81D589-4CE6-474D-AEC9-1AA3ABC2F8B2}.Release|x86.Build.0 = Release|x86
		{36AEA430-A127-4510-BE7B-2F616F67B10F}.Debug|x86.ActiveCfg = Debug|x86
		{36AEA430-A127-4510-BE7B-2F616F67B10F}.Debug|x86.Build.0 = Debug|x86
		{36AEA430-A127-4510-BE7B-2F616F67B10F}.Release|x86.ActiveCfg = Release|x86
		{36AEA430-A127-4510-BE7B-2F616F67B10F}.Release|x86.Build.0 = Release|x86
		{BFAF8A3E-ACE7-4FBE-8841-F95F6BB55271}.Debug|x86.ActiveCfg = Debug|x86
		{BFAF8A3E-ACE7-4FBE-8841-F95F6BB55271}.Debug|x86.Build.0 = Debug|x86
		{BFAF8A3E-ACE7-4FBE-8841-F95F6BB55271}.Release|x86.ActiveCfg = Release|x86
		{BFAF8A3E-ACE7-4FBE-8841-F95F6BB55271}.Release|x86.Build.0 = Release|x86
		{E370B5B7-8679-4FBA-BB7B-EDD035245F03}.Debug|x86.ActiveCfg = Debug|x86
		{E370B5B7-8679-4FBA-BB7B-EDD035245F03}.Debug|x86.Build.0 = Debug|x86
		{E370B5B7-8679-4FBA-BB7B-EDD035245F03}.Release|x86.ActiveCfg = Release|x86
		{E370B5B7-8679-4FBA-BB7B-EDD035245F03}.Release|x86.Build.0 = Release|x86
		{60832BAC-1927-40A9-A9A7-6E9A4FD2CE87}.Debug|x86.ActiveCfg = Debug|x86
		{60832BAC-1927-40A9-A9A7-6E9A4FD2CE87}.Debug|x86.Build.0 = Debug|x86
		{60832BAC-1927-40A9-A9A7-6E9A4FD2CE87}.Release|x86.ActiveCfg = Release|x86
		{60832BAC-1927-40A9-A9A7-6E9A4FD2CE87}.Release|x86.Build.0 = Release|x86
	EndGlobalSection
	GlobalSection(SolutionProperties) = preSolution
		HideSolutionNode = FALSE
	EndGlobalSection
EndGlobal
