Microsoft Visual Studio Solution File, Format Version 10.00
# Visual Studio 2008
Project("{FAE04EC0-301F-11D3-BF4B-00C04F79EFBC}") = "OpenXml4Net", "..\..\ooxml\openxml4Net\OpenXml4Net.csproj", "{D907A7AD-A67A-4492-A117-594D2168B7B8}"
EndProject
Project("{2150E333-8FDC-42A3-9474-1A3956D46DE8}") = "Solution Items", "Solution Items", "{082CDA7D-B524-40A4-BE1A-D520B57ADB36}"
	ProjectSection(SolutionItems) = preProject
		OpenXml4Net.TestRun.testrunconfig = OpenXml4Net.TestRun.testrunconfig
		OpenXml4Net.vsmdi = OpenXml4Net.vsmdi
	EndProjectSection
EndProject
Project("{FAE04EC0-301F-11D3-BF4B-00C04F79EFBC}") = "OOXML4Net.Testcases", "..\..\testcases\openxml4net\OOXML4Net.Testcases.csproj", "{F5A6FF78-2C51-44E8-9E31-CD1B3EF784E9}"
EndProject
Global
	GlobalSection(TestCaseManagementSettings) = postSolution
		CategoryFile = OpenXml4Net.vsmdi
	EndGlobalSection
	GlobalSection(SolutionConfigurationPlatforms) = preSolution
		Debug|Any CPU = Debug|Any CPU
		Release|Any CPU = Release|Any CPU
	EndGlobalSection
	GlobalSection(ProjectConfigurationPlatforms) = postSolution
		{D907A7AD-A67A-4492-A117-594D2168B7B8}.Debug|Any CPU.ActiveCfg = Debug|Any CPU
		{D907A7AD-A67A-4492-A117-594D2168B7B8}.Debug|Any CPU.Build.0 = Debug|Any CPU
		{D907A7AD-A67A-4492-A117-594D2168B7B8}.Release|Any CPU.ActiveCfg = Release|Any CPU
		{D907A7AD-A67A-4492-A117-594D2168B7B8}.Release|Any CPU.Build.0 = Release|Any CPU
		{F5A6FF78-2C51-44E8-9E31-CD1B3EF784E9}.Debug|Any CPU.ActiveCfg = Debug|Any CPU
		{F5A6FF78-2C51-44E8-9E31-CD1B3EF784E9}.Debug|Any CPU.Build.0 = Debug|Any CPU
		{F5A6FF78-2C51-44E8-9E31-CD1B3EF784E9}.Release|Any CPU.ActiveCfg = Release|Any CPU
		{F5A6FF78-2C51-44E8-9E31-CD1B3EF784E9}.Release|Any CPU.Build.0 = Release|Any CPU
	EndGlobalSection
	GlobalSection(SolutionProperties) = preSolution
		HideSolutionNode = FALSE
	EndGlobalSection
EndGlobal
